<?xml version="1.0" encoding="utf-8"?>
<Project ToolsVersion="17.0" xmlns="http://schemas.microsoft.com/developer/msbuild/2003">
  <ItemGroup>
    <CustomBuild Include="C:\Dev\jaiscape\workbench\external\physx\physx-sys\PhysX\physx\compiler\vc22win64\CMakeFiles\25ee8d85fd7b6bb35ce16ddfb9347bdb\INSTALL_force.rule">
      <Filter>CMake Rules</Filter>
    </CustomBuild>
  </ItemGroup>
  <ItemGroup>
    <Filter Include="CMake Rules">
      <UniqueIdentifier>{30B0A170-7625-371A-BA32-92516E3B70F7}</UniqueIdentifier>
    </Filter>
  </ItemGroup>
</Project>
