<?xml version="1.0" encoding="utf-8"?>
<Project ToolsVersion="17.0" xmlns="http://schemas.microsoft.com/developer/msbuild/2003">
  <ItemGroup>
    <ClCompile Include="C:\Dev\jaiscape\workbench\external\physx\physx-sys\PhysX\physx\snippets\snippetcommon\ClassicMain.cpp">
      <Filter>Source Files</Filter>
    </ClCompile>
    <ClCompile Include="C:\Dev\jaiscape\workbench\external\physx\physx-sys\PhysX\physx\snippets\snippetraycastccd\SnippetRaycastCCD.cpp">
      <Filter>Source Files</Filter>
    </ClCompile>
    <ClCompile Include="C:\Dev\jaiscape\workbench\external\physx\physx-sys\PhysX\physx\snippets\snippetraycastccd\SnippetRaycastCCDRender.cpp">
      <Filter>Source Files</Filter>
    </ClCompile>
  </ItemGroup>
  <ItemGroup>
    <ClInclude Include="C:\Dev\jaiscape\workbench\external\physx\physx-sys\PhysX\physx\snippets\snippetcommon\SnippetPrint.h">
      <Filter>Header Files</Filter>
    </ClInclude>
    <ClInclude Include="C:\Dev\jaiscape\workbench\external\physx\physx-sys\PhysX\physx\snippets\snippetcommon\SnippetPVD.h">
      <Filter>Header Files</Filter>
    </ClInclude>
  </ItemGroup>
  <ItemGroup>
    <CustomBuild Include="C:\Dev\jaiscape\workbench\external\physx\physx-sys\PhysX\physx\snippets\compiler\cmake\CMakeLists.txt" />
  </ItemGroup>
  <ItemGroup>
    <Filter Include="Header Files">
      <UniqueIdentifier>{2137EEF4-E9D7-3F64-A988-8239282E904C}</UniqueIdentifier>
    </Filter>
    <Filter Include="Source Files">
      <UniqueIdentifier>{9455E939-E799-3D75-9704-B8C83262CDE9}</UniqueIdentifier>
    </Filter>
  </ItemGroup>
</Project>
