
Microsoft Visual Studio Solution File, Format Version 12.00
# Visual Studio Version 17
Project("{2150E333-8FDC-42A3-9474-1A3956D46DE8}") = "CMakePredefinedTargets", "CMakePredefinedTargets", "{812398F9-01D1-3E00-BDD3-DF75F344245A}"
EndProject
Project("{2150E333-8FDC-42A3-9474-1A3956D46DE8}") = "PhysX SDK", "PhysX SDK", "{A4C54911-B182-382E-B90B-36BDF6501342}"
EndProject
Project("{2150E333-8FDC-42A3-9474-1A3956D46DE8}") = "Snippets", "Snippets", "{132B3A63-9990-3094-B2DD-76559B8DF8F2}"
EndProject
Project("{8BC9CEB8-8B4A-11D0-8D11-00A0C91BC942}") = "ALL_BUILD", "ALL_BUILD.vcxproj", "{4C582885-3FBF-33E8-B354-C2C58C8B3B42}"
	ProjectSection(ProjectDependencies) = postProject
		{425D34E7-F4CF-39C6-B004-7AE97BEE7FC2} = {425D34E7-F4CF-39C6-B004-7AE97BEE7FC2}
		{14D774DC-D5DC-368A-883B-14DF5A56C097} = {14D774DC-D5DC-368A-883B-14DF5A56C097}
		{CB9544C0-C027-3DA5-BF99-A8C58A67BDE9} = {CB9544C0-C027-3DA5-BF99-A8C58A67BDE9}
		{3FA38728-9404-377B-80DB-049B5070AB17} = {3FA38728-9404-377B-80DB-049B5070AB17}
		{178AA5FB-230A-3564-8B54-9C0803F11F0E} = {178AA5FB-230A-3564-8B54-9C0803F11F0E}
		{98A24E0B-7637-3680-B4BD-B6149EF9029A} = {98A24E0B-7637-3680-B4BD-B6149EF9029A}
		{FD0239BE-766E-3309-B32B-577531E4B96C} = {FD0239BE-766E-3309-B32B-577531E4B96C}
		{83712356-3A40-390B-963A-C00320E1E37D} = {83712356-3A40-390B-963A-C00320E1E37D}
		{96BD998D-1CC5-3B5A-9F34-268348B7ADCE} = {96BD998D-1CC5-3B5A-9F34-268348B7ADCE}
		{0C6EA568-F181-3E6A-9B08-85A053BF33B4} = {0C6EA568-F181-3E6A-9B08-85A053BF33B4}
		{A93DFB54-53A9-3B3F-AAA3-D2B8367B56F0} = {A93DFB54-53A9-3B3F-AAA3-D2B8367B56F0}
		{9D0716FE-8DA0-32C0-941E-69B2E0DA2E8D} = {9D0716FE-8DA0-32C0-941E-69B2E0DA2E8D}
		{C7503E98-25E2-31CF-B91A-EE8FAF6BC659} = {C7503E98-25E2-31CF-B91A-EE8FAF6BC659}
		{E5330F12-A9D0-3E41-AD03-3F5F0ECB6FEB} = {E5330F12-A9D0-3E41-AD03-3F5F0ECB6FEB}
		{12CD8A70-32A3-3132-B8B0-AD7F28A3D6B1} = {12CD8A70-32A3-3132-B8B0-AD7F28A3D6B1}
		{AB2BAA3E-6A72-3B26-898A-0D9E17406D65} = {AB2BAA3E-6A72-3B26-898A-0D9E17406D65}
		{8B250DC8-9A4A-3F99-B58D-D51897B94C30} = {8B250DC8-9A4A-3F99-B58D-D51897B94C30}
		{39B88E87-BCCB-3226-B444-DD67FF6AE862} = {39B88E87-BCCB-3226-B444-DD67FF6AE862}
		{E283E7B9-CC78-3D7A-88E6-EA07E44EF1ED} = {E283E7B9-CC78-3D7A-88E6-EA07E44EF1ED}
		{FC0ACA02-CDF6-3184-A53A-7D1C2615B72E} = {FC0ACA02-CDF6-3184-A53A-7D1C2615B72E}
		{A8875CAF-07E6-3851-8772-D680FAB933D7} = {A8875CAF-07E6-3851-8772-D680FAB933D7}
		{C49BB41C-6CB6-389C-B2BB-DDF0250B0FCB} = {C49BB41C-6CB6-389C-B2BB-DDF0250B0FCB}
		{E3C89421-3EFC-3FE3-8B57-6AE6711B44D1} = {E3C89421-3EFC-3FE3-8B57-6AE6711B44D1}
		{008EFFAB-5347-3DEF-947B-AFA88CA943E2} = {008EFFAB-5347-3DEF-947B-AFA88CA943E2}
		{7B2B51ED-41EC-37B3-8243-EC9EAE0F1B03} = {7B2B51ED-41EC-37B3-8243-EC9EAE0F1B03}
		{32C7B75A-9F1F-343E-9AD2-14F17F347E16} = {32C7B75A-9F1F-343E-9AD2-14F17F347E16}
		{A0BD0FA7-833A-3942-92F6-D8E401415432} = {A0BD0FA7-833A-3942-92F6-D8E401415432}
		{2ECB861C-286D-318D-B89A-3B594A572EEE} = {2ECB861C-286D-318D-B89A-3B594A572EEE}
		{648FE647-BD40-3596-AEA4-65586E370284} = {648FE647-BD40-3596-AEA4-65586E370284}
		{73466747-3F16-39C2-9D75-E85572C3A943} = {73466747-3F16-39C2-9D75-E85572C3A943}
		{96ABAB05-3C13-38C5-8DC5-7223C6CE386C} = {96ABAB05-3C13-38C5-8DC5-7223C6CE386C}
		{88E6998E-6E4C-3357-8FFA-800397FA5CC5} = {88E6998E-6E4C-3357-8FFA-800397FA5CC5}
		{1AA99834-966E-3665-A455-62BEC7361930} = {1AA99834-966E-3665-A455-62BEC7361930}
		{FDFA41D1-FA23-3CC1-A2E1-B2497F82AA31} = {FDFA41D1-FA23-3CC1-A2E1-B2497F82AA31}
		{90EDDA6E-27CE-3574-9054-B68122452944} = {90EDDA6E-27CE-3574-9054-B68122452944}
		{9AE7B666-1257-305B-AC99-6CC9665D0A3B} = {9AE7B666-1257-305B-AC99-6CC9665D0A3B}
		{C5FD0C2B-4F24-3F0E-8AA7-F37904EF3212} = {C5FD0C2B-4F24-3F0E-8AA7-F37904EF3212}
	EndProjectSection
EndProject
Project("{8BC9CEB8-8B4A-11D0-8D11-00A0C91BC942}") = "FastXml", "..\sdk_source_bin\FastXml.vcxproj", "{79EEFA41-6316-3203-9838-7C425066BCF7}"
	ProjectSection(ProjectDependencies) = postProject
		{C5FD0C2B-4F24-3F0E-8AA7-F37904EF3212} = {C5FD0C2B-4F24-3F0E-8AA7-F37904EF3212}
	EndProjectSection
EndProject
Project("{8BC9CEB8-8B4A-11D0-8D11-00A0C91BC942}") = "INSTALL", "INSTALL.vcxproj", "{04D887FF-A4C9-3476-B28B-DB00723268E8}"
	ProjectSection(ProjectDependencies) = postProject
		{4C582885-3FBF-33E8-B354-C2C58C8B3B42} = {4C582885-3FBF-33E8-B354-C2C58C8B3B42}
		{C5FD0C2B-4F24-3F0E-8AA7-F37904EF3212} = {C5FD0C2B-4F24-3F0E-8AA7-F37904EF3212}
	EndProjectSection
EndProject
Project("{8BC9CEB8-8B4A-11D0-8D11-00A0C91BC942}") = "LowLevel", "..\sdk_source_bin\LowLevel.vcxproj", "{843E09B2-CAE2-3C79-B6E6-96BE5592046B}"
	ProjectSection(ProjectDependencies) = postProject
		{C5FD0C2B-4F24-3F0E-8AA7-F37904EF3212} = {C5FD0C2B-4F24-3F0E-8AA7-F37904EF3212}
	EndProjectSection
EndProject
Project("{8BC9CEB8-8B4A-11D0-8D11-00A0C91BC942}") = "LowLevelAABB", "..\sdk_source_bin\LowLevelAABB.vcxproj", "{2E852E29-E590-36DA-9ABC-31CD93AA2175}"
	ProjectSection(ProjectDependencies) = postProject
		{C5FD0C2B-4F24-3F0E-8AA7-F37904EF3212} = {C5FD0C2B-4F24-3F0E-8AA7-F37904EF3212}
	EndProjectSection
EndProject
Project("{8BC9CEB8-8B4A-11D0-8D11-00A0C91BC942}") = "LowLevelDynamics", "..\sdk_source_bin\LowLevelDynamics.vcxproj", "{E16A1F92-64E9-3C48-907B-8FCEB0AB88CB}"
	ProjectSection(ProjectDependencies) = postProject
		{C5FD0C2B-4F24-3F0E-8AA7-F37904EF3212} = {C5FD0C2B-4F24-3F0E-8AA7-F37904EF3212}
	EndProjectSection
EndProject
Project("{8BC9CEB8-8B4A-11D0-8D11-00A0C91BC942}") = "PhysX", "..\sdk_source_bin\PhysX.vcxproj", "{35013183-A876-3E18-8E2E-50611787C2B6}"
	ProjectSection(ProjectDependencies) = postProject
		{843E09B2-CAE2-3C79-B6E6-96BE5592046B} = {843E09B2-CAE2-3C79-B6E6-96BE5592046B}
		{2E852E29-E590-36DA-9ABC-31CD93AA2175} = {2E852E29-E590-36DA-9ABC-31CD93AA2175}
		{E16A1F92-64E9-3C48-907B-8FCEB0AB88CB} = {E16A1F92-64E9-3C48-907B-8FCEB0AB88CB}
		{69793B32-F427-3556-AFD9-E9AA2345DD70} = {69793B32-F427-3556-AFD9-E9AA2345DD70}
		{62DF4F58-4A2D-3E34-9B39-35D9F1B0CC89} = {62DF4F58-4A2D-3E34-9B39-35D9F1B0CC89}
		{30334D28-88D8-3BC1-95CB-5824DBAC0C15} = {30334D28-88D8-3BC1-95CB-5824DBAC0C15}
		{295EFE87-A312-3B2C-8DBA-EAC6D55F2E8B} = {295EFE87-A312-3B2C-8DBA-EAC6D55F2E8B}
		{6FE0D966-4639-3D56-BB8D-1E0626D521FA} = {6FE0D966-4639-3D56-BB8D-1E0626D521FA}
		{14886ECD-1A2C-3A26-9EEA-91190D0AADD3} = {14886ECD-1A2C-3A26-9EEA-91190D0AADD3}
		{C5FD0C2B-4F24-3F0E-8AA7-F37904EF3212} = {C5FD0C2B-4F24-3F0E-8AA7-F37904EF3212}
	EndProjectSection
EndProject
Project("{8BC9CEB8-8B4A-11D0-8D11-00A0C91BC942}") = "PhysXCharacterKinematic", "..\sdk_source_bin\PhysXCharacterKinematic.vcxproj", "{098452BF-253F-3F06-863E-A22FCA84F5F8}"
	ProjectSection(ProjectDependencies) = postProject
		{62DF4F58-4A2D-3E34-9B39-35D9F1B0CC89} = {62DF4F58-4A2D-3E34-9B39-35D9F1B0CC89}
		{C5FD0C2B-4F24-3F0E-8AA7-F37904EF3212} = {C5FD0C2B-4F24-3F0E-8AA7-F37904EF3212}
	EndProjectSection
EndProject
Project("{8BC9CEB8-8B4A-11D0-8D11-00A0C91BC942}") = "PhysXCommon", "..\sdk_source_bin\PhysXCommon.vcxproj", "{69793B32-F427-3556-AFD9-E9AA2345DD70}"
	ProjectSection(ProjectDependencies) = postProject
		{62DF4F58-4A2D-3E34-9B39-35D9F1B0CC89} = {62DF4F58-4A2D-3E34-9B39-35D9F1B0CC89}
		{C5FD0C2B-4F24-3F0E-8AA7-F37904EF3212} = {C5FD0C2B-4F24-3F0E-8AA7-F37904EF3212}
	EndProjectSection
EndProject
Project("{8BC9CEB8-8B4A-11D0-8D11-00A0C91BC942}") = "PhysXCooking", "..\sdk_source_bin\PhysXCooking.vcxproj", "{52D99652-AB20-3334-BF74-704056A294D4}"
	ProjectSection(ProjectDependencies) = postProject
		{69793B32-F427-3556-AFD9-E9AA2345DD70} = {69793B32-F427-3556-AFD9-E9AA2345DD70}
		{62DF4F58-4A2D-3E34-9B39-35D9F1B0CC89} = {62DF4F58-4A2D-3E34-9B39-35D9F1B0CC89}
		{C5FD0C2B-4F24-3F0E-8AA7-F37904EF3212} = {C5FD0C2B-4F24-3F0E-8AA7-F37904EF3212}
	EndProjectSection
EndProject
Project("{8BC9CEB8-8B4A-11D0-8D11-00A0C91BC942}") = "PhysXExtensions", "..\sdk_source_bin\PhysXExtensions.vcxproj", "{A13A999B-4BAF-306D-974E-10626AADB061}"
	ProjectSection(ProjectDependencies) = postProject
		{79EEFA41-6316-3203-9838-7C425066BCF7} = {79EEFA41-6316-3203-9838-7C425066BCF7}
		{35013183-A876-3E18-8E2E-50611787C2B6} = {35013183-A876-3E18-8E2E-50611787C2B6}
		{62DF4F58-4A2D-3E34-9B39-35D9F1B0CC89} = {62DF4F58-4A2D-3E34-9B39-35D9F1B0CC89}
		{30334D28-88D8-3BC1-95CB-5824DBAC0C15} = {30334D28-88D8-3BC1-95CB-5824DBAC0C15}
		{C5FD0C2B-4F24-3F0E-8AA7-F37904EF3212} = {C5FD0C2B-4F24-3F0E-8AA7-F37904EF3212}
	EndProjectSection
EndProject
Project("{8BC9CEB8-8B4A-11D0-8D11-00A0C91BC942}") = "PhysXFoundation", "..\sdk_source_bin\PhysXFoundation.vcxproj", "{62DF4F58-4A2D-3E34-9B39-35D9F1B0CC89}"
	ProjectSection(ProjectDependencies) = postProject
		{C5FD0C2B-4F24-3F0E-8AA7-F37904EF3212} = {C5FD0C2B-4F24-3F0E-8AA7-F37904EF3212}
	EndProjectSection
EndProject
Project("{8BC9CEB8-8B4A-11D0-8D11-00A0C91BC942}") = "PhysXPvdSDK", "..\sdk_source_bin\PhysXPvdSDK.vcxproj", "{30334D28-88D8-3BC1-95CB-5824DBAC0C15}"
	ProjectSection(ProjectDependencies) = postProject
		{62DF4F58-4A2D-3E34-9B39-35D9F1B0CC89} = {62DF4F58-4A2D-3E34-9B39-35D9F1B0CC89}
		{C5FD0C2B-4F24-3F0E-8AA7-F37904EF3212} = {C5FD0C2B-4F24-3F0E-8AA7-F37904EF3212}
	EndProjectSection
EndProject
Project("{8BC9CEB8-8B4A-11D0-8D11-00A0C91BC942}") = "PhysXTask", "..\sdk_source_bin\PhysXTask.vcxproj", "{295EFE87-A312-3B2C-8DBA-EAC6D55F2E8B}"
	ProjectSection(ProjectDependencies) = postProject
		{C5FD0C2B-4F24-3F0E-8AA7-F37904EF3212} = {C5FD0C2B-4F24-3F0E-8AA7-F37904EF3212}
	EndProjectSection
EndProject
Project("{8BC9CEB8-8B4A-11D0-8D11-00A0C91BC942}") = "PhysXVehicle", "..\sdk_source_bin\PhysXVehicle.vcxproj", "{68A1AA57-502D-3B0F-B545-715FE7DEB304}"
	ProjectSection(ProjectDependencies) = postProject
		{62DF4F58-4A2D-3E34-9B39-35D9F1B0CC89} = {62DF4F58-4A2D-3E34-9B39-35D9F1B0CC89}
		{30334D28-88D8-3BC1-95CB-5824DBAC0C15} = {30334D28-88D8-3BC1-95CB-5824DBAC0C15}
		{C5FD0C2B-4F24-3F0E-8AA7-F37904EF3212} = {C5FD0C2B-4F24-3F0E-8AA7-F37904EF3212}
	EndProjectSection
EndProject
Project("{8BC9CEB8-8B4A-11D0-8D11-00A0C91BC942}") = "SceneQuery", "..\sdk_source_bin\SceneQuery.vcxproj", "{6FE0D966-4639-3D56-BB8D-1E0626D521FA}"
	ProjectSection(ProjectDependencies) = postProject
		{C5FD0C2B-4F24-3F0E-8AA7-F37904EF3212} = {C5FD0C2B-4F24-3F0E-8AA7-F37904EF3212}
	EndProjectSection
EndProject
Project("{8BC9CEB8-8B4A-11D0-8D11-00A0C91BC942}") = "SimulationController", "..\sdk_source_bin\SimulationController.vcxproj", "{14886ECD-1A2C-3A26-9EEA-91190D0AADD3}"
	ProjectSection(ProjectDependencies) = postProject
		{C5FD0C2B-4F24-3F0E-8AA7-F37904EF3212} = {C5FD0C2B-4F24-3F0E-8AA7-F37904EF3212}
	EndProjectSection
EndProject
Project("{8BC9CEB8-8B4A-11D0-8D11-00A0C91BC942}") = "SnippetArticulation", "SnippetArticulation.vcxproj", "{425D34E7-F4CF-39C6-B004-7AE97BEE7FC2}"
	ProjectSection(ProjectDependencies) = postProject
		{35013183-A876-3E18-8E2E-50611787C2B6} = {35013183-A876-3E18-8E2E-50611787C2B6}
		{098452BF-253F-3F06-863E-A22FCA84F5F8} = {098452BF-253F-3F06-863E-A22FCA84F5F8}
		{69793B32-F427-3556-AFD9-E9AA2345DD70} = {69793B32-F427-3556-AFD9-E9AA2345DD70}
		{52D99652-AB20-3334-BF74-704056A294D4} = {52D99652-AB20-3334-BF74-704056A294D4}
		{A13A999B-4BAF-306D-974E-10626AADB061} = {A13A999B-4BAF-306D-974E-10626AADB061}
		{62DF4F58-4A2D-3E34-9B39-35D9F1B0CC89} = {62DF4F58-4A2D-3E34-9B39-35D9F1B0CC89}
		{30334D28-88D8-3BC1-95CB-5824DBAC0C15} = {30334D28-88D8-3BC1-95CB-5824DBAC0C15}
		{68A1AA57-502D-3B0F-B545-715FE7DEB304} = {68A1AA57-502D-3B0F-B545-715FE7DEB304}
		{E3C89421-3EFC-3FE3-8B57-6AE6711B44D1} = {E3C89421-3EFC-3FE3-8B57-6AE6711B44D1}
		{73466747-3F16-39C2-9D75-E85572C3A943} = {73466747-3F16-39C2-9D75-E85572C3A943}
		{C5FD0C2B-4F24-3F0E-8AA7-F37904EF3212} = {C5FD0C2B-4F24-3F0E-8AA7-F37904EF3212}
	EndProjectSection
EndProject
Project("{8BC9CEB8-8B4A-11D0-8D11-00A0C91BC942}") = "SnippetBVHStructure", "SnippetBVHStructure.vcxproj", "{14D774DC-D5DC-368A-883B-14DF5A56C097}"
	ProjectSection(ProjectDependencies) = postProject
		{35013183-A876-3E18-8E2E-50611787C2B6} = {35013183-A876-3E18-8E2E-50611787C2B6}
		{098452BF-253F-3F06-863E-A22FCA84F5F8} = {098452BF-253F-3F06-863E-A22FCA84F5F8}
		{69793B32-F427-3556-AFD9-E9AA2345DD70} = {69793B32-F427-3556-AFD9-E9AA2345DD70}
		{52D99652-AB20-3334-BF74-704056A294D4} = {52D99652-AB20-3334-BF74-704056A294D4}
		{A13A999B-4BAF-306D-974E-10626AADB061} = {A13A999B-4BAF-306D-974E-10626AADB061}
		{62DF4F58-4A2D-3E34-9B39-35D9F1B0CC89} = {62DF4F58-4A2D-3E34-9B39-35D9F1B0CC89}
		{30334D28-88D8-3BC1-95CB-5824DBAC0C15} = {30334D28-88D8-3BC1-95CB-5824DBAC0C15}
		{68A1AA57-502D-3B0F-B545-715FE7DEB304} = {68A1AA57-502D-3B0F-B545-715FE7DEB304}
		{E3C89421-3EFC-3FE3-8B57-6AE6711B44D1} = {E3C89421-3EFC-3FE3-8B57-6AE6711B44D1}
		{73466747-3F16-39C2-9D75-E85572C3A943} = {73466747-3F16-39C2-9D75-E85572C3A943}
		{C5FD0C2B-4F24-3F0E-8AA7-F37904EF3212} = {C5FD0C2B-4F24-3F0E-8AA7-F37904EF3212}
	EndProjectSection
EndProject
Project("{8BC9CEB8-8B4A-11D0-8D11-00A0C91BC942}") = "SnippetContactModification", "SnippetContactModification.vcxproj", "{CB9544C0-C027-3DA5-BF99-A8C58A67BDE9}"
	ProjectSection(ProjectDependencies) = postProject
		{35013183-A876-3E18-8E2E-50611787C2B6} = {35013183-A876-3E18-8E2E-50611787C2B6}
		{098452BF-253F-3F06-863E-A22FCA84F5F8} = {098452BF-253F-3F06-863E-A22FCA84F5F8}
		{69793B32-F427-3556-AFD9-E9AA2345DD70} = {69793B32-F427-3556-AFD9-E9AA2345DD70}
		{52D99652-AB20-3334-BF74-704056A294D4} = {52D99652-AB20-3334-BF74-704056A294D4}
		{A13A999B-4BAF-306D-974E-10626AADB061} = {A13A999B-4BAF-306D-974E-10626AADB061}
		{62DF4F58-4A2D-3E34-9B39-35D9F1B0CC89} = {62DF4F58-4A2D-3E34-9B39-35D9F1B0CC89}
		{30334D28-88D8-3BC1-95CB-5824DBAC0C15} = {30334D28-88D8-3BC1-95CB-5824DBAC0C15}
		{68A1AA57-502D-3B0F-B545-715FE7DEB304} = {68A1AA57-502D-3B0F-B545-715FE7DEB304}
		{E3C89421-3EFC-3FE3-8B57-6AE6711B44D1} = {E3C89421-3EFC-3FE3-8B57-6AE6711B44D1}
		{73466747-3F16-39C2-9D75-E85572C3A943} = {73466747-3F16-39C2-9D75-E85572C3A943}
		{C5FD0C2B-4F24-3F0E-8AA7-F37904EF3212} = {C5FD0C2B-4F24-3F0E-8AA7-F37904EF3212}
	EndProjectSection
EndProject
Project("{8BC9CEB8-8B4A-11D0-8D11-00A0C91BC942}") = "SnippetContactReport", "SnippetContactReport.vcxproj", "{3FA38728-9404-377B-80DB-049B5070AB17}"
	ProjectSection(ProjectDependencies) = postProject
		{35013183-A876-3E18-8E2E-50611787C2B6} = {35013183-A876-3E18-8E2E-50611787C2B6}
		{098452BF-253F-3F06-863E-A22FCA84F5F8} = {098452BF-253F-3F06-863E-A22FCA84F5F8}
		{69793B32-F427-3556-AFD9-E9AA2345DD70} = {69793B32-F427-3556-AFD9-E9AA2345DD70}
		{52D99652-AB20-3334-BF74-704056A294D4} = {52D99652-AB20-3334-BF74-704056A294D4}
		{A13A999B-4BAF-306D-974E-10626AADB061} = {A13A999B-4BAF-306D-974E-10626AADB061}
		{62DF4F58-4A2D-3E34-9B39-35D9F1B0CC89} = {62DF4F58-4A2D-3E34-9B39-35D9F1B0CC89}
		{30334D28-88D8-3BC1-95CB-5824DBAC0C15} = {30334D28-88D8-3BC1-95CB-5824DBAC0C15}
		{68A1AA57-502D-3B0F-B545-715FE7DEB304} = {68A1AA57-502D-3B0F-B545-715FE7DEB304}
		{E3C89421-3EFC-3FE3-8B57-6AE6711B44D1} = {E3C89421-3EFC-3FE3-8B57-6AE6711B44D1}
		{73466747-3F16-39C2-9D75-E85572C3A943} = {73466747-3F16-39C2-9D75-E85572C3A943}
		{C5FD0C2B-4F24-3F0E-8AA7-F37904EF3212} = {C5FD0C2B-4F24-3F0E-8AA7-F37904EF3212}
	EndProjectSection
EndProject
Project("{8BC9CEB8-8B4A-11D0-8D11-00A0C91BC942}") = "SnippetContactReportCCD", "SnippetContactReportCCD.vcxproj", "{178AA5FB-230A-3564-8B54-9C0803F11F0E}"
	ProjectSection(ProjectDependencies) = postProject
		{35013183-A876-3E18-8E2E-50611787C2B6} = {35013183-A876-3E18-8E2E-50611787C2B6}
		{098452BF-253F-3F06-863E-A22FCA84F5F8} = {098452BF-253F-3F06-863E-A22FCA84F5F8}
		{69793B32-F427-3556-AFD9-E9AA2345DD70} = {69793B32-F427-3556-AFD9-E9AA2345DD70}
		{52D99652-AB20-3334-BF74-704056A294D4} = {52D99652-AB20-3334-BF74-704056A294D4}
		{A13A999B-4BAF-306D-974E-10626AADB061} = {A13A999B-4BAF-306D-974E-10626AADB061}
		{62DF4F58-4A2D-3E34-9B39-35D9F1B0CC89} = {62DF4F58-4A2D-3E34-9B39-35D9F1B0CC89}
		{30334D28-88D8-3BC1-95CB-5824DBAC0C15} = {30334D28-88D8-3BC1-95CB-5824DBAC0C15}
		{68A1AA57-502D-3B0F-B545-715FE7DEB304} = {68A1AA57-502D-3B0F-B545-715FE7DEB304}
		{E3C89421-3EFC-3FE3-8B57-6AE6711B44D1} = {E3C89421-3EFC-3FE3-8B57-6AE6711B44D1}
		{73466747-3F16-39C2-9D75-E85572C3A943} = {73466747-3F16-39C2-9D75-E85572C3A943}
		{C5FD0C2B-4F24-3F0E-8AA7-F37904EF3212} = {C5FD0C2B-4F24-3F0E-8AA7-F37904EF3212}
	EndProjectSection
EndProject
Project("{8BC9CEB8-8B4A-11D0-8D11-00A0C91BC942}") = "SnippetConvert", "SnippetConvert.vcxproj", "{98A24E0B-7637-3680-B4BD-B6149EF9029A}"
	ProjectSection(ProjectDependencies) = postProject
		{35013183-A876-3E18-8E2E-50611787C2B6} = {35013183-A876-3E18-8E2E-50611787C2B6}
		{098452BF-253F-3F06-863E-A22FCA84F5F8} = {098452BF-253F-3F06-863E-A22FCA84F5F8}
		{69793B32-F427-3556-AFD9-E9AA2345DD70} = {69793B32-F427-3556-AFD9-E9AA2345DD70}
		{52D99652-AB20-3334-BF74-704056A294D4} = {52D99652-AB20-3334-BF74-704056A294D4}
		{A13A999B-4BAF-306D-974E-10626AADB061} = {A13A999B-4BAF-306D-974E-10626AADB061}
		{62DF4F58-4A2D-3E34-9B39-35D9F1B0CC89} = {62DF4F58-4A2D-3E34-9B39-35D9F1B0CC89}
		{30334D28-88D8-3BC1-95CB-5824DBAC0C15} = {30334D28-88D8-3BC1-95CB-5824DBAC0C15}
		{68A1AA57-502D-3B0F-B545-715FE7DEB304} = {68A1AA57-502D-3B0F-B545-715FE7DEB304}
		{E3C89421-3EFC-3FE3-8B57-6AE6711B44D1} = {E3C89421-3EFC-3FE3-8B57-6AE6711B44D1}
		{73466747-3F16-39C2-9D75-E85572C3A943} = {73466747-3F16-39C2-9D75-E85572C3A943}
		{C5FD0C2B-4F24-3F0E-8AA7-F37904EF3212} = {C5FD0C2B-4F24-3F0E-8AA7-F37904EF3212}
	EndProjectSection
EndProject
Project("{8BC9CEB8-8B4A-11D0-8D11-00A0C91BC942}") = "SnippetConvexMeshCreate", "SnippetConvexMeshCreate.vcxproj", "{FD0239BE-766E-3309-B32B-577531E4B96C}"
	ProjectSection(ProjectDependencies) = postProject
		{35013183-A876-3E18-8E2E-50611787C2B6} = {35013183-A876-3E18-8E2E-50611787C2B6}
		{098452BF-253F-3F06-863E-A22FCA84F5F8} = {098452BF-253F-3F06-863E-A22FCA84F5F8}
		{69793B32-F427-3556-AFD9-E9AA2345DD70} = {69793B32-F427-3556-AFD9-E9AA2345DD70}
		{52D99652-AB20-3334-BF74-704056A294D4} = {52D99652-AB20-3334-BF74-704056A294D4}
		{A13A999B-4BAF-306D-974E-10626AADB061} = {A13A999B-4BAF-306D-974E-10626AADB061}
		{62DF4F58-4A2D-3E34-9B39-35D9F1B0CC89} = {62DF4F58-4A2D-3E34-9B39-35D9F1B0CC89}
		{30334D28-88D8-3BC1-95CB-5824DBAC0C15} = {30334D28-88D8-3BC1-95CB-5824DBAC0C15}
		{68A1AA57-502D-3B0F-B545-715FE7DEB304} = {68A1AA57-502D-3B0F-B545-715FE7DEB304}
		{E3C89421-3EFC-3FE3-8B57-6AE6711B44D1} = {E3C89421-3EFC-3FE3-8B57-6AE6711B44D1}
		{73466747-3F16-39C2-9D75-E85572C3A943} = {73466747-3F16-39C2-9D75-E85572C3A943}
		{C5FD0C2B-4F24-3F0E-8AA7-F37904EF3212} = {C5FD0C2B-4F24-3F0E-8AA7-F37904EF3212}
	EndProjectSection
EndProject
Project("{8BC9CEB8-8B4A-11D0-8D11-00A0C91BC942}") = "SnippetCustomJoint", "SnippetCustomJoint.vcxproj", "{83712356-3A40-390B-963A-C00320E1E37D}"
	ProjectSection(ProjectDependencies) = postProject
		{35013183-A876-3E18-8E2E-50611787C2B6} = {35013183-A876-3E18-8E2E-50611787C2B6}
		{098452BF-253F-3F06-863E-A22FCA84F5F8} = {098452BF-253F-3F06-863E-A22FCA84F5F8}
		{69793B32-F427-3556-AFD9-E9AA2345DD70} = {69793B32-F427-3556-AFD9-E9AA2345DD70}
		{52D99652-AB20-3334-BF74-704056A294D4} = {52D99652-AB20-3334-BF74-704056A294D4}
		{A13A999B-4BAF-306D-974E-10626AADB061} = {A13A999B-4BAF-306D-974E-10626AADB061}
		{62DF4F58-4A2D-3E34-9B39-35D9F1B0CC89} = {62DF4F58-4A2D-3E34-9B39-35D9F1B0CC89}
		{30334D28-88D8-3BC1-95CB-5824DBAC0C15} = {30334D28-88D8-3BC1-95CB-5824DBAC0C15}
		{68A1AA57-502D-3B0F-B545-715FE7DEB304} = {68A1AA57-502D-3B0F-B545-715FE7DEB304}
		{E3C89421-3EFC-3FE3-8B57-6AE6711B44D1} = {E3C89421-3EFC-3FE3-8B57-6AE6711B44D1}
		{73466747-3F16-39C2-9D75-E85572C3A943} = {73466747-3F16-39C2-9D75-E85572C3A943}
		{C5FD0C2B-4F24-3F0E-8AA7-F37904EF3212} = {C5FD0C2B-4F24-3F0E-8AA7-F37904EF3212}
	EndProjectSection
EndProject
Project("{8BC9CEB8-8B4A-11D0-8D11-00A0C91BC942}") = "SnippetCustomProfiler", "SnippetCustomProfiler.vcxproj", "{96BD998D-1CC5-3B5A-9F34-268348B7ADCE}"
	ProjectSection(ProjectDependencies) = postProject
		{35013183-A876-3E18-8E2E-50611787C2B6} = {35013183-A876-3E18-8E2E-50611787C2B6}
		{098452BF-253F-3F06-863E-A22FCA84F5F8} = {098452BF-253F-3F06-863E-A22FCA84F5F8}
		{69793B32-F427-3556-AFD9-E9AA2345DD70} = {69793B32-F427-3556-AFD9-E9AA2345DD70}
		{52D99652-AB20-3334-BF74-704056A294D4} = {52D99652-AB20-3334-BF74-704056A294D4}
		{A13A999B-4BAF-306D-974E-10626AADB061} = {A13A999B-4BAF-306D-974E-10626AADB061}
		{62DF4F58-4A2D-3E34-9B39-35D9F1B0CC89} = {62DF4F58-4A2D-3E34-9B39-35D9F1B0CC89}
		{30334D28-88D8-3BC1-95CB-5824DBAC0C15} = {30334D28-88D8-3BC1-95CB-5824DBAC0C15}
		{68A1AA57-502D-3B0F-B545-715FE7DEB304} = {68A1AA57-502D-3B0F-B545-715FE7DEB304}
		{E3C89421-3EFC-3FE3-8B57-6AE6711B44D1} = {E3C89421-3EFC-3FE3-8B57-6AE6711B44D1}
		{73466747-3F16-39C2-9D75-E85572C3A943} = {73466747-3F16-39C2-9D75-E85572C3A943}
		{C5FD0C2B-4F24-3F0E-8AA7-F37904EF3212} = {C5FD0C2B-4F24-3F0E-8AA7-F37904EF3212}
	EndProjectSection
EndProject
Project("{8BC9CEB8-8B4A-11D0-8D11-00A0C91BC942}") = "SnippetDeformableMesh", "SnippetDeformableMesh.vcxproj", "{0C6EA568-F181-3E6A-9B08-85A053BF33B4}"
	ProjectSection(ProjectDependencies) = postProject
		{35013183-A876-3E18-8E2E-50611787C2B6} = {35013183-A876-3E18-8E2E-50611787C2B6}
		{098452BF-253F-3F06-863E-A22FCA84F5F8} = {098452BF-253F-3F06-863E-A22FCA84F5F8}
		{69793B32-F427-3556-AFD9-E9AA2345DD70} = {69793B32-F427-3556-AFD9-E9AA2345DD70}
		{52D99652-AB20-3334-BF74-704056A294D4} = {52D99652-AB20-3334-BF74-704056A294D4}
		{A13A999B-4BAF-306D-974E-10626AADB061} = {A13A999B-4BAF-306D-974E-10626AADB061}
		{62DF4F58-4A2D-3E34-9B39-35D9F1B0CC89} = {62DF4F58-4A2D-3E34-9B39-35D9F1B0CC89}
		{30334D28-88D8-3BC1-95CB-5824DBAC0C15} = {30334D28-88D8-3BC1-95CB-5824DBAC0C15}
		{68A1AA57-502D-3B0F-B545-715FE7DEB304} = {68A1AA57-502D-3B0F-B545-715FE7DEB304}
		{E3C89421-3EFC-3FE3-8B57-6AE6711B44D1} = {E3C89421-3EFC-3FE3-8B57-6AE6711B44D1}
		{73466747-3F16-39C2-9D75-E85572C3A943} = {73466747-3F16-39C2-9D75-E85572C3A943}
		{C5FD0C2B-4F24-3F0E-8AA7-F37904EF3212} = {C5FD0C2B-4F24-3F0E-8AA7-F37904EF3212}
	EndProjectSection
EndProject
Project("{8BC9CEB8-8B4A-11D0-8D11-00A0C91BC942}") = "SnippetDelayLoadHook", "SnippetDelayLoadHook.vcxproj", "{A93DFB54-53A9-3B3F-AAA3-D2B8367B56F0}"
	ProjectSection(ProjectDependencies) = postProject
		{35013183-A876-3E18-8E2E-50611787C2B6} = {35013183-A876-3E18-8E2E-50611787C2B6}
		{098452BF-253F-3F06-863E-A22FCA84F5F8} = {098452BF-253F-3F06-863E-A22FCA84F5F8}
		{69793B32-F427-3556-AFD9-E9AA2345DD70} = {69793B32-F427-3556-AFD9-E9AA2345DD70}
		{52D99652-AB20-3334-BF74-704056A294D4} = {52D99652-AB20-3334-BF74-704056A294D4}
		{A13A999B-4BAF-306D-974E-10626AADB061} = {A13A999B-4BAF-306D-974E-10626AADB061}
		{62DF4F58-4A2D-3E34-9B39-35D9F1B0CC89} = {62DF4F58-4A2D-3E34-9B39-35D9F1B0CC89}
		{30334D28-88D8-3BC1-95CB-5824DBAC0C15} = {30334D28-88D8-3BC1-95CB-5824DBAC0C15}
		{68A1AA57-502D-3B0F-B545-715FE7DEB304} = {68A1AA57-502D-3B0F-B545-715FE7DEB304}
		{E3C89421-3EFC-3FE3-8B57-6AE6711B44D1} = {E3C89421-3EFC-3FE3-8B57-6AE6711B44D1}
		{73466747-3F16-39C2-9D75-E85572C3A943} = {73466747-3F16-39C2-9D75-E85572C3A943}
		{C5FD0C2B-4F24-3F0E-8AA7-F37904EF3212} = {C5FD0C2B-4F24-3F0E-8AA7-F37904EF3212}
	EndProjectSection
EndProject
Project("{8BC9CEB8-8B4A-11D0-8D11-00A0C91BC942}") = "SnippetHelloGRB", "SnippetHelloGRB.vcxproj", "{9D0716FE-8DA0-32C0-941E-69B2E0DA2E8D}"
	ProjectSection(ProjectDependencies) = postProject
		{35013183-A876-3E18-8E2E-50611787C2B6} = {35013183-A876-3E18-8E2E-50611787C2B6}
		{098452BF-253F-3F06-863E-A22FCA84F5F8} = {098452BF-253F-3F06-863E-A22FCA84F5F8}
		{69793B32-F427-3556-AFD9-E9AA2345DD70} = {69793B32-F427-3556-AFD9-E9AA2345DD70}
		{52D99652-AB20-3334-BF74-704056A294D4} = {52D99652-AB20-3334-BF74-704056A294D4}
		{A13A999B-4BAF-306D-974E-10626AADB061} = {A13A999B-4BAF-306D-974E-10626AADB061}
		{62DF4F58-4A2D-3E34-9B39-35D9F1B0CC89} = {62DF4F58-4A2D-3E34-9B39-35D9F1B0CC89}
		{30334D28-88D8-3BC1-95CB-5824DBAC0C15} = {30334D28-88D8-3BC1-95CB-5824DBAC0C15}
		{68A1AA57-502D-3B0F-B545-715FE7DEB304} = {68A1AA57-502D-3B0F-B545-715FE7DEB304}
		{E3C89421-3EFC-3FE3-8B57-6AE6711B44D1} = {E3C89421-3EFC-3FE3-8B57-6AE6711B44D1}
		{73466747-3F16-39C2-9D75-E85572C3A943} = {73466747-3F16-39C2-9D75-E85572C3A943}
		{C5FD0C2B-4F24-3F0E-8AA7-F37904EF3212} = {C5FD0C2B-4F24-3F0E-8AA7-F37904EF3212}
	EndProjectSection
EndProject
Project("{8BC9CEB8-8B4A-11D0-8D11-00A0C91BC942}") = "SnippetHelloWorld", "SnippetHelloWorld.vcxproj", "{C7503E98-25E2-31CF-B91A-EE8FAF6BC659}"
	ProjectSection(ProjectDependencies) = postProject
		{35013183-A876-3E18-8E2E-50611787C2B6} = {35013183-A876-3E18-8E2E-50611787C2B6}
		{098452BF-253F-3F06-863E-A22FCA84F5F8} = {098452BF-253F-3F06-863E-A22FCA84F5F8}
		{69793B32-F427-3556-AFD9-E9AA2345DD70} = {69793B32-F427-3556-AFD9-E9AA2345DD70}
		{52D99652-AB20-3334-BF74-704056A294D4} = {52D99652-AB20-3334-BF74-704056A294D4}
		{A13A999B-4BAF-306D-974E-10626AADB061} = {A13A999B-4BAF-306D-974E-10626AADB061}
		{62DF4F58-4A2D-3E34-9B39-35D9F1B0CC89} = {62DF4F58-4A2D-3E34-9B39-35D9F1B0CC89}
		{30334D28-88D8-3BC1-95CB-5824DBAC0C15} = {30334D28-88D8-3BC1-95CB-5824DBAC0C15}
		{68A1AA57-502D-3B0F-B545-715FE7DEB304} = {68A1AA57-502D-3B0F-B545-715FE7DEB304}
		{E3C89421-3EFC-3FE3-8B57-6AE6711B44D1} = {E3C89421-3EFC-3FE3-8B57-6AE6711B44D1}
		{73466747-3F16-39C2-9D75-E85572C3A943} = {73466747-3F16-39C2-9D75-E85572C3A943}
		{C5FD0C2B-4F24-3F0E-8AA7-F37904EF3212} = {C5FD0C2B-4F24-3F0E-8AA7-F37904EF3212}
	EndProjectSection
EndProject
Project("{8BC9CEB8-8B4A-11D0-8D11-00A0C91BC942}") = "SnippetImmediateArticulation", "SnippetImmediateArticulation.vcxproj", "{E5330F12-A9D0-3E41-AD03-3F5F0ECB6FEB}"
	ProjectSection(ProjectDependencies) = postProject
		{35013183-A876-3E18-8E2E-50611787C2B6} = {35013183-A876-3E18-8E2E-50611787C2B6}
		{098452BF-253F-3F06-863E-A22FCA84F5F8} = {098452BF-253F-3F06-863E-A22FCA84F5F8}
		{69793B32-F427-3556-AFD9-E9AA2345DD70} = {69793B32-F427-3556-AFD9-E9AA2345DD70}
		{52D99652-AB20-3334-BF74-704056A294D4} = {52D99652-AB20-3334-BF74-704056A294D4}
		{A13A999B-4BAF-306D-974E-10626AADB061} = {A13A999B-4BAF-306D-974E-10626AADB061}
		{62DF4F58-4A2D-3E34-9B39-35D9F1B0CC89} = {62DF4F58-4A2D-3E34-9B39-35D9F1B0CC89}
		{30334D28-88D8-3BC1-95CB-5824DBAC0C15} = {30334D28-88D8-3BC1-95CB-5824DBAC0C15}
		{68A1AA57-502D-3B0F-B545-715FE7DEB304} = {68A1AA57-502D-3B0F-B545-715FE7DEB304}
		{E3C89421-3EFC-3FE3-8B57-6AE6711B44D1} = {E3C89421-3EFC-3FE3-8B57-6AE6711B44D1}
		{73466747-3F16-39C2-9D75-E85572C3A943} = {73466747-3F16-39C2-9D75-E85572C3A943}
		{C5FD0C2B-4F24-3F0E-8AA7-F37904EF3212} = {C5FD0C2B-4F24-3F0E-8AA7-F37904EF3212}
	EndProjectSection
EndProject
Project("{8BC9CEB8-8B4A-11D0-8D11-00A0C91BC942}") = "SnippetImmediateMode", "SnippetImmediateMode.vcxproj", "{12CD8A70-32A3-3132-B8B0-AD7F28A3D6B1}"
	ProjectSection(ProjectDependencies) = postProject
		{35013183-A876-3E18-8E2E-50611787C2B6} = {35013183-A876-3E18-8E2E-50611787C2B6}
		{098452BF-253F-3F06-863E-A22FCA84F5F8} = {098452BF-253F-3F06-863E-A22FCA84F5F8}
		{69793B32-F427-3556-AFD9-E9AA2345DD70} = {69793B32-F427-3556-AFD9-E9AA2345DD70}
		{52D99652-AB20-3334-BF74-704056A294D4} = {52D99652-AB20-3334-BF74-704056A294D4}
		{A13A999B-4BAF-306D-974E-10626AADB061} = {A13A999B-4BAF-306D-974E-10626AADB061}
		{62DF4F58-4A2D-3E34-9B39-35D9F1B0CC89} = {62DF4F58-4A2D-3E34-9B39-35D9F1B0CC89}
		{30334D28-88D8-3BC1-95CB-5824DBAC0C15} = {30334D28-88D8-3BC1-95CB-5824DBAC0C15}
		{68A1AA57-502D-3B0F-B545-715FE7DEB304} = {68A1AA57-502D-3B0F-B545-715FE7DEB304}
		{E3C89421-3EFC-3FE3-8B57-6AE6711B44D1} = {E3C89421-3EFC-3FE3-8B57-6AE6711B44D1}
		{73466747-3F16-39C2-9D75-E85572C3A943} = {73466747-3F16-39C2-9D75-E85572C3A943}
		{C5FD0C2B-4F24-3F0E-8AA7-F37904EF3212} = {C5FD0C2B-4F24-3F0E-8AA7-F37904EF3212}
	EndProjectSection
EndProject
Project("{8BC9CEB8-8B4A-11D0-8D11-00A0C91BC942}") = "SnippetJoint", "SnippetJoint.vcxproj", "{AB2BAA3E-6A72-3B26-898A-0D9E17406D65}"
	ProjectSection(ProjectDependencies) = postProject
		{35013183-A876-3E18-8E2E-50611787C2B6} = {35013183-A876-3E18-8E2E-50611787C2B6}
		{098452BF-253F-3F06-863E-A22FCA84F5F8} = {098452BF-253F-3F06-863E-A22FCA84F5F8}
		{69793B32-F427-3556-AFD9-E9AA2345DD70} = {69793B32-F427-3556-AFD9-E9AA2345DD70}
		{52D99652-AB20-3334-BF74-704056A294D4} = {52D99652-AB20-3334-BF74-704056A294D4}
		{A13A999B-4BAF-306D-974E-10626AADB061} = {A13A999B-4BAF-306D-974E-10626AADB061}
		{62DF4F58-4A2D-3E34-9B39-35D9F1B0CC89} = {62DF4F58-4A2D-3E34-9B39-35D9F1B0CC89}
		{30334D28-88D8-3BC1-95CB-5824DBAC0C15} = {30334D28-88D8-3BC1-95CB-5824DBAC0C15}
		{68A1AA57-502D-3B0F-B545-715FE7DEB304} = {68A1AA57-502D-3B0F-B545-715FE7DEB304}
		{E3C89421-3EFC-3FE3-8B57-6AE6711B44D1} = {E3C89421-3EFC-3FE3-8B57-6AE6711B44D1}
		{73466747-3F16-39C2-9D75-E85572C3A943} = {73466747-3F16-39C2-9D75-E85572C3A943}
		{C5FD0C2B-4F24-3F0E-8AA7-F37904EF3212} = {C5FD0C2B-4F24-3F0E-8AA7-F37904EF3212}
	EndProjectSection
EndProject
Project("{8BC9CEB8-8B4A-11D0-8D11-00A0C91BC942}") = "SnippetLoadCollection", "SnippetLoadCollection.vcxproj", "{8B250DC8-9A4A-3F99-B58D-D51897B94C30}"
	ProjectSection(ProjectDependencies) = postProject
		{35013183-A876-3E18-8E2E-50611787C2B6} = {35013183-A876-3E18-8E2E-50611787C2B6}
		{098452BF-253F-3F06-863E-A22FCA84F5F8} = {098452BF-253F-3F06-863E-A22FCA84F5F8}
		{69793B32-F427-3556-AFD9-E9AA2345DD70} = {69793B32-F427-3556-AFD9-E9AA2345DD70}
		{52D99652-AB20-3334-BF74-704056A294D4} = {52D99652-AB20-3334-BF74-704056A294D4}
		{A13A999B-4BAF-306D-974E-10626AADB061} = {A13A999B-4BAF-306D-974E-10626AADB061}
		{62DF4F58-4A2D-3E34-9B39-35D9F1B0CC89} = {62DF4F58-4A2D-3E34-9B39-35D9F1B0CC89}
		{30334D28-88D8-3BC1-95CB-5824DBAC0C15} = {30334D28-88D8-3BC1-95CB-5824DBAC0C15}
		{68A1AA57-502D-3B0F-B545-715FE7DEB304} = {68A1AA57-502D-3B0F-B545-715FE7DEB304}
		{E3C89421-3EFC-3FE3-8B57-6AE6711B44D1} = {E3C89421-3EFC-3FE3-8B57-6AE6711B44D1}
		{73466747-3F16-39C2-9D75-E85572C3A943} = {73466747-3F16-39C2-9D75-E85572C3A943}
		{C5FD0C2B-4F24-3F0E-8AA7-F37904EF3212} = {C5FD0C2B-4F24-3F0E-8AA7-F37904EF3212}
	EndProjectSection
EndProject
Project("{8BC9CEB8-8B4A-11D0-8D11-00A0C91BC942}") = "SnippetMBP", "SnippetMBP.vcxproj", "{39B88E87-BCCB-3226-B444-DD67FF6AE862}"
	ProjectSection(ProjectDependencies) = postProject
		{35013183-A876-3E18-8E2E-50611787C2B6} = {35013183-A876-3E18-8E2E-50611787C2B6}
		{098452BF-253F-3F06-863E-A22FCA84F5F8} = {098452BF-253F-3F06-863E-A22FCA84F5F8}
		{69793B32-F427-3556-AFD9-E9AA2345DD70} = {69793B32-F427-3556-AFD9-E9AA2345DD70}
		{52D99652-AB20-3334-BF74-704056A294D4} = {52D99652-AB20-3334-BF74-704056A294D4}
		{A13A999B-4BAF-306D-974E-10626AADB061} = {A13A999B-4BAF-306D-974E-10626AADB061}
		{62DF4F58-4A2D-3E34-9B39-35D9F1B0CC89} = {62DF4F58-4A2D-3E34-9B39-35D9F1B0CC89}
		{30334D28-88D8-3BC1-95CB-5824DBAC0C15} = {30334D28-88D8-3BC1-95CB-5824DBAC0C15}
		{68A1AA57-502D-3B0F-B545-715FE7DEB304} = {68A1AA57-502D-3B0F-B545-715FE7DEB304}
		{E3C89421-3EFC-3FE3-8B57-6AE6711B44D1} = {E3C89421-3EFC-3FE3-8B57-6AE6711B44D1}
		{73466747-3F16-39C2-9D75-E85572C3A943} = {73466747-3F16-39C2-9D75-E85572C3A943}
		{C5FD0C2B-4F24-3F0E-8AA7-F37904EF3212} = {C5FD0C2B-4F24-3F0E-8AA7-F37904EF3212}
	EndProjectSection
EndProject
Project("{8BC9CEB8-8B4A-11D0-8D11-00A0C91BC942}") = "SnippetMultiThreading", "SnippetMultiThreading.vcxproj", "{E283E7B9-CC78-3D7A-88E6-EA07E44EF1ED}"
	ProjectSection(ProjectDependencies) = postProject
		{35013183-A876-3E18-8E2E-50611787C2B6} = {35013183-A876-3E18-8E2E-50611787C2B6}
		{098452BF-253F-3F06-863E-A22FCA84F5F8} = {098452BF-253F-3F06-863E-A22FCA84F5F8}
		{69793B32-F427-3556-AFD9-E9AA2345DD70} = {69793B32-F427-3556-AFD9-E9AA2345DD70}
		{52D99652-AB20-3334-BF74-704056A294D4} = {52D99652-AB20-3334-BF74-704056A294D4}
		{A13A999B-4BAF-306D-974E-10626AADB061} = {A13A999B-4BAF-306D-974E-10626AADB061}
		{62DF4F58-4A2D-3E34-9B39-35D9F1B0CC89} = {62DF4F58-4A2D-3E34-9B39-35D9F1B0CC89}
		{30334D28-88D8-3BC1-95CB-5824DBAC0C15} = {30334D28-88D8-3BC1-95CB-5824DBAC0C15}
		{68A1AA57-502D-3B0F-B545-715FE7DEB304} = {68A1AA57-502D-3B0F-B545-715FE7DEB304}
		{E3C89421-3EFC-3FE3-8B57-6AE6711B44D1} = {E3C89421-3EFC-3FE3-8B57-6AE6711B44D1}
		{73466747-3F16-39C2-9D75-E85572C3A943} = {73466747-3F16-39C2-9D75-E85572C3A943}
		{C5FD0C2B-4F24-3F0E-8AA7-F37904EF3212} = {C5FD0C2B-4F24-3F0E-8AA7-F37904EF3212}
	EndProjectSection
EndProject
Project("{8BC9CEB8-8B4A-11D0-8D11-00A0C91BC942}") = "SnippetNestedScene", "SnippetNestedScene.vcxproj", "{FC0ACA02-CDF6-3184-A53A-7D1C2615B72E}"
	ProjectSection(ProjectDependencies) = postProject
		{35013183-A876-3E18-8E2E-50611787C2B6} = {35013183-A876-3E18-8E2E-50611787C2B6}
		{098452BF-253F-3F06-863E-A22FCA84F5F8} = {098452BF-253F-3F06-863E-A22FCA84F5F8}
		{69793B32-F427-3556-AFD9-E9AA2345DD70} = {69793B32-F427-3556-AFD9-E9AA2345DD70}
		{52D99652-AB20-3334-BF74-704056A294D4} = {52D99652-AB20-3334-BF74-704056A294D4}
		{A13A999B-4BAF-306D-974E-10626AADB061} = {A13A999B-4BAF-306D-974E-10626AADB061}
		{62DF4F58-4A2D-3E34-9B39-35D9F1B0CC89} = {62DF4F58-4A2D-3E34-9B39-35D9F1B0CC89}
		{30334D28-88D8-3BC1-95CB-5824DBAC0C15} = {30334D28-88D8-3BC1-95CB-5824DBAC0C15}
		{295EFE87-A312-3B2C-8DBA-EAC6D55F2E8B} = {295EFE87-A312-3B2C-8DBA-EAC6D55F2E8B}
		{68A1AA57-502D-3B0F-B545-715FE7DEB304} = {68A1AA57-502D-3B0F-B545-715FE7DEB304}
		{E3C89421-3EFC-3FE3-8B57-6AE6711B44D1} = {E3C89421-3EFC-3FE3-8B57-6AE6711B44D1}
		{73466747-3F16-39C2-9D75-E85572C3A943} = {73466747-3F16-39C2-9D75-E85572C3A943}
		{C5FD0C2B-4F24-3F0E-8AA7-F37904EF3212} = {C5FD0C2B-4F24-3F0E-8AA7-F37904EF3212}
	EndProjectSection
EndProject
Project("{8BC9CEB8-8B4A-11D0-8D11-00A0C91BC942}") = "SnippetPrunerSerialization", "SnippetPrunerSerialization.vcxproj", "{A8875CAF-07E6-3851-8772-D680FAB933D7}"
	ProjectSection(ProjectDependencies) = postProject
		{35013183-A876-3E18-8E2E-50611787C2B6} = {35013183-A876-3E18-8E2E-50611787C2B6}
		{098452BF-253F-3F06-863E-A22FCA84F5F8} = {098452BF-253F-3F06-863E-A22FCA84F5F8}
		{69793B32-F427-3556-AFD9-E9AA2345DD70} = {69793B32-F427-3556-AFD9-E9AA2345DD70}
		{52D99652-AB20-3334-BF74-704056A294D4} = {52D99652-AB20-3334-BF74-704056A294D4}
		{A13A999B-4BAF-306D-974E-10626AADB061} = {A13A999B-4BAF-306D-974E-10626AADB061}
		{62DF4F58-4A2D-3E34-9B39-35D9F1B0CC89} = {62DF4F58-4A2D-3E34-9B39-35D9F1B0CC89}
		{30334D28-88D8-3BC1-95CB-5824DBAC0C15} = {30334D28-88D8-3BC1-95CB-5824DBAC0C15}
		{68A1AA57-502D-3B0F-B545-715FE7DEB304} = {68A1AA57-502D-3B0F-B545-715FE7DEB304}
		{E3C89421-3EFC-3FE3-8B57-6AE6711B44D1} = {E3C89421-3EFC-3FE3-8B57-6AE6711B44D1}
		{73466747-3F16-39C2-9D75-E85572C3A943} = {73466747-3F16-39C2-9D75-E85572C3A943}
		{C5FD0C2B-4F24-3F0E-8AA7-F37904EF3212} = {C5FD0C2B-4F24-3F0E-8AA7-F37904EF3212}
	EndProjectSection
EndProject
Project("{8BC9CEB8-8B4A-11D0-8D11-00A0C91BC942}") = "SnippetRaycastCCD", "SnippetRaycastCCD.vcxproj", "{C49BB41C-6CB6-389C-B2BB-DDF0250B0FCB}"
	ProjectSection(ProjectDependencies) = postProject
		{35013183-A876-3E18-8E2E-50611787C2B6} = {35013183-A876-3E18-8E2E-50611787C2B6}
		{098452BF-253F-3F06-863E-A22FCA84F5F8} = {098452BF-253F-3F06-863E-A22FCA84F5F8}
		{69793B32-F427-3556-AFD9-E9AA2345DD70} = {69793B32-F427-3556-AFD9-E9AA2345DD70}
		{52D99652-AB20-3334-BF74-704056A294D4} = {52D99652-AB20-3334-BF74-704056A294D4}
		{A13A999B-4BAF-306D-974E-10626AADB061} = {A13A999B-4BAF-306D-974E-10626AADB061}
		{62DF4F58-4A2D-3E34-9B39-35D9F1B0CC89} = {62DF4F58-4A2D-3E34-9B39-35D9F1B0CC89}
		{30334D28-88D8-3BC1-95CB-5824DBAC0C15} = {30334D28-88D8-3BC1-95CB-5824DBAC0C15}
		{68A1AA57-502D-3B0F-B545-715FE7DEB304} = {68A1AA57-502D-3B0F-B545-715FE7DEB304}
		{E3C89421-3EFC-3FE3-8B57-6AE6711B44D1} = {E3C89421-3EFC-3FE3-8B57-6AE6711B44D1}
		{73466747-3F16-39C2-9D75-E85572C3A943} = {73466747-3F16-39C2-9D75-E85572C3A943}
		{C5FD0C2B-4F24-3F0E-8AA7-F37904EF3212} = {C5FD0C2B-4F24-3F0E-8AA7-F37904EF3212}
	EndProjectSection
EndProject
Project("{8BC9CEB8-8B4A-11D0-8D11-00A0C91BC942}") = "SnippetRender", "SnippetRender.vcxproj", "{E3C89421-3EFC-3FE3-8B57-6AE6711B44D1}"
	ProjectSection(ProjectDependencies) = postProject
		{62DF4F58-4A2D-3E34-9B39-35D9F1B0CC89} = {62DF4F58-4A2D-3E34-9B39-35D9F1B0CC89}
		{C5FD0C2B-4F24-3F0E-8AA7-F37904EF3212} = {C5FD0C2B-4F24-3F0E-8AA7-F37904EF3212}
	EndProjectSection
EndProject
Project("{8BC9CEB8-8B4A-11D0-8D11-00A0C91BC942}") = "SnippetSerialization", "SnippetSerialization.vcxproj", "{008EFFAB-5347-3DEF-947B-AFA88CA943E2}"
	ProjectSection(ProjectDependencies) = postProject
		{35013183-A876-3E18-8E2E-50611787C2B6} = {35013183-A876-3E18-8E2E-50611787C2B6}
		{098452BF-253F-3F06-863E-A22FCA84F5F8} = {098452BF-253F-3F06-863E-A22FCA84F5F8}
		{69793B32-F427-3556-AFD9-E9AA2345DD70} = {69793B32-F427-3556-AFD9-E9AA2345DD70}
		{52D99652-AB20-3334-BF74-704056A294D4} = {52D99652-AB20-3334-BF74-704056A294D4}
		{A13A999B-4BAF-306D-974E-10626AADB061} = {A13A999B-4BAF-306D-974E-10626AADB061}
		{62DF4F58-4A2D-3E34-9B39-35D9F1B0CC89} = {62DF4F58-4A2D-3E34-9B39-35D9F1B0CC89}
		{30334D28-88D8-3BC1-95CB-5824DBAC0C15} = {30334D28-88D8-3BC1-95CB-5824DBAC0C15}
		{68A1AA57-502D-3B0F-B545-715FE7DEB304} = {68A1AA57-502D-3B0F-B545-715FE7DEB304}
		{E3C89421-3EFC-3FE3-8B57-6AE6711B44D1} = {E3C89421-3EFC-3FE3-8B57-6AE6711B44D1}
		{73466747-3F16-39C2-9D75-E85572C3A943} = {73466747-3F16-39C2-9D75-E85572C3A943}
		{C5FD0C2B-4F24-3F0E-8AA7-F37904EF3212} = {C5FD0C2B-4F24-3F0E-8AA7-F37904EF3212}
	EndProjectSection
EndProject
Project("{8BC9CEB8-8B4A-11D0-8D11-00A0C91BC942}") = "SnippetSplitFetchResults", "SnippetSplitFetchResults.vcxproj", "{7B2B51ED-41EC-37B3-8243-EC9EAE0F1B03}"
	ProjectSection(ProjectDependencies) = postProject
		{35013183-A876-3E18-8E2E-50611787C2B6} = {35013183-A876-3E18-8E2E-50611787C2B6}
		{098452BF-253F-3F06-863E-A22FCA84F5F8} = {098452BF-253F-3F06-863E-A22FCA84F5F8}
		{69793B32-F427-3556-AFD9-E9AA2345DD70} = {69793B32-F427-3556-AFD9-E9AA2345DD70}
		{52D99652-AB20-3334-BF74-704056A294D4} = {52D99652-AB20-3334-BF74-704056A294D4}
		{A13A999B-4BAF-306D-974E-10626AADB061} = {A13A999B-4BAF-306D-974E-10626AADB061}
		{62DF4F58-4A2D-3E34-9B39-35D9F1B0CC89} = {62DF4F58-4A2D-3E34-9B39-35D9F1B0CC89}
		{30334D28-88D8-3BC1-95CB-5824DBAC0C15} = {30334D28-88D8-3BC1-95CB-5824DBAC0C15}
		{68A1AA57-502D-3B0F-B545-715FE7DEB304} = {68A1AA57-502D-3B0F-B545-715FE7DEB304}
		{E3C89421-3EFC-3FE3-8B57-6AE6711B44D1} = {E3C89421-3EFC-3FE3-8B57-6AE6711B44D1}
		{73466747-3F16-39C2-9D75-E85572C3A943} = {73466747-3F16-39C2-9D75-E85572C3A943}
		{C5FD0C2B-4F24-3F0E-8AA7-F37904EF3212} = {C5FD0C2B-4F24-3F0E-8AA7-F37904EF3212}
	EndProjectSection
EndProject
Project("{8BC9CEB8-8B4A-11D0-8D11-00A0C91BC942}") = "SnippetSplitSim", "SnippetSplitSim.vcxproj", "{32C7B75A-9F1F-343E-9AD2-14F17F347E16}"
	ProjectSection(ProjectDependencies) = postProject
		{35013183-A876-3E18-8E2E-50611787C2B6} = {35013183-A876-3E18-8E2E-50611787C2B6}
		{098452BF-253F-3F06-863E-A22FCA84F5F8} = {098452BF-253F-3F06-863E-A22FCA84F5F8}
		{69793B32-F427-3556-AFD9-E9AA2345DD70} = {69793B32-F427-3556-AFD9-E9AA2345DD70}
		{52D99652-AB20-3334-BF74-704056A294D4} = {52D99652-AB20-3334-BF74-704056A294D4}
		{A13A999B-4BAF-306D-974E-10626AADB061} = {A13A999B-4BAF-306D-974E-10626AADB061}
		{62DF4F58-4A2D-3E34-9B39-35D9F1B0CC89} = {62DF4F58-4A2D-3E34-9B39-35D9F1B0CC89}
		{30334D28-88D8-3BC1-95CB-5824DBAC0C15} = {30334D28-88D8-3BC1-95CB-5824DBAC0C15}
		{68A1AA57-502D-3B0F-B545-715FE7DEB304} = {68A1AA57-502D-3B0F-B545-715FE7DEB304}
		{E3C89421-3EFC-3FE3-8B57-6AE6711B44D1} = {E3C89421-3EFC-3FE3-8B57-6AE6711B44D1}
		{73466747-3F16-39C2-9D75-E85572C3A943} = {73466747-3F16-39C2-9D75-E85572C3A943}
		{C5FD0C2B-4F24-3F0E-8AA7-F37904EF3212} = {C5FD0C2B-4F24-3F0E-8AA7-F37904EF3212}
	EndProjectSection
EndProject
Project("{8BC9CEB8-8B4A-11D0-8D11-00A0C91BC942}") = "SnippetStepper", "SnippetStepper.vcxproj", "{A0BD0FA7-833A-3942-92F6-D8E401415432}"
	ProjectSection(ProjectDependencies) = postProject
		{35013183-A876-3E18-8E2E-50611787C2B6} = {35013183-A876-3E18-8E2E-50611787C2B6}
		{098452BF-253F-3F06-863E-A22FCA84F5F8} = {098452BF-253F-3F06-863E-A22FCA84F5F8}
		{69793B32-F427-3556-AFD9-E9AA2345DD70} = {69793B32-F427-3556-AFD9-E9AA2345DD70}
		{52D99652-AB20-3334-BF74-704056A294D4} = {52D99652-AB20-3334-BF74-704056A294D4}
		{A13A999B-4BAF-306D-974E-10626AADB061} = {A13A999B-4BAF-306D-974E-10626AADB061}
		{62DF4F58-4A2D-3E34-9B39-35D9F1B0CC89} = {62DF4F58-4A2D-3E34-9B39-35D9F1B0CC89}
		{30334D28-88D8-3BC1-95CB-5824DBAC0C15} = {30334D28-88D8-3BC1-95CB-5824DBAC0C15}
		{68A1AA57-502D-3B0F-B545-715FE7DEB304} = {68A1AA57-502D-3B0F-B545-715FE7DEB304}
		{E3C89421-3EFC-3FE3-8B57-6AE6711B44D1} = {E3C89421-3EFC-3FE3-8B57-6AE6711B44D1}
		{73466747-3F16-39C2-9D75-E85572C3A943} = {73466747-3F16-39C2-9D75-E85572C3A943}
		{C5FD0C2B-4F24-3F0E-8AA7-F37904EF3212} = {C5FD0C2B-4F24-3F0E-8AA7-F37904EF3212}
	EndProjectSection
EndProject
Project("{8BC9CEB8-8B4A-11D0-8D11-00A0C91BC942}") = "SnippetToleranceScale", "SnippetToleranceScale.vcxproj", "{2ECB861C-286D-318D-B89A-3B594A572EEE}"
	ProjectSection(ProjectDependencies) = postProject
		{35013183-A876-3E18-8E2E-50611787C2B6} = {35013183-A876-3E18-8E2E-50611787C2B6}
		{098452BF-253F-3F06-863E-A22FCA84F5F8} = {098452BF-253F-3F06-863E-A22FCA84F5F8}
		{69793B32-F427-3556-AFD9-E9AA2345DD70} = {69793B32-F427-3556-AFD9-E9AA2345DD70}
		{52D99652-AB20-3334-BF74-704056A294D4} = {52D99652-AB20-3334-BF74-704056A294D4}
		{A13A999B-4BAF-306D-974E-10626AADB061} = {A13A999B-4BAF-306D-974E-10626AADB061}
		{62DF4F58-4A2D-3E34-9B39-35D9F1B0CC89} = {62DF4F58-4A2D-3E34-9B39-35D9F1B0CC89}
		{30334D28-88D8-3BC1-95CB-5824DBAC0C15} = {30334D28-88D8-3BC1-95CB-5824DBAC0C15}
		{68A1AA57-502D-3B0F-B545-715FE7DEB304} = {68A1AA57-502D-3B0F-B545-715FE7DEB304}
		{E3C89421-3EFC-3FE3-8B57-6AE6711B44D1} = {E3C89421-3EFC-3FE3-8B57-6AE6711B44D1}
		{73466747-3F16-39C2-9D75-E85572C3A943} = {73466747-3F16-39C2-9D75-E85572C3A943}
		{C5FD0C2B-4F24-3F0E-8AA7-F37904EF3212} = {C5FD0C2B-4F24-3F0E-8AA7-F37904EF3212}
	EndProjectSection
EndProject
Project("{8BC9CEB8-8B4A-11D0-8D11-00A0C91BC942}") = "SnippetTriangleMeshCreate", "SnippetTriangleMeshCreate.vcxproj", "{648FE647-BD40-3596-AEA4-65586E370284}"
	ProjectSection(ProjectDependencies) = postProject
		{35013183-A876-3E18-8E2E-50611787C2B6} = {35013183-A876-3E18-8E2E-50611787C2B6}
		{098452BF-253F-3F06-863E-A22FCA84F5F8} = {098452BF-253F-3F06-863E-A22FCA84F5F8}
		{69793B32-F427-3556-AFD9-E9AA2345DD70} = {69793B32-F427-3556-AFD9-E9AA2345DD70}
		{52D99652-AB20-3334-BF74-704056A294D4} = {52D99652-AB20-3334-BF74-704056A294D4}
		{A13A999B-4BAF-306D-974E-10626AADB061} = {A13A999B-4BAF-306D-974E-10626AADB061}
		{62DF4F58-4A2D-3E34-9B39-35D9F1B0CC89} = {62DF4F58-4A2D-3E34-9B39-35D9F1B0CC89}
		{30334D28-88D8-3BC1-95CB-5824DBAC0C15} = {30334D28-88D8-3BC1-95CB-5824DBAC0C15}
		{68A1AA57-502D-3B0F-B545-715FE7DEB304} = {68A1AA57-502D-3B0F-B545-715FE7DEB304}
		{E3C89421-3EFC-3FE3-8B57-6AE6711B44D1} = {E3C89421-3EFC-3FE3-8B57-6AE6711B44D1}
		{73466747-3F16-39C2-9D75-E85572C3A943} = {73466747-3F16-39C2-9D75-E85572C3A943}
		{C5FD0C2B-4F24-3F0E-8AA7-F37904EF3212} = {C5FD0C2B-4F24-3F0E-8AA7-F37904EF3212}
	EndProjectSection
EndProject
Project("{8BC9CEB8-8B4A-11D0-8D11-00A0C91BC942}") = "SnippetUtils", "SnippetUtils.vcxproj", "{73466747-3F16-39C2-9D75-E85572C3A943}"
	ProjectSection(ProjectDependencies) = postProject
		{62DF4F58-4A2D-3E34-9B39-35D9F1B0CC89} = {62DF4F58-4A2D-3E34-9B39-35D9F1B0CC89}
		{C5FD0C2B-4F24-3F0E-8AA7-F37904EF3212} = {C5FD0C2B-4F24-3F0E-8AA7-F37904EF3212}
	EndProjectSection
EndProject
Project("{8BC9CEB8-8B4A-11D0-8D11-00A0C91BC942}") = "SnippetVehicle4W", "SnippetVehicle4W.vcxproj", "{96ABAB05-3C13-38C5-8DC5-7223C6CE386C}"
	ProjectSection(ProjectDependencies) = postProject
		{35013183-A876-3E18-8E2E-50611787C2B6} = {35013183-A876-3E18-8E2E-50611787C2B6}
		{098452BF-253F-3F06-863E-A22FCA84F5F8} = {098452BF-253F-3F06-863E-A22FCA84F5F8}
		{69793B32-F427-3556-AFD9-E9AA2345DD70} = {69793B32-F427-3556-AFD9-E9AA2345DD70}
		{52D99652-AB20-3334-BF74-704056A294D4} = {52D99652-AB20-3334-BF74-704056A294D4}
		{A13A999B-4BAF-306D-974E-10626AADB061} = {A13A999B-4BAF-306D-974E-10626AADB061}
		{62DF4F58-4A2D-3E34-9B39-35D9F1B0CC89} = {62DF4F58-4A2D-3E34-9B39-35D9F1B0CC89}
		{30334D28-88D8-3BC1-95CB-5824DBAC0C15} = {30334D28-88D8-3BC1-95CB-5824DBAC0C15}
		{295EFE87-A312-3B2C-8DBA-EAC6D55F2E8B} = {295EFE87-A312-3B2C-8DBA-EAC6D55F2E8B}
		{68A1AA57-502D-3B0F-B545-715FE7DEB304} = {68A1AA57-502D-3B0F-B545-715FE7DEB304}
		{E3C89421-3EFC-3FE3-8B57-6AE6711B44D1} = {E3C89421-3EFC-3FE3-8B57-6AE6711B44D1}
		{73466747-3F16-39C2-9D75-E85572C3A943} = {73466747-3F16-39C2-9D75-E85572C3A943}
		{C5FD0C2B-4F24-3F0E-8AA7-F37904EF3212} = {C5FD0C2B-4F24-3F0E-8AA7-F37904EF3212}
	EndProjectSection
EndProject
Project("{8BC9CEB8-8B4A-11D0-8D11-00A0C91BC942}") = "SnippetVehicleContactMod", "SnippetVehicleContactMod.vcxproj", "{88E6998E-6E4C-3357-8FFA-800397FA5CC5}"
	ProjectSection(ProjectDependencies) = postProject
		{35013183-A876-3E18-8E2E-50611787C2B6} = {35013183-A876-3E18-8E2E-50611787C2B6}
		{098452BF-253F-3F06-863E-A22FCA84F5F8} = {098452BF-253F-3F06-863E-A22FCA84F5F8}
		{69793B32-F427-3556-AFD9-E9AA2345DD70} = {69793B32-F427-3556-AFD9-E9AA2345DD70}
		{52D99652-AB20-3334-BF74-704056A294D4} = {52D99652-AB20-3334-BF74-704056A294D4}
		{A13A999B-4BAF-306D-974E-10626AADB061} = {A13A999B-4BAF-306D-974E-10626AADB061}
		{62DF4F58-4A2D-3E34-9B39-35D9F1B0CC89} = {62DF4F58-4A2D-3E34-9B39-35D9F1B0CC89}
		{30334D28-88D8-3BC1-95CB-5824DBAC0C15} = {30334D28-88D8-3BC1-95CB-5824DBAC0C15}
		{295EFE87-A312-3B2C-8DBA-EAC6D55F2E8B} = {295EFE87-A312-3B2C-8DBA-EAC6D55F2E8B}
		{68A1AA57-502D-3B0F-B545-715FE7DEB304} = {68A1AA57-502D-3B0F-B545-715FE7DEB304}
		{E3C89421-3EFC-3FE3-8B57-6AE6711B44D1} = {E3C89421-3EFC-3FE3-8B57-6AE6711B44D1}
		{73466747-3F16-39C2-9D75-E85572C3A943} = {73466747-3F16-39C2-9D75-E85572C3A943}
		{C5FD0C2B-4F24-3F0E-8AA7-F37904EF3212} = {C5FD0C2B-4F24-3F0E-8AA7-F37904EF3212}
	EndProjectSection
EndProject
Project("{8BC9CEB8-8B4A-11D0-8D11-00A0C91BC942}") = "SnippetVehicleMultiThreading", "SnippetVehicleMultiThreading.vcxproj", "{1AA99834-966E-3665-A455-62BEC7361930}"
	ProjectSection(ProjectDependencies) = postProject
		{35013183-A876-3E18-8E2E-50611787C2B6} = {35013183-A876-3E18-8E2E-50611787C2B6}
		{098452BF-253F-3F06-863E-A22FCA84F5F8} = {098452BF-253F-3F06-863E-A22FCA84F5F8}
		{69793B32-F427-3556-AFD9-E9AA2345DD70} = {69793B32-F427-3556-AFD9-E9AA2345DD70}
		{52D99652-AB20-3334-BF74-704056A294D4} = {52D99652-AB20-3334-BF74-704056A294D4}
		{A13A999B-4BAF-306D-974E-10626AADB061} = {A13A999B-4BAF-306D-974E-10626AADB061}
		{62DF4F58-4A2D-3E34-9B39-35D9F1B0CC89} = {62DF4F58-4A2D-3E34-9B39-35D9F1B0CC89}
		{30334D28-88D8-3BC1-95CB-5824DBAC0C15} = {30334D28-88D8-3BC1-95CB-5824DBAC0C15}
		{295EFE87-A312-3B2C-8DBA-EAC6D55F2E8B} = {295EFE87-A312-3B2C-8DBA-EAC6D55F2E8B}
		{68A1AA57-502D-3B0F-B545-715FE7DEB304} = {68A1AA57-502D-3B0F-B545-715FE7DEB304}
		{E3C89421-3EFC-3FE3-8B57-6AE6711B44D1} = {E3C89421-3EFC-3FE3-8B57-6AE6711B44D1}
		{73466747-3F16-39C2-9D75-E85572C3A943} = {73466747-3F16-39C2-9D75-E85572C3A943}
		{C5FD0C2B-4F24-3F0E-8AA7-F37904EF3212} = {C5FD0C2B-4F24-3F0E-8AA7-F37904EF3212}
	EndProjectSection
EndProject
Project("{8BC9CEB8-8B4A-11D0-8D11-00A0C91BC942}") = "SnippetVehicleNoDrive", "SnippetVehicleNoDrive.vcxproj", "{FDFA41D1-FA23-3CC1-A2E1-B2497F82AA31}"
	ProjectSection(ProjectDependencies) = postProject
		{35013183-A876-3E18-8E2E-50611787C2B6} = {35013183-A876-3E18-8E2E-50611787C2B6}
		{098452BF-253F-3F06-863E-A22FCA84F5F8} = {098452BF-253F-3F06-863E-A22FCA84F5F8}
		{69793B32-F427-3556-AFD9-E9AA2345DD70} = {69793B32-F427-3556-AFD9-E9AA2345DD70}
		{52D99652-AB20-3334-BF74-704056A294D4} = {52D99652-AB20-3334-BF74-704056A294D4}
		{A13A999B-4BAF-306D-974E-10626AADB061} = {A13A999B-4BAF-306D-974E-10626AADB061}
		{62DF4F58-4A2D-3E34-9B39-35D9F1B0CC89} = {62DF4F58-4A2D-3E34-9B39-35D9F1B0CC89}
		{30334D28-88D8-3BC1-95CB-5824DBAC0C15} = {30334D28-88D8-3BC1-95CB-5824DBAC0C15}
		{295EFE87-A312-3B2C-8DBA-EAC6D55F2E8B} = {295EFE87-A312-3B2C-8DBA-EAC6D55F2E8B}
		{68A1AA57-502D-3B0F-B545-715FE7DEB304} = {68A1AA57-502D-3B0F-B545-715FE7DEB304}
		{E3C89421-3EFC-3FE3-8B57-6AE6711B44D1} = {E3C89421-3EFC-3FE3-8B57-6AE6711B44D1}
		{73466747-3F16-39C2-9D75-E85572C3A943} = {73466747-3F16-39C2-9D75-E85572C3A943}
		{C5FD0C2B-4F24-3F0E-8AA7-F37904EF3212} = {C5FD0C2B-4F24-3F0E-8AA7-F37904EF3212}
	EndProjectSection
EndProject
Project("{8BC9CEB8-8B4A-11D0-8D11-00A0C91BC942}") = "SnippetVehicleScale", "SnippetVehicleScale.vcxproj", "{90EDDA6E-27CE-3574-9054-B68122452944}"
	ProjectSection(ProjectDependencies) = postProject
		{35013183-A876-3E18-8E2E-50611787C2B6} = {35013183-A876-3E18-8E2E-50611787C2B6}
		{098452BF-253F-3F06-863E-A22FCA84F5F8} = {098452BF-253F-3F06-863E-A22FCA84F5F8}
		{69793B32-F427-3556-AFD9-E9AA2345DD70} = {69793B32-F427-3556-AFD9-E9AA2345DD70}
		{52D99652-AB20-3334-BF74-704056A294D4} = {52D99652-AB20-3334-BF74-704056A294D4}
		{A13A999B-4BAF-306D-974E-10626AADB061} = {A13A999B-4BAF-306D-974E-10626AADB061}
		{62DF4F58-4A2D-3E34-9B39-35D9F1B0CC89} = {62DF4F58-4A2D-3E34-9B39-35D9F1B0CC89}
		{30334D28-88D8-3BC1-95CB-5824DBAC0C15} = {30334D28-88D8-3BC1-95CB-5824DBAC0C15}
		{295EFE87-A312-3B2C-8DBA-EAC6D55F2E8B} = {295EFE87-A312-3B2C-8DBA-EAC6D55F2E8B}
		{68A1AA57-502D-3B0F-B545-715FE7DEB304} = {68A1AA57-502D-3B0F-B545-715FE7DEB304}
		{E3C89421-3EFC-3FE3-8B57-6AE6711B44D1} = {E3C89421-3EFC-3FE3-8B57-6AE6711B44D1}
		{73466747-3F16-39C2-9D75-E85572C3A943} = {73466747-3F16-39C2-9D75-E85572C3A943}
		{C5FD0C2B-4F24-3F0E-8AA7-F37904EF3212} = {C5FD0C2B-4F24-3F0E-8AA7-F37904EF3212}
	EndProjectSection
EndProject
Project("{8BC9CEB8-8B4A-11D0-8D11-00A0C91BC942}") = "SnippetVehicleTank", "SnippetVehicleTank.vcxproj", "{9AE7B666-1257-305B-AC99-6CC9665D0A3B}"
	ProjectSection(ProjectDependencies) = postProject
		{35013183-A876-3E18-8E2E-50611787C2B6} = {35013183-A876-3E18-8E2E-50611787C2B6}
		{098452BF-253F-3F06-863E-A22FCA84F5F8} = {098452BF-253F-3F06-863E-A22FCA84F5F8}
		{69793B32-F427-3556-AFD9-E9AA2345DD70} = {69793B32-F427-3556-AFD9-E9AA2345DD70}
		{52D99652-AB20-3334-BF74-704056A294D4} = {52D99652-AB20-3334-BF74-704056A294D4}
		{A13A999B-4BAF-306D-974E-10626AADB061} = {A13A999B-4BAF-306D-974E-10626AADB061}
		{62DF4F58-4A2D-3E34-9B39-35D9F1B0CC89} = {62DF4F58-4A2D-3E34-9B39-35D9F1B0CC89}
		{30334D28-88D8-3BC1-95CB-5824DBAC0C15} = {30334D28-88D8-3BC1-95CB-5824DBAC0C15}
		{295EFE87-A312-3B2C-8DBA-EAC6D55F2E8B} = {295EFE87-A312-3B2C-8DBA-EAC6D55F2E8B}
		{68A1AA57-502D-3B0F-B545-715FE7DEB304} = {68A1AA57-502D-3B0F-B545-715FE7DEB304}
		{E3C89421-3EFC-3FE3-8B57-6AE6711B44D1} = {E3C89421-3EFC-3FE3-8B57-6AE6711B44D1}
		{73466747-3F16-39C2-9D75-E85572C3A943} = {73466747-3F16-39C2-9D75-E85572C3A943}
		{C5FD0C2B-4F24-3F0E-8AA7-F37904EF3212} = {C5FD0C2B-4F24-3F0E-8AA7-F37904EF3212}
	EndProjectSection
EndProject
Project("{8BC9CEB8-8B4A-11D0-8D11-00A0C91BC942}") = "ZERO_CHECK", "..\\ZERO_CHECK.vcxproj", "{C5FD0C2B-4F24-3F0E-8AA7-F37904EF3212}"
	ProjectSection(ProjectDependencies) = postProject
	EndProjectSection
EndProject
Global
	GlobalSection(SolutionConfigurationPlatforms) = preSolution
		debug|x64 = debug|x64
		checked|x64 = checked|x64
		profile|x64 = profile|x64
		release|x64 = release|x64
	EndGlobalSection
	GlobalSection(ProjectConfigurationPlatforms) = postSolution
		{4C582885-3FBF-33E8-B354-C2C58C8B3B42}.debug|x64.ActiveCfg = debug|x64
		{4C582885-3FBF-33E8-B354-C2C58C8B3B42}.debug|x64.Build.0 = debug|x64
		{4C582885-3FBF-33E8-B354-C2C58C8B3B42}.checked|x64.ActiveCfg = checked|x64
		{4C582885-3FBF-33E8-B354-C2C58C8B3B42}.checked|x64.Build.0 = checked|x64
		{4C582885-3FBF-33E8-B354-C2C58C8B3B42}.profile|x64.ActiveCfg = profile|x64
		{4C582885-3FBF-33E8-B354-C2C58C8B3B42}.profile|x64.Build.0 = profile|x64
		{4C582885-3FBF-33E8-B354-C2C58C8B3B42}.release|x64.ActiveCfg = release|x64
		{4C582885-3FBF-33E8-B354-C2C58C8B3B42}.release|x64.Build.0 = release|x64
		{79EEFA41-6316-3203-9838-7C425066BCF7}.debug|x64.ActiveCfg = debug|x64
		{79EEFA41-6316-3203-9838-7C425066BCF7}.debug|x64.Build.0 = debug|x64
		{79EEFA41-6316-3203-9838-7C425066BCF7}.checked|x64.ActiveCfg = checked|x64
		{79EEFA41-6316-3203-9838-7C425066BCF7}.checked|x64.Build.0 = checked|x64
		{79EEFA41-6316-3203-9838-7C425066BCF7}.profile|x64.ActiveCfg = profile|x64
		{79EEFA41-6316-3203-9838-7C425066BCF7}.profile|x64.Build.0 = profile|x64
		{79EEFA41-6316-3203-9838-7C425066BCF7}.release|x64.ActiveCfg = release|x64
		{79EEFA41-6316-3203-9838-7C425066BCF7}.release|x64.Build.0 = release|x64
		{04D887FF-A4C9-3476-B28B-DB00723268E8}.debug|x64.ActiveCfg = debug|x64
		{04D887FF-A4C9-3476-B28B-DB00723268E8}.checked|x64.ActiveCfg = checked|x64
		{04D887FF-A4C9-3476-B28B-DB00723268E8}.profile|x64.ActiveCfg = profile|x64
		{04D887FF-A4C9-3476-B28B-DB00723268E8}.release|x64.ActiveCfg = release|x64
		{843E09B2-CAE2-3C79-B6E6-96BE5592046B}.debug|x64.ActiveCfg = debug|x64
		{843E09B2-CAE2-3C79-B6E6-96BE5592046B}.debug|x64.Build.0 = debug|x64
		{843E09B2-CAE2-3C79-B6E6-96BE5592046B}.checked|x64.ActiveCfg = checked|x64
		{843E09B2-CAE2-3C79-B6E6-96BE5592046B}.checked|x64.Build.0 = checked|x64
		{843E09B2-CAE2-3C79-B6E6-96BE5592046B}.profile|x64.ActiveCfg = profile|x64
		{843E09B2-CAE2-3C79-B6E6-96BE5592046B}.profile|x64.Build.0 = profile|x64
		{843E09B2-CAE2-3C79-B6E6-96BE5592046B}.release|x64.ActiveCfg = release|x64
		{843E09B2-CAE2-3C79-B6E6-96BE5592046B}.release|x64.Build.0 = release|x64
		{2E852E29-E590-36DA-9ABC-31CD93AA2175}.debug|x64.ActiveCfg = debug|x64
		{2E852E29-E590-36DA-9ABC-31CD93AA2175}.debug|x64.Build.0 = debug|x64
		{2E852E29-E590-36DA-9ABC-31CD93AA2175}.checked|x64.ActiveCfg = checked|x64
		{2E852E29-E590-36DA-9ABC-31CD93AA2175}.checked|x64.Build.0 = checked|x64
		{2E852E29-E590-36DA-9ABC-31CD93AA2175}.profile|x64.ActiveCfg = profile|x64
		{2E852E29-E590-36DA-9ABC-31CD93AA2175}.profile|x64.Build.0 = profile|x64
		{2E852E29-E590-36DA-9ABC-31CD93AA2175}.release|x64.ActiveCfg = release|x64
		{2E852E29-E590-36DA-9ABC-31CD93AA2175}.release|x64.Build.0 = release|x64
		{E16A1F92-64E9-3C48-907B-8FCEB0AB88CB}.debug|x64.ActiveCfg = debug|x64
		{E16A1F92-64E9-3C48-907B-8FCEB0AB88CB}.debug|x64.Build.0 = debug|x64
		{E16A1F92-64E9-3C48-907B-8FCEB0AB88CB}.checked|x64.ActiveCfg = checked|x64
		{E16A1F92-64E9-3C48-907B-8FCEB0AB88CB}.checked|x64.Build.0 = checked|x64
		{E16A1F92-64E9-3C48-907B-8FCEB0AB88CB}.profile|x64.ActiveCfg = profile|x64
		{E16A1F92-64E9-3C48-907B-8FCEB0AB88CB}.profile|x64.Build.0 = profile|x64
		{E16A1F92-64E9-3C48-907B-8FCEB0AB88CB}.release|x64.ActiveCfg = release|x64
		{E16A1F92-64E9-3C48-907B-8FCEB0AB88CB}.release|x64.Build.0 = release|x64
		{35013183-A876-3E18-8E2E-50611787C2B6}.debug|x64.ActiveCfg = debug|x64
		{35013183-A876-3E18-8E2E-50611787C2B6}.debug|x64.Build.0 = debug|x64
		{35013183-A876-3E18-8E2E-50611787C2B6}.checked|x64.ActiveCfg = checked|x64
		{35013183-A876-3E18-8E2E-50611787C2B6}.checked|x64.Build.0 = checked|x64
		{35013183-A876-3E18-8E2E-50611787C2B6}.profile|x64.ActiveCfg = profile|x64
		{35013183-A876-3E18-8E2E-50611787C2B6}.profile|x64.Build.0 = profile|x64
		{35013183-A876-3E18-8E2E-50611787C2B6}.release|x64.ActiveCfg = release|x64
		{35013183-A876-3E18-8E2E-50611787C2B6}.release|x64.Build.0 = release|x64
		{098452BF-253F-3F06-863E-A22FCA84F5F8}.debug|x64.ActiveCfg = debug|x64
		{098452BF-253F-3F06-863E-A22FCA84F5F8}.debug|x64.Build.0 = debug|x64
		{098452BF-253F-3F06-863E-A22FCA84F5F8}.checked|x64.ActiveCfg = checked|x64
		{098452BF-253F-3F06-863E-A22FCA84F5F8}.checked|x64.Build.0 = checked|x64
		{098452BF-253F-3F06-863E-A22FCA84F5F8}.profile|x64.ActiveCfg = profile|x64
		{098452BF-253F-3F06-863E-A22FCA84F5F8}.profile|x64.Build.0 = profile|x64
		{098452BF-253F-3F06-863E-A22FCA84F5F8}.release|x64.ActiveCfg = release|x64
		{098452BF-253F-3F06-863E-A22FCA84F5F8}.release|x64.Build.0 = release|x64
		{69793B32-F427-3556-AFD9-E9AA2345DD70}.debug|x64.ActiveCfg = debug|x64
		{69793B32-F427-3556-AFD9-E9AA2345DD70}.debug|x64.Build.0 = debug|x64
		{69793B32-F427-3556-AFD9-E9AA2345DD70}.checked|x64.ActiveCfg = checked|x64
		{69793B32-F427-3556-AFD9-E9AA2345DD70}.checked|x64.Build.0 = checked|x64
		{69793B32-F427-3556-AFD9-E9AA2345DD70}.profile|x64.ActiveCfg = profile|x64
		{69793B32-F427-3556-AFD9-E9AA2345DD70}.profile|x64.Build.0 = profile|x64
		{69793B32-F427-3556-AFD9-E9AA2345DD70}.release|x64.ActiveCfg = release|x64
		{69793B32-F427-3556-AFD9-E9AA2345DD70}.release|x64.Build.0 = release|x64
		{52D99652-AB20-3334-BF74-704056A294D4}.debug|x64.ActiveCfg = debug|x64
		{52D99652-AB20-3334-BF74-704056A294D4}.debug|x64.Build.0 = debug|x64
		{52D99652-AB20-3334-BF74-704056A294D4}.checked|x64.ActiveCfg = checked|x64
		{52D99652-AB20-3334-BF74-704056A294D4}.checked|x64.Build.0 = checked|x64
		{52D99652-AB20-3334-BF74-704056A294D4}.profile|x64.ActiveCfg = profile|x64
		{52D99652-AB20-3334-BF74-704056A294D4}.profile|x64.Build.0 = profile|x64
		{52D99652-AB20-3334-BF74-704056A294D4}.release|x64.ActiveCfg = release|x64
		{52D99652-AB20-3334-BF74-704056A294D4}.release|x64.Build.0 = release|x64
		{A13A999B-4BAF-306D-974E-10626AADB061}.debug|x64.ActiveCfg = debug|x64
		{A13A999B-4BAF-306D-974E-10626AADB061}.debug|x64.Build.0 = debug|x64
		{A13A999B-4BAF-306D-974E-10626AADB061}.checked|x64.ActiveCfg = checked|x64
		{A13A999B-4BAF-306D-974E-10626AADB061}.checked|x64.Build.0 = checked|x64
		{A13A999B-4BAF-306D-974E-10626AADB061}.profile|x64.ActiveCfg = profile|x64
		{A13A999B-4BAF-306D-974E-10626AADB061}.profile|x64.Build.0 = profile|x64
		{A13A999B-4BAF-306D-974E-10626AADB061}.release|x64.ActiveCfg = release|x64
		{A13A999B-4BAF-306D-974E-10626AADB061}.release|x64.Build.0 = release|x64
		{62DF4F58-4A2D-3E34-9B39-35D9F1B0CC89}.debug|x64.ActiveCfg = debug|x64
		{62DF4F58-4A2D-3E34-9B39-35D9F1B0CC89}.debug|x64.Build.0 = debug|x64
		{62DF4F58-4A2D-3E34-9B39-35D9F1B0CC89}.checked|x64.ActiveCfg = checked|x64
		{62DF4F58-4A2D-3E34-9B39-35D9F1B0CC89}.checked|x64.Build.0 = checked|x64
		{62DF4F58-4A2D-3E34-9B39-35D9F1B0CC89}.profile|x64.ActiveCfg = profile|x64
		{62DF4F58-4A2D-3E34-9B39-35D9F1B0CC89}.profile|x64.Build.0 = profile|x64
		{62DF4F58-4A2D-3E34-9B39-35D9F1B0CC89}.release|x64.ActiveCfg = release|x64
		{62DF4F58-4A2D-3E34-9B39-35D9F1B0CC89}.release|x64.Build.0 = release|x64
		{30334D28-88D8-3BC1-95CB-5824DBAC0C15}.debug|x64.ActiveCfg = debug|x64
		{30334D28-88D8-3BC1-95CB-5824DBAC0C15}.debug|x64.Build.0 = debug|x64
		{30334D28-88D8-3BC1-95CB-5824DBAC0C15}.checked|x64.ActiveCfg = checked|x64
		{30334D28-88D8-3BC1-95CB-5824DBAC0C15}.checked|x64.Build.0 = checked|x64
		{30334D28-88D8-3BC1-95CB-5824DBAC0C15}.profile|x64.ActiveCfg = profile|x64
		{30334D28-88D8-3BC1-95CB-5824DBAC0C15}.profile|x64.Build.0 = profile|x64
		{30334D28-88D8-3BC1-95CB-5824DBAC0C15}.release|x64.ActiveCfg = release|x64
		{30334D28-88D8-3BC1-95CB-5824DBAC0C15}.release|x64.Build.0 = release|x64
		{295EFE87-A312-3B2C-8DBA-EAC6D55F2E8B}.debug|x64.ActiveCfg = debug|x64
		{295EFE87-A312-3B2C-8DBA-EAC6D55F2E8B}.debug|x64.Build.0 = debug|x64
		{295EFE87-A312-3B2C-8DBA-EAC6D55F2E8B}.checked|x64.ActiveCfg = checked|x64
		{295EFE87-A312-3B2C-8DBA-EAC6D55F2E8B}.checked|x64.Build.0 = checked|x64
		{295EFE87-A312-3B2C-8DBA-EAC6D55F2E8B}.profile|x64.ActiveCfg = profile|x64
		{295EFE87-A312-3B2C-8DBA-EAC6D55F2E8B}.profile|x64.Build.0 = profile|x64
		{295EFE87-A312-3B2C-8DBA-EAC6D55F2E8B}.release|x64.ActiveCfg = release|x64
		{295EFE87-A312-3B2C-8DBA-EAC6D55F2E8B}.release|x64.Build.0 = release|x64
		{68A1AA57-502D-3B0F-B545-715FE7DEB304}.debug|x64.ActiveCfg = debug|x64
		{68A1AA57-502D-3B0F-B545-715FE7DEB304}.debug|x64.Build.0 = debug|x64
		{68A1AA57-502D-3B0F-B545-715FE7DEB304}.checked|x64.ActiveCfg = checked|x64
		{68A1AA57-502D-3B0F-B545-715FE7DEB304}.checked|x64.Build.0 = checked|x64
		{68A1AA57-502D-3B0F-B545-715FE7DEB304}.profile|x64.ActiveCfg = profile|x64
		{68A1AA57-502D-3B0F-B545-715FE7DEB304}.profile|x64.Build.0 = profile|x64
		{68A1AA57-502D-3B0F-B545-715FE7DEB304}.release|x64.ActiveCfg = release|x64
		{68A1AA57-502D-3B0F-B545-715FE7DEB304}.release|x64.Build.0 = release|x64
		{6FE0D966-4639-3D56-BB8D-1E0626D521FA}.debug|x64.ActiveCfg = debug|x64
		{6FE0D966-4639-3D56-BB8D-1E0626D521FA}.debug|x64.Build.0 = debug|x64
		{6FE0D966-4639-3D56-BB8D-1E0626D521FA}.checked|x64.ActiveCfg = checked|x64
		{6FE0D966-4639-3D56-BB8D-1E0626D521FA}.checked|x64.Build.0 = checked|x64
		{6FE0D966-4639-3D56-BB8D-1E0626D521FA}.profile|x64.ActiveCfg = profile|x64
		{6FE0D966-4639-3D56-BB8D-1E0626D521FA}.profile|x64.Build.0 = profile|x64
		{6FE0D966-4639-3D56-BB8D-1E0626D521FA}.release|x64.ActiveCfg = release|x64
		{6FE0D966-4639-3D56-BB8D-1E0626D521FA}.release|x64.Build.0 = release|x64
		{14886ECD-1A2C-3A26-9EEA-91190D0AADD3}.debug|x64.ActiveCfg = debug|x64
		{14886ECD-1A2C-3A26-9EEA-91190D0AADD3}.debug|x64.Build.0 = debug|x64
		{14886ECD-1A2C-3A26-9EEA-91190D0AADD3}.checked|x64.ActiveCfg = checked|x64
		{14886ECD-1A2C-3A26-9EEA-91190D0AADD3}.checked|x64.Build.0 = checked|x64
		{14886ECD-1A2C-3A26-9EEA-91190D0AADD3}.profile|x64.ActiveCfg = profile|x64
		{14886ECD-1A2C-3A26-9EEA-91190D0AADD3}.profile|x64.Build.0 = profile|x64
		{14886ECD-1A2C-3A26-9EEA-91190D0AADD3}.release|x64.ActiveCfg = release|x64
		{14886ECD-1A2C-3A26-9EEA-91190D0AADD3}.release|x64.Build.0 = release|x64
		{425D34E7-F4CF-39C6-B004-7AE97BEE7FC2}.debug|x64.ActiveCfg = debug|x64
		{425D34E7-F4CF-39C6-B004-7AE97BEE7FC2}.debug|x64.Build.0 = debug|x64
		{425D34E7-F4CF-39C6-B004-7AE97BEE7FC2}.checked|x64.ActiveCfg = checked|x64
		{425D34E7-F4CF-39C6-B004-7AE97BEE7FC2}.checked|x64.Build.0 = checked|x64
		{425D34E7-F4CF-39C6-B004-7AE97BEE7FC2}.profile|x64.ActiveCfg = profile|x64
		{425D34E7-F4CF-39C6-B004-7AE97BEE7FC2}.profile|x64.Build.0 = profile|x64
		{425D34E7-F4CF-39C6-B004-7AE97BEE7FC2}.release|x64.ActiveCfg = release|x64
		{425D34E7-F4CF-39C6-B004-7AE97BEE7FC2}.release|x64.Build.0 = release|x64
		{14D774DC-D5DC-368A-883B-14DF5A56C097}.debug|x64.ActiveCfg = debug|x64
		{14D774DC-D5DC-368A-883B-14DF5A56C097}.debug|x64.Build.0 = debug|x64
		{14D774DC-D5DC-368A-883B-14DF5A56C097}.checked|x64.ActiveCfg = checked|x64
		{14D774DC-D5DC-368A-883B-14DF5A56C097}.checked|x64.Build.0 = checked|x64
		{14D774DC-D5DC-368A-883B-14DF5A56C097}.profile|x64.ActiveCfg = profile|x64
		{14D774DC-D5DC-368A-883B-14DF5A56C097}.profile|x64.Build.0 = profile|x64
		{14D774DC-D5DC-368A-883B-14DF5A56C097}.release|x64.ActiveCfg = release|x64
		{14D774DC-D5DC-368A-883B-14DF5A56C097}.release|x64.Build.0 = release|x64
		{CB9544C0-C027-3DA5-BF99-A8C58A67BDE9}.debug|x64.ActiveCfg = debug|x64
		{CB9544C0-C027-3DA5-BF99-A8C58A67BDE9}.debug|x64.Build.0 = debug|x64
		{CB9544C0-C027-3DA5-BF99-A8C58A67BDE9}.checked|x64.ActiveCfg = checked|x64
		{CB9544C0-C027-3DA5-BF99-A8C58A67BDE9}.checked|x64.Build.0 = checked|x64
		{CB9544C0-C027-3DA5-BF99-A8C58A67BDE9}.profile|x64.ActiveCfg = profile|x64
		{CB9544C0-C027-3DA5-BF99-A8C58A67BDE9}.profile|x64.Build.0 = profile|x64
		{CB9544C0-C027-3DA5-BF99-A8C58A67BDE9}.release|x64.ActiveCfg = release|x64
		{CB9544C0-C027-3DA5-BF99-A8C58A67BDE9}.release|x64.Build.0 = release|x64
		{3FA38728-9404-377B-80DB-049B5070AB17}.debug|x64.ActiveCfg = debug|x64
		{3FA38728-9404-377B-80DB-049B5070AB17}.debug|x64.Build.0 = debug|x64
		{3FA38728-9404-377B-80DB-049B5070AB17}.checked|x64.ActiveCfg = checked|x64
		{3FA38728-9404-377B-80DB-049B5070AB17}.checked|x64.Build.0 = checked|x64
		{3FA38728-9404-377B-80DB-049B5070AB17}.profile|x64.ActiveCfg = profile|x64
		{3FA38728-9404-377B-80DB-049B5070AB17}.profile|x64.Build.0 = profile|x64
		{3FA38728-9404-377B-80DB-049B5070AB17}.release|x64.ActiveCfg = release|x64
		{3FA38728-9404-377B-80DB-049B5070AB17}.release|x64.Build.0 = release|x64
		{178AA5FB-230A-3564-8B54-9C0803F11F0E}.debug|x64.ActiveCfg = debug|x64
		{178AA5FB-230A-3564-8B54-9C0803F11F0E}.debug|x64.Build.0 = debug|x64
		{178AA5FB-230A-3564-8B54-9C0803F11F0E}.checked|x64.ActiveCfg = checked|x64
		{178AA5FB-230A-3564-8B54-9C0803F11F0E}.checked|x64.Build.0 = checked|x64
		{178AA5FB-230A-3564-8B54-9C0803F11F0E}.profile|x64.ActiveCfg = profile|x64
		{178AA5FB-230A-3564-8B54-9C0803F11F0E}.profile|x64.Build.0 = profile|x64
		{178AA5FB-230A-3564-8B54-9C0803F11F0E}.release|x64.ActiveCfg = release|x64
		{178AA5FB-230A-3564-8B54-9C0803F11F0E}.release|x64.Build.0 = release|x64
		{98A24E0B-7637-3680-B4BD-B6149EF9029A}.debug|x64.ActiveCfg = debug|x64
		{98A24E0B-7637-3680-B4BD-B6149EF9029A}.debug|x64.Build.0 = debug|x64
		{98A24E0B-7637-3680-B4BD-B6149EF9029A}.checked|x64.ActiveCfg = checked|x64
		{98A24E0B-7637-3680-B4BD-B6149EF9029A}.checked|x64.Build.0 = checked|x64
		{98A24E0B-7637-3680-B4BD-B6149EF9029A}.profile|x64.ActiveCfg = profile|x64
		{98A24E0B-7637-3680-B4BD-B6149EF9029A}.profile|x64.Build.0 = profile|x64
		{98A24E0B-7637-3680-B4BD-B6149EF9029A}.release|x64.ActiveCfg = release|x64
		{98A24E0B-7637-3680-B4BD-B6149EF9029A}.release|x64.Build.0 = release|x64
		{FD0239BE-766E-3309-B32B-577531E4B96C}.debug|x64.ActiveCfg = debug|x64
		{FD0239BE-766E-3309-B32B-577531E4B96C}.debug|x64.Build.0 = debug|x64
		{FD0239BE-766E-3309-B32B-577531E4B96C}.checked|x64.ActiveCfg = checked|x64
		{FD0239BE-766E-3309-B32B-577531E4B96C}.checked|x64.Build.0 = checked|x64
		{FD0239BE-766E-3309-B32B-577531E4B96C}.profile|x64.ActiveCfg = profile|x64
		{FD0239BE-766E-3309-B32B-577531E4B96C}.profile|x64.Build.0 = profile|x64
		{FD0239BE-766E-3309-B32B-577531E4B96C}.release|x64.ActiveCfg = release|x64
		{FD0239BE-766E-3309-B32B-577531E4B96C}.release|x64.Build.0 = release|x64
		{83712356-3A40-390B-963A-C00320E1E37D}.debug|x64.ActiveCfg = debug|x64
		{83712356-3A40-390B-963A-C00320E1E37D}.debug|x64.Build.0 = debug|x64
		{83712356-3A40-390B-963A-C00320E1E37D}.checked|x64.ActiveCfg = checked|x64
		{83712356-3A40-390B-963A-C00320E1E37D}.checked|x64.Build.0 = checked|x64
		{83712356-3A40-390B-963A-C00320E1E37D}.profile|x64.ActiveCfg = profile|x64
		{83712356-3A40-390B-963A-C00320E1E37D}.profile|x64.Build.0 = profile|x64
		{83712356-3A40-390B-963A-C00320E1E37D}.release|x64.ActiveCfg = release|x64
		{83712356-3A40-390B-963A-C00320E1E37D}.release|x64.Build.0 = release|x64
		{96BD998D-1CC5-3B5A-9F34-268348B7ADCE}.debug|x64.ActiveCfg = debug|x64
		{96BD998D-1CC5-3B5A-9F34-268348B7ADCE}.debug|x64.Build.0 = debug|x64
		{96BD998D-1CC5-3B5A-9F34-268348B7ADCE}.checked|x64.ActiveCfg = checked|x64
		{96BD998D-1CC5-3B5A-9F34-268348B7ADCE}.checked|x64.Build.0 = checked|x64
		{96BD998D-1CC5-3B5A-9F34-268348B7ADCE}.profile|x64.ActiveCfg = profile|x64
		{96BD998D-1CC5-3B5A-9F34-268348B7ADCE}.profile|x64.Build.0 = profile|x64
		{96BD998D-1CC5-3B5A-9F34-268348B7ADCE}.release|x64.ActiveCfg = release|x64
		{96BD998D-1CC5-3B5A-9F34-268348B7ADCE}.release|x64.Build.0 = release|x64
		{0C6EA568-F181-3E6A-9B08-85A053BF33B4}.debug|x64.ActiveCfg = debug|x64
		{0C6EA568-F181-3E6A-9B08-85A053BF33B4}.debug|x64.Build.0 = debug|x64
		{0C6EA568-F181-3E6A-9B08-85A053BF33B4}.checked|x64.ActiveCfg = checked|x64
		{0C6EA568-F181-3E6A-9B08-85A053BF33B4}.checked|x64.Build.0 = checked|x64
		{0C6EA568-F181-3E6A-9B08-85A053BF33B4}.profile|x64.ActiveCfg = profile|x64
		{0C6EA568-F181-3E6A-9B08-85A053BF33B4}.profile|x64.Build.0 = profile|x64
		{0C6EA568-F181-3E6A-9B08-85A053BF33B4}.release|x64.ActiveCfg = release|x64
		{0C6EA568-F181-3E6A-9B08-85A053BF33B4}.release|x64.Build.0 = release|x64
		{A93DFB54-53A9-3B3F-AAA3-D2B8367B56F0}.debug|x64.ActiveCfg = debug|x64
		{A93DFB54-53A9-3B3F-AAA3-D2B8367B56F0}.debug|x64.Build.0 = debug|x64
		{A93DFB54-53A9-3B3F-AAA3-D2B8367B56F0}.checked|x64.ActiveCfg = checked|x64
		{A93DFB54-53A9-3B3F-AAA3-D2B8367B56F0}.checked|x64.Build.0 = checked|x64
		{A93DFB54-53A9-3B3F-AAA3-D2B8367B56F0}.profile|x64.ActiveCfg = profile|x64
		{A93DFB54-53A9-3B3F-AAA3-D2B8367B56F0}.profile|x64.Build.0 = profile|x64
		{A93DFB54-53A9-3B3F-AAA3-D2B8367B56F0}.release|x64.ActiveCfg = release|x64
		{A93DFB54-53A9-3B3F-AAA3-D2B8367B56F0}.release|x64.Build.0 = release|x64
		{9D0716FE-8DA0-32C0-941E-69B2E0DA2E8D}.debug|x64.ActiveCfg = debug|x64
		{9D0716FE-8DA0-32C0-941E-69B2E0DA2E8D}.debug|x64.Build.0 = debug|x64
		{9D0716FE-8DA0-32C0-941E-69B2E0DA2E8D}.checked|x64.ActiveCfg = checked|x64
		{9D0716FE-8DA0-32C0-941E-69B2E0DA2E8D}.checked|x64.Build.0 = checked|x64
		{9D0716FE-8DA0-32C0-941E-69B2E0DA2E8D}.profile|x64.ActiveCfg = profile|x64
		{9D0716FE-8DA0-32C0-941E-69B2E0DA2E8D}.profile|x64.Build.0 = profile|x64
		{9D0716FE-8DA0-32C0-941E-69B2E0DA2E8D}.release|x64.ActiveCfg = release|x64
		{9D0716FE-8DA0-32C0-941E-69B2E0DA2E8D}.release|x64.Build.0 = release|x64
		{C7503E98-25E2-31CF-B91A-EE8FAF6BC659}.debug|x64.ActiveCfg = debug|x64
		{C7503E98-25E2-31CF-B91A-EE8FAF6BC659}.debug|x64.Build.0 = debug|x64
		{C7503E98-25E2-31CF-B91A-EE8FAF6BC659}.checked|x64.ActiveCfg = checked|x64
		{C7503E98-25E2-31CF-B91A-EE8FAF6BC659}.checked|x64.Build.0 = checked|x64
		{C7503E98-25E2-31CF-B91A-EE8FAF6BC659}.profile|x64.ActiveCfg = profile|x64
		{C7503E98-25E2-31CF-B91A-EE8FAF6BC659}.profile|x64.Build.0 = profile|x64
		{C7503E98-25E2-31CF-B91A-EE8FAF6BC659}.release|x64.ActiveCfg = release|x64
		{C7503E98-25E2-31CF-B91A-EE8FAF6BC659}.release|x64.Build.0 = release|x64
		{E5330F12-A9D0-3E41-AD03-3F5F0ECB6FEB}.debug|x64.ActiveCfg = debug|x64
		{E5330F12-A9D0-3E41-AD03-3F5F0ECB6FEB}.debug|x64.Build.0 = debug|x64
		{E5330F12-A9D0-3E41-AD03-3F5F0ECB6FEB}.checked|x64.ActiveCfg = checked|x64
		{E5330F12-A9D0-3E41-AD03-3F5F0ECB6FEB}.checked|x64.Build.0 = checked|x64
		{E5330F12-A9D0-3E41-AD03-3F5F0ECB6FEB}.profile|x64.ActiveCfg = profile|x64
		{E5330F12-A9D0-3E41-AD03-3F5F0ECB6FEB}.profile|x64.Build.0 = profile|x64
		{E5330F12-A9D0-3E41-AD03-3F5F0ECB6FEB}.release|x64.ActiveCfg = release|x64
		{E5330F12-A9D0-3E41-AD03-3F5F0ECB6FEB}.release|x64.Build.0 = release|x64
		{12CD8A70-32A3-3132-B8B0-AD7F28A3D6B1}.debug|x64.ActiveCfg = debug|x64
		{12CD8A70-32A3-3132-B8B0-AD7F28A3D6B1}.debug|x64.Build.0 = debug|x64
		{12CD8A70-32A3-3132-B8B0-AD7F28A3D6B1}.checked|x64.ActiveCfg = checked|x64
		{12CD8A70-32A3-3132-B8B0-AD7F28A3D6B1}.checked|x64.Build.0 = checked|x64
		{12CD8A70-32A3-3132-B8B0-AD7F28A3D6B1}.profile|x64.ActiveCfg = profile|x64
		{12CD8A70-32A3-3132-B8B0-AD7F28A3D6B1}.profile|x64.Build.0 = profile|x64
		{12CD8A70-32A3-3132-B8B0-AD7F28A3D6B1}.release|x64.ActiveCfg = release|x64
		{12CD8A70-32A3-3132-B8B0-AD7F28A3D6B1}.release|x64.Build.0 = release|x64
		{AB2BAA3E-6A72-3B26-898A-0D9E17406D65}.debug|x64.ActiveCfg = debug|x64
		{AB2BAA3E-6A72-3B26-898A-0D9E17406D65}.debug|x64.Build.0 = debug|x64
		{AB2BAA3E-6A72-3B26-898A-0D9E17406D65}.checked|x64.ActiveCfg = checked|x64
		{AB2BAA3E-6A72-3B26-898A-0D9E17406D65}.checked|x64.Build.0 = checked|x64
		{AB2BAA3E-6A72-3B26-898A-0D9E17406D65}.profile|x64.ActiveCfg = profile|x64
		{AB2BAA3E-6A72-3B26-898A-0D9E17406D65}.profile|x64.Build.0 = profile|x64
		{AB2BAA3E-6A72-3B26-898A-0D9E17406D65}.release|x64.ActiveCfg = release|x64
		{AB2BAA3E-6A72-3B26-898A-0D9E17406D65}.release|x64.Build.0 = release|x64
		{8B250DC8-9A4A-3F99-B58D-D51897B94C30}.debug|x64.ActiveCfg = debug|x64
		{8B250DC8-9A4A-3F99-B58D-D51897B94C30}.debug|x64.Build.0 = debug|x64
		{8B250DC8-9A4A-3F99-B58D-D51897B94C30}.checked|x64.ActiveCfg = checked|x64
		{8B250DC8-9A4A-3F99-B58D-D51897B94C30}.checked|x64.Build.0 = checked|x64
		{8B250DC8-9A4A-3F99-B58D-D51897B94C30}.profile|x64.ActiveCfg = profile|x64
		{8B250DC8-9A4A-3F99-B58D-D51897B94C30}.profile|x64.Build.0 = profile|x64
		{8B250DC8-9A4A-3F99-B58D-D51897B94C30}.release|x64.ActiveCfg = release|x64
		{8B250DC8-9A4A-3F99-B58D-D51897B94C30}.release|x64.Build.0 = release|x64
		{39B88E87-BCCB-3226-B444-DD67FF6AE862}.debug|x64.ActiveCfg = debug|x64
		{39B88E87-BCCB-3226-B444-DD67FF6AE862}.debug|x64.Build.0 = debug|x64
		{39B88E87-BCCB-3226-B444-DD67FF6AE862}.checked|x64.ActiveCfg = checked|x64
		{39B88E87-BCCB-3226-B444-DD67FF6AE862}.checked|x64.Build.0 = checked|x64
		{39B88E87-BCCB-3226-B444-DD67FF6AE862}.profile|x64.ActiveCfg = profile|x64
		{39B88E87-BCCB-3226-B444-DD67FF6AE862}.profile|x64.Build.0 = profile|x64
		{39B88E87-BCCB-3226-B444-DD67FF6AE862}.release|x64.ActiveCfg = release|x64
		{39B88E87-BCCB-3226-B444-DD67FF6AE862}.release|x64.Build.0 = release|x64
		{E283E7B9-CC78-3D7A-88E6-EA07E44EF1ED}.debug|x64.ActiveCfg = debug|x64
		{E283E7B9-CC78-3D7A-88E6-EA07E44EF1ED}.debug|x64.Build.0 = debug|x64
		{E283E7B9-CC78-3D7A-88E6-EA07E44EF1ED}.checked|x64.ActiveCfg = checked|x64
		{E283E7B9-CC78-3D7A-88E6-EA07E44EF1ED}.checked|x64.Build.0 = checked|x64
		{E283E7B9-CC78-3D7A-88E6-EA07E44EF1ED}.profile|x64.ActiveCfg = profile|x64
		{E283E7B9-CC78-3D7A-88E6-EA07E44EF1ED}.profile|x64.Build.0 = profile|x64
		{E283E7B9-CC78-3D7A-88E6-EA07E44EF1ED}.release|x64.ActiveCfg = release|x64
		{E283E7B9-CC78-3D7A-88E6-EA07E44EF1ED}.release|x64.Build.0 = release|x64
		{FC0ACA02-CDF6-3184-A53A-7D1C2615B72E}.debug|x64.ActiveCfg = debug|x64
		{FC0ACA02-CDF6-3184-A53A-7D1C2615B72E}.debug|x64.Build.0 = debug|x64
		{FC0ACA02-CDF6-3184-A53A-7D1C2615B72E}.checked|x64.ActiveCfg = checked|x64
		{FC0ACA02-CDF6-3184-A53A-7D1C2615B72E}.checked|x64.Build.0 = checked|x64
		{FC0ACA02-CDF6-3184-A53A-7D1C2615B72E}.profile|x64.ActiveCfg = profile|x64
		{FC0ACA02-CDF6-3184-A53A-7D1C2615B72E}.profile|x64.Build.0 = profile|x64
		{FC0ACA02-CDF6-3184-A53A-7D1C2615B72E}.release|x64.ActiveCfg = release|x64
		{FC0ACA02-CDF6-3184-A53A-7D1C2615B72E}.release|x64.Build.0 = release|x64
		{A8875CAF-07E6-3851-8772-D680FAB933D7}.debug|x64.ActiveCfg = debug|x64
		{A8875CAF-07E6-3851-8772-D680FAB933D7}.debug|x64.Build.0 = debug|x64
		{A8875CAF-07E6-3851-8772-D680FAB933D7}.checked|x64.ActiveCfg = checked|x64
		{A8875CAF-07E6-3851-8772-D680FAB933D7}.checked|x64.Build.0 = checked|x64
		{A8875CAF-07E6-3851-8772-D680FAB933D7}.profile|x64.ActiveCfg = profile|x64
		{A8875CAF-07E6-3851-8772-D680FAB933D7}.profile|x64.Build.0 = profile|x64
		{A8875CAF-07E6-3851-8772-D680FAB933D7}.release|x64.ActiveCfg = release|x64
		{A8875CAF-07E6-3851-8772-D680FAB933D7}.release|x64.Build.0 = release|x64
		{C49BB41C-6CB6-389C-B2BB-DDF0250B0FCB}.debug|x64.ActiveCfg = debug|x64
		{C49BB41C-6CB6-389C-B2BB-DDF0250B0FCB}.debug|x64.Build.0 = debug|x64
		{C49BB41C-6CB6-389C-B2BB-DDF0250B0FCB}.checked|x64.ActiveCfg = checked|x64
		{C49BB41C-6CB6-389C-B2BB-DDF0250B0FCB}.checked|x64.Build.0 = checked|x64
		{C49BB41C-6CB6-389C-B2BB-DDF0250B0FCB}.profile|x64.ActiveCfg = profile|x64
		{C49BB41C-6CB6-389C-B2BB-DDF0250B0FCB}.profile|x64.Build.0 = profile|x64
		{C49BB41C-6CB6-389C-B2BB-DDF0250B0FCB}.release|x64.ActiveCfg = release|x64
		{C49BB41C-6CB6-389C-B2BB-DDF0250B0FCB}.release|x64.Build.0 = release|x64
		{E3C89421-3EFC-3FE3-8B57-6AE6711B44D1}.debug|x64.ActiveCfg = debug|x64
		{E3C89421-3EFC-3FE3-8B57-6AE6711B44D1}.debug|x64.Build.0 = debug|x64
		{E3C89421-3EFC-3FE3-8B57-6AE6711B44D1}.checked|x64.ActiveCfg = checked|x64
		{E3C89421-3EFC-3FE3-8B57-6AE6711B44D1}.checked|x64.Build.0 = checked|x64
		{E3C89421-3EFC-3FE3-8B57-6AE6711B44D1}.profile|x64.ActiveCfg = profile|x64
		{E3C89421-3EFC-3FE3-8B57-6AE6711B44D1}.profile|x64.Build.0 = profile|x64
		{E3C89421-3EFC-3FE3-8B57-6AE6711B44D1}.release|x64.ActiveCfg = release|x64
		{E3C89421-3EFC-3FE3-8B57-6AE6711B44D1}.release|x64.Build.0 = release|x64
		{008EFFAB-5347-3DEF-947B-AFA88CA943E2}.debug|x64.ActiveCfg = debug|x64
		{008EFFAB-5347-3DEF-947B-AFA88CA943E2}.debug|x64.Build.0 = debug|x64
		{008EFFAB-5347-3DEF-947B-AFA88CA943E2}.checked|x64.ActiveCfg = checked|x64
		{008EFFAB-5347-3DEF-947B-AFA88CA943E2}.checked|x64.Build.0 = checked|x64
		{008EFFAB-5347-3DEF-947B-AFA88CA943E2}.profile|x64.ActiveCfg = profile|x64
		{008EFFAB-5347-3DEF-947B-AFA88CA943E2}.profile|x64.Build.0 = profile|x64
		{008EFFAB-5347-3DEF-947B-AFA88CA943E2}.release|x64.ActiveCfg = release|x64
		{008EFFAB-5347-3DEF-947B-AFA88CA943E2}.release|x64.Build.0 = release|x64
		{7B2B51ED-41EC-37B3-8243-EC9EAE0F1B03}.debug|x64.ActiveCfg = debug|x64
		{7B2B51ED-41EC-37B3-8243-EC9EAE0F1B03}.debug|x64.Build.0 = debug|x64
		{7B2B51ED-41EC-37B3-8243-EC9EAE0F1B03}.checked|x64.ActiveCfg = checked|x64
		{7B2B51ED-41EC-37B3-8243-EC9EAE0F1B03}.checked|x64.Build.0 = checked|x64
		{7B2B51ED-41EC-37B3-8243-EC9EAE0F1B03}.profile|x64.ActiveCfg = profile|x64
		{7B2B51ED-41EC-37B3-8243-EC9EAE0F1B03}.profile|x64.Build.0 = profile|x64
		{7B2B51ED-41EC-37B3-8243-EC9EAE0F1B03}.release|x64.ActiveCfg = release|x64
		{7B2B51ED-41EC-37B3-8243-EC9EAE0F1B03}.release|x64.Build.0 = release|x64
		{32C7B75A-9F1F-343E-9AD2-14F17F347E16}.debug|x64.ActiveCfg = debug|x64
		{32C7B75A-9F1F-343E-9AD2-14F17F347E16}.debug|x64.Build.0 = debug|x64
		{32C7B75A-9F1F-343E-9AD2-14F17F347E16}.checked|x64.ActiveCfg = checked|x64
		{32C7B75A-9F1F-343E-9AD2-14F17F347E16}.checked|x64.Build.0 = checked|x64
		{32C7B75A-9F1F-343E-9AD2-14F17F347E16}.profile|x64.ActiveCfg = profile|x64
		{32C7B75A-9F1F-343E-9AD2-14F17F347E16}.profile|x64.Build.0 = profile|x64
		{32C7B75A-9F1F-343E-9AD2-14F17F347E16}.release|x64.ActiveCfg = release|x64
		{32C7B75A-9F1F-343E-9AD2-14F17F347E16}.release|x64.Build.0 = release|x64
		{A0BD0FA7-833A-3942-92F6-D8E401415432}.debug|x64.ActiveCfg = debug|x64
		{A0BD0FA7-833A-3942-92F6-D8E401415432}.debug|x64.Build.0 = debug|x64
		{A0BD0FA7-833A-3942-92F6-D8E401415432}.checked|x64.ActiveCfg = checked|x64
		{A0BD0FA7-833A-3942-92F6-D8E401415432}.checked|x64.Build.0 = checked|x64
		{A0BD0FA7-833A-3942-92F6-D8E401415432}.profile|x64.ActiveCfg = profile|x64
		{A0BD0FA7-833A-3942-92F6-D8E401415432}.profile|x64.Build.0 = profile|x64
		{A0BD0FA7-833A-3942-92F6-D8E401415432}.release|x64.ActiveCfg = release|x64
		{A0BD0FA7-833A-3942-92F6-D8E401415432}.release|x64.Build.0 = release|x64
		{2ECB861C-286D-318D-B89A-3B594A572EEE}.debug|x64.ActiveCfg = debug|x64
		{2ECB861C-286D-318D-B89A-3B594A572EEE}.debug|x64.Build.0 = debug|x64
		{2ECB861C-286D-318D-B89A-3B594A572EEE}.checked|x64.ActiveCfg = checked|x64
		{2ECB861C-286D-318D-B89A-3B594A572EEE}.checked|x64.Build.0 = checked|x64
		{2ECB861C-286D-318D-B89A-3B594A572EEE}.profile|x64.ActiveCfg = profile|x64
		{2ECB861C-286D-318D-B89A-3B594A572EEE}.profile|x64.Build.0 = profile|x64
		{2ECB861C-286D-318D-B89A-3B594A572EEE}.release|x64.ActiveCfg = release|x64
		{2ECB861C-286D-318D-B89A-3B594A572EEE}.release|x64.Build.0 = release|x64
		{648FE647-BD40-3596-AEA4-65586E370284}.debug|x64.ActiveCfg = debug|x64
		{648FE647-BD40-3596-AEA4-65586E370284}.debug|x64.Build.0 = debug|x64
		{648FE647-BD40-3596-AEA4-65586E370284}.checked|x64.ActiveCfg = checked|x64
		{648FE647-BD40-3596-AEA4-65586E370284}.checked|x64.Build.0 = checked|x64
		{648FE647-BD40-3596-AEA4-65586E370284}.profile|x64.ActiveCfg = profile|x64
		{648FE647-BD40-3596-AEA4-65586E370284}.profile|x64.Build.0 = profile|x64
		{648FE647-BD40-3596-AEA4-65586E370284}.release|x64.ActiveCfg = release|x64
		{648FE647-BD40-3596-AEA4-65586E370284}.release|x64.Build.0 = release|x64
		{73466747-3F16-39C2-9D75-E85572C3A943}.debug|x64.ActiveCfg = debug|x64
		{73466747-3F16-39C2-9D75-E85572C3A943}.debug|x64.Build.0 = debug|x64
		{73466747-3F16-39C2-9D75-E85572C3A943}.checked|x64.ActiveCfg = checked|x64
		{73466747-3F16-39C2-9D75-E85572C3A943}.checked|x64.Build.0 = checked|x64
		{73466747-3F16-39C2-9D75-E85572C3A943}.profile|x64.ActiveCfg = profile|x64
		{73466747-3F16-39C2-9D75-E85572C3A943}.profile|x64.Build.0 = profile|x64
		{73466747-3F16-39C2-9D75-E85572C3A943}.release|x64.ActiveCfg = release|x64
		{73466747-3F16-39C2-9D75-E85572C3A943}.release|x64.Build.0 = release|x64
		{96ABAB05-3C13-38C5-8DC5-7223C6CE386C}.debug|x64.ActiveCfg = debug|x64
		{96ABAB05-3C13-38C5-8DC5-7223C6CE386C}.debug|x64.Build.0 = debug|x64
		{96ABAB05-3C13-38C5-8DC5-7223C6CE386C}.checked|x64.ActiveCfg = checked|x64
		{96ABAB05-3C13-38C5-8DC5-7223C6CE386C}.checked|x64.Build.0 = checked|x64
		{96ABAB05-3C13-38C5-8DC5-7223C6CE386C}.profile|x64.ActiveCfg = profile|x64
		{96ABAB05-3C13-38C5-8DC5-7223C6CE386C}.profile|x64.Build.0 = profile|x64
		{96ABAB05-3C13-38C5-8DC5-7223C6CE386C}.release|x64.ActiveCfg = release|x64
		{96ABAB05-3C13-38C5-8DC5-7223C6CE386C}.release|x64.Build.0 = release|x64
		{88E6998E-6E4C-3357-8FFA-800397FA5CC5}.debug|x64.ActiveCfg = debug|x64
		{88E6998E-6E4C-3357-8FFA-800397FA5CC5}.debug|x64.Build.0 = debug|x64
		{88E6998E-6E4C-3357-8FFA-800397FA5CC5}.checked|x64.ActiveCfg = checked|x64
		{88E6998E-6E4C-3357-8FFA-800397FA5CC5}.checked|x64.Build.0 = checked|x64
		{88E6998E-6E4C-3357-8FFA-800397FA5CC5}.profile|x64.ActiveCfg = profile|x64
		{88E6998E-6E4C-3357-8FFA-800397FA5CC5}.profile|x64.Build.0 = profile|x64
		{88E6998E-6E4C-3357-8FFA-800397FA5CC5}.release|x64.ActiveCfg = release|x64
		{88E6998E-6E4C-3357-8FFA-800397FA5CC5}.release|x64.Build.0 = release|x64
		{1AA99834-966E-3665-A455-62BEC7361930}.debug|x64.ActiveCfg = debug|x64
		{1AA99834-966E-3665-A455-62BEC7361930}.debug|x64.Build.0 = debug|x64
		{1AA99834-966E-3665-A455-62BEC7361930}.checked|x64.ActiveCfg = checked|x64
		{1AA99834-966E-3665-A455-62BEC7361930}.checked|x64.Build.0 = checked|x64
		{1AA99834-966E-3665-A455-62BEC7361930}.profile|x64.ActiveCfg = profile|x64
		{1AA99834-966E-3665-A455-62BEC7361930}.profile|x64.Build.0 = profile|x64
		{1AA99834-966E-3665-A455-62BEC7361930}.release|x64.ActiveCfg = release|x64
		{1AA99834-966E-3665-A455-62BEC7361930}.release|x64.Build.0 = release|x64
		{FDFA41D1-FA23-3CC1-A2E1-B2497F82AA31}.debug|x64.ActiveCfg = debug|x64
		{FDFA41D1-FA23-3CC1-A2E1-B2497F82AA31}.debug|x64.Build.0 = debug|x64
		{FDFA41D1-FA23-3CC1-A2E1-B2497F82AA31}.checked|x64.ActiveCfg = checked|x64
		{FDFA41D1-FA23-3CC1-A2E1-B2497F82AA31}.checked|x64.Build.0 = checked|x64
		{FDFA41D1-FA23-3CC1-A2E1-B2497F82AA31}.profile|x64.ActiveCfg = profile|x64
		{FDFA41D1-FA23-3CC1-A2E1-B2497F82AA31}.profile|x64.Build.0 = profile|x64
		{FDFA41D1-FA23-3CC1-A2E1-B2497F82AA31}.release|x64.ActiveCfg = release|x64
		{FDFA41D1-FA23-3CC1-A2E1-B2497F82AA31}.release|x64.Build.0 = release|x64
		{90EDDA6E-27CE-3574-9054-B68122452944}.debug|x64.ActiveCfg = debug|x64
		{90EDDA6E-27CE-3574-9054-B68122452944}.debug|x64.Build.0 = debug|x64
		{90EDDA6E-27CE-3574-9054-B68122452944}.checked|x64.ActiveCfg = checked|x64
		{90EDDA6E-27CE-3574-9054-B68122452944}.checked|x64.Build.0 = checked|x64
		{90EDDA6E-27CE-3574-9054-B68122452944}.profile|x64.ActiveCfg = profile|x64
		{90EDDA6E-27CE-3574-9054-B68122452944}.profile|x64.Build.0 = profile|x64
		{90EDDA6E-27CE-3574-9054-B68122452944}.release|x64.ActiveCfg = release|x64
		{90EDDA6E-27CE-3574-9054-B68122452944}.release|x64.Build.0 = release|x64
		{9AE7B666-1257-305B-AC99-6CC9665D0A3B}.debug|x64.ActiveCfg = debug|x64
		{9AE7B666-1257-305B-AC99-6CC9665D0A3B}.debug|x64.Build.0 = debug|x64
		{9AE7B666-1257-305B-AC99-6CC9665D0A3B}.checked|x64.ActiveCfg = checked|x64
		{9AE7B666-1257-305B-AC99-6CC9665D0A3B}.checked|x64.Build.0 = checked|x64
		{9AE7B666-1257-305B-AC99-6CC9665D0A3B}.profile|x64.ActiveCfg = profile|x64
		{9AE7B666-1257-305B-AC99-6CC9665D0A3B}.profile|x64.Build.0 = profile|x64
		{9AE7B666-1257-305B-AC99-6CC9665D0A3B}.release|x64.ActiveCfg = release|x64
		{9AE7B666-1257-305B-AC99-6CC9665D0A3B}.release|x64.Build.0 = release|x64
		{C5FD0C2B-4F24-3F0E-8AA7-F37904EF3212}.debug|x64.ActiveCfg = debug|x64
		{C5FD0C2B-4F24-3F0E-8AA7-F37904EF3212}.debug|x64.Build.0 = debug|x64
		{C5FD0C2B-4F24-3F0E-8AA7-F37904EF3212}.checked|x64.ActiveCfg = checked|x64
		{C5FD0C2B-4F24-3F0E-8AA7-F37904EF3212}.checked|x64.Build.0 = checked|x64
		{C5FD0C2B-4F24-3F0E-8AA7-F37904EF3212}.profile|x64.ActiveCfg = profile|x64
		{C5FD0C2B-4F24-3F0E-8AA7-F37904EF3212}.profile|x64.Build.0 = profile|x64
		{C5FD0C2B-4F24-3F0E-8AA7-F37904EF3212}.release|x64.ActiveCfg = release|x64
		{C5FD0C2B-4F24-3F0E-8AA7-F37904EF3212}.release|x64.Build.0 = release|x64
	EndGlobalSection
	GlobalSection(NestedProjects) = preSolution
		{4C582885-3FBF-33E8-B354-C2C58C8B3B42} = {812398F9-01D1-3E00-BDD3-DF75F344245A}
		{04D887FF-A4C9-3476-B28B-DB00723268E8} = {812398F9-01D1-3E00-BDD3-DF75F344245A}
		{C5FD0C2B-4F24-3F0E-8AA7-F37904EF3212} = {812398F9-01D1-3E00-BDD3-DF75F344245A}
		{79EEFA41-6316-3203-9838-7C425066BCF7} = {A4C54911-B182-382E-B90B-36BDF6501342}
		{843E09B2-CAE2-3C79-B6E6-96BE5592046B} = {A4C54911-B182-382E-B90B-36BDF6501342}
		{2E852E29-E590-36DA-9ABC-31CD93AA2175} = {A4C54911-B182-382E-B90B-36BDF6501342}
		{E16A1F92-64E9-3C48-907B-8FCEB0AB88CB} = {A4C54911-B182-382E-B90B-36BDF6501342}
		{35013183-A876-3E18-8E2E-50611787C2B6} = {A4C54911-B182-382E-B90B-36BDF6501342}
		{098452BF-253F-3F06-863E-A22FCA84F5F8} = {A4C54911-B182-382E-B90B-36BDF6501342}
		{69793B32-F427-3556-AFD9-E9AA2345DD70} = {A4C54911-B182-382E-B90B-36BDF6501342}
		{52D99652-AB20-3334-BF74-704056A294D4} = {A4C54911-B182-382E-B90B-36BDF6501342}
		{A13A999B-4BAF-306D-974E-10626AADB061} = {A4C54911-B182-382E-B90B-36BDF6501342}
		{62DF4F58-4A2D-3E34-9B39-35D9F1B0CC89} = {A4C54911-B182-382E-B90B-36BDF6501342}
		{30334D28-88D8-3BC1-95CB-5824DBAC0C15} = {A4C54911-B182-382E-B90B-36BDF6501342}
		{295EFE87-A312-3B2C-8DBA-EAC6D55F2E8B} = {A4C54911-B182-382E-B90B-36BDF6501342}
		{68A1AA57-502D-3B0F-B545-715FE7DEB304} = {A4C54911-B182-382E-B90B-36BDF6501342}
		{6FE0D966-4639-3D56-BB8D-1E0626D521FA} = {A4C54911-B182-382E-B90B-36BDF6501342}
		{14886ECD-1A2C-3A26-9EEA-91190D0AADD3} = {A4C54911-B182-382E-B90B-36BDF6501342}
		{425D34E7-F4CF-39C6-B004-7AE97BEE7FC2} = {132B3A63-9990-3094-B2DD-76559B8DF8F2}
		{14D774DC-D5DC-368A-883B-14DF5A56C097} = {132B3A63-9990-3094-B2DD-76559B8DF8F2}
		{CB9544C0-C027-3DA5-BF99-A8C58A67BDE9} = {132B3A63-9990-3094-B2DD-76559B8DF8F2}
		{3FA38728-9404-377B-80DB-049B5070AB17} = {132B3A63-9990-3094-B2DD-76559B8DF8F2}
		{178AA5FB-230A-3564-8B54-9C0803F11F0E} = {132B3A63-9990-3094-B2DD-76559B8DF8F2}
		{98A24E0B-7637-3680-B4BD-B6149EF9029A} = {132B3A63-9990-3094-B2DD-76559B8DF8F2}
		{FD0239BE-766E-3309-B32B-577531E4B96C} = {132B3A63-9990-3094-B2DD-76559B8DF8F2}
		{83712356-3A40-390B-963A-C00320E1E37D} = {132B3A63-9990-3094-B2DD-76559B8DF8F2}
		{96BD998D-1CC5-3B5A-9F34-268348B7ADCE} = {132B3A63-9990-3094-B2DD-76559B8DF8F2}
		{0C6EA568-F181-3E6A-9B08-85A053BF33B4} = {132B3A63-9990-3094-B2DD-76559B8DF8F2}
		{A93DFB54-53A9-3B3F-AAA3-D2B8367B56F0} = {132B3A63-9990-3094-B2DD-76559B8DF8F2}
		{9D0716FE-8DA0-32C0-941E-69B2E0DA2E8D} = {132B3A63-9990-3094-B2DD-76559B8DF8F2}
		{C7503E98-25E2-31CF-B91A-EE8FAF6BC659} = {132B3A63-9990-3094-B2DD-76559B8DF8F2}
		{E5330F12-A9D0-3E41-AD03-3F5F0ECB6FEB} = {132B3A63-9990-3094-B2DD-76559B8DF8F2}
		{12CD8A70-32A3-3132-B8B0-AD7F28A3D6B1} = {132B3A63-9990-3094-B2DD-76559B8DF8F2}
		{AB2BAA3E-6A72-3B26-898A-0D9E17406D65} = {132B3A63-9990-3094-B2DD-76559B8DF8F2}
		{8B250DC8-9A4A-3F99-B58D-D51897B94C30} = {132B3A63-9990-3094-B2DD-76559B8DF8F2}
		{39B88E87-BCCB-3226-B444-DD67FF6AE862} = {132B3A63-9990-3094-B2DD-76559B8DF8F2}
		{E283E7B9-CC78-3D7A-88E6-EA07E44EF1ED} = {132B3A63-9990-3094-B2DD-76559B8DF8F2}
		{FC0ACA02-CDF6-3184-A53A-7D1C2615B72E} = {132B3A63-9990-3094-B2DD-76559B8DF8F2}
		{A8875CAF-07E6-3851-8772-D680FAB933D7} = {132B3A63-9990-3094-B2DD-76559B8DF8F2}
		{C49BB41C-6CB6-389C-B2BB-DDF0250B0FCB} = {132B3A63-9990-3094-B2DD-76559B8DF8F2}
		{E3C89421-3EFC-3FE3-8B57-6AE6711B44D1} = {132B3A63-9990-3094-B2DD-76559B8DF8F2}
		{008EFFAB-5347-3DEF-947B-AFA88CA943E2} = {132B3A63-9990-3094-B2DD-76559B8DF8F2}
		{7B2B51ED-41EC-37B3-8243-EC9EAE0F1B03} = {132B3A63-9990-3094-B2DD-76559B8DF8F2}
		{32C7B75A-9F1F-343E-9AD2-14F17F347E16} = {132B3A63-9990-3094-B2DD-76559B8DF8F2}
		{A0BD0FA7-833A-3942-92F6-D8E401415432} = {132B3A63-9990-3094-B2DD-76559B8DF8F2}
		{2ECB861C-286D-318D-B89A-3B594A572EEE} = {132B3A63-9990-3094-B2DD-76559B8DF8F2}
		{648FE647-BD40-3596-AEA4-65586E370284} = {132B3A63-9990-3094-B2DD-76559B8DF8F2}
		{73466747-3F16-39C2-9D75-E85572C3A943} = {132B3A63-9990-3094-B2DD-76559B8DF8F2}
		{96ABAB05-3C13-38C5-8DC5-7223C6CE386C} = {132B3A63-9990-3094-B2DD-76559B8DF8F2}
		{88E6998E-6E4C-3357-8FFA-800397FA5CC5} = {132B3A63-9990-3094-B2DD-76559B8DF8F2}
		{1AA99834-966E-3665-A455-62BEC7361930} = {132B3A63-9990-3094-B2DD-76559B8DF8F2}
		{FDFA41D1-FA23-3CC1-A2E1-B2497F82AA31} = {132B3A63-9990-3094-B2DD-76559B8DF8F2}
		{90EDDA6E-27CE-3574-9054-B68122452944} = {132B3A63-9990-3094-B2DD-76559B8DF8F2}
		{9AE7B666-1257-305B-AC99-6CC9665D0A3B} = {132B3A63-9990-3094-B2DD-76559B8DF8F2}
	EndGlobalSection
	GlobalSection(ExtensibilityGlobals) = postSolution
		SolutionGuid = {4EE6AF16-DEB3-3F21-9EA7-0DB6B19F0820}
	EndGlobalSection
	GlobalSection(ExtensibilityAddIns) = postSolution
	EndGlobalSection
EndGlobal
