
Microsoft Visual Studio Solution File, Format Version 12.00
# Visual Studio Version 17
Project("{2150E333-8FDC-42A3-9474-1A3956D46DE8}") = "CMakePredefinedTargets", "CMakePredefinedTargets", "{07E56899-DA05-32DB-A51C-69DADFA293E0}"
EndProject
Project("{2150E333-8FDC-42A3-9474-1A3956D46DE8}") = "PhysX SDK", "PhysX SDK", "{527A92E4-F158-3BEE-9EE5-C3E7446BF3FD}"
EndProject
Project("{8BC9CEB8-8B4A-11D0-8D11-00A0C91BC942}") = "ALL_BUILD", "ALL_BUILD.vcxproj", "{19572D19-0449-3B70-B1B6-C5FCBABE1D35}"
	ProjectSection(ProjectDependencies) = postProject
		{A57C15E6-AE54-3112-AEB8-A3A9253B64EB} = {A57C15E6-AE54-3112-AEB8-A3A9253B64EB}
		{C0DD2788-E064-3D4B-AE54-8BEC641C3FDF} = {C0DD2788-E064-3D4B-AE54-8BEC641C3FDF}
		{AA177961-7A62-3520-BF35-522549EB9B6C} = {AA177961-7A62-3520-BF35-522549EB9B6C}
		{142403A4-2038-3472-A917-0EBD3FF309A8} = {142403A4-2038-3472-A917-0EBD3FF309A8}
		{46E1AFD4-87A6-3996-A7FE-CF8BA8478E0B} = {46E1AFD4-87A6-3996-A7FE-CF8BA8478E0B}
		{233F6DA4-EECB-37B0-9C8E-FA82CFEE3495} = {233F6DA4-EECB-37B0-9C8E-FA82CFEE3495}
		{8B8B3DAA-6A07-3AB7-A57B-31641AFE9D2C} = {8B8B3DAA-6A07-3AB7-A57B-31641AFE9D2C}
		{89414508-4A83-3986-B2FA-17B868FC47BE} = {89414508-4A83-3986-B2FA-17B868FC47BE}
		{67F4D21B-D52A-3E5E-9899-7FA8CE1C5481} = {67F4D21B-D52A-3E5E-9899-7FA8CE1C5481}
		{DD627DC8-3786-32DD-A10E-A335BE364017} = {DD627DC8-3786-32DD-A10E-A335BE364017}
		{00FDBEFC-CC0D-37A9-B5BA-AB8FE88804E6} = {00FDBEFC-CC0D-37A9-B5BA-AB8FE88804E6}
		{ECF7CF8D-DA05-302C-8035-B6566C15711F} = {ECF7CF8D-DA05-302C-8035-B6566C15711F}
		{CC6CAB8E-7CBB-38D9-99EE-DC9C6036F45F} = {CC6CAB8E-7CBB-38D9-99EE-DC9C6036F45F}
		{B52914E2-6E13-3684-B87D-8ED3C43EFC18} = {B52914E2-6E13-3684-B87D-8ED3C43EFC18}
		{5BA64B90-C43E-3067-8334-29B7E1E25AF3} = {5BA64B90-C43E-3067-8334-29B7E1E25AF3}
		{E00532A0-0596-331B-BCBA-660BBE889E45} = {E00532A0-0596-331B-BCBA-660BBE889E45}
	EndProjectSection
EndProject
Project("{8BC9CEB8-8B4A-11D0-8D11-00A0C91BC942}") = "FastXml", "FastXml.vcxproj", "{A57C15E6-AE54-3112-AEB8-A3A9253B64EB}"
	ProjectSection(ProjectDependencies) = postProject
		{E00532A0-0596-331B-BCBA-660BBE889E45} = {E00532A0-0596-331B-BCBA-660BBE889E45}
	EndProjectSection
EndProject
Project("{8BC9CEB8-8B4A-11D0-8D11-00A0C91BC942}") = "INSTALL", "INSTALL.vcxproj", "{21D083B5-CABB-3777-B2E4-530DFE44FF79}"
	ProjectSection(ProjectDependencies) = postProject
		{19572D19-0449-3B70-B1B6-C5FCBABE1D35} = {19572D19-0449-3B70-B1B6-C5FCBABE1D35}
		{E00532A0-0596-331B-BCBA-660BBE889E45} = {E00532A0-0596-331B-BCBA-660BBE889E45}
	EndProjectSection
EndProject
Project("{8BC9CEB8-8B4A-11D0-8D11-00A0C91BC942}") = "LowLevel", "LowLevel.vcxproj", "{C0DD2788-E064-3D4B-AE54-8BEC641C3FDF}"
	ProjectSection(ProjectDependencies) = postProject
		{E00532A0-0596-331B-BCBA-660BBE889E45} = {E00532A0-0596-331B-BCBA-660BBE889E45}
	EndProjectSection
EndProject
Project("{8BC9CEB8-8B4A-11D0-8D11-00A0C91BC942}") = "LowLevelAABB", "LowLevelAABB.vcxproj", "{AA177961-7A62-3520-BF35-522549EB9B6C}"
	ProjectSection(ProjectDependencies) = postProject
		{E00532A0-0596-331B-BCBA-660BBE889E45} = {E00532A0-0596-331B-BCBA-660BBE889E45}
	EndProjectSection
EndProject
Project("{8BC9CEB8-8B4A-11D0-8D11-00A0C91BC942}") = "LowLevelDynamics", "LowLevelDynamics.vcxproj", "{142403A4-2038-3472-A917-0EBD3FF309A8}"
	ProjectSection(ProjectDependencies) = postProject
		{E00532A0-0596-331B-BCBA-660BBE889E45} = {E00532A0-0596-331B-BCBA-660BBE889E45}
	EndProjectSection
EndProject
Project("{8BC9CEB8-8B4A-11D0-8D11-00A0C91BC942}") = "PhysX", "PhysX.vcxproj", "{46E1AFD4-87A6-3996-A7FE-CF8BA8478E0B}"
	ProjectSection(ProjectDependencies) = postProject
		{C0DD2788-E064-3D4B-AE54-8BEC641C3FDF} = {C0DD2788-E064-3D4B-AE54-8BEC641C3FDF}
		{AA177961-7A62-3520-BF35-522549EB9B6C} = {AA177961-7A62-3520-BF35-522549EB9B6C}
		{142403A4-2038-3472-A917-0EBD3FF309A8} = {142403A4-2038-3472-A917-0EBD3FF309A8}
		{8B8B3DAA-6A07-3AB7-A57B-31641AFE9D2C} = {8B8B3DAA-6A07-3AB7-A57B-31641AFE9D2C}
		{DD627DC8-3786-32DD-A10E-A335BE364017} = {DD627DC8-3786-32DD-A10E-A335BE364017}
		{00FDBEFC-CC0D-37A9-B5BA-AB8FE88804E6} = {00FDBEFC-CC0D-37A9-B5BA-AB8FE88804E6}
		{ECF7CF8D-DA05-302C-8035-B6566C15711F} = {ECF7CF8D-DA05-302C-8035-B6566C15711F}
		{B52914E2-6E13-3684-B87D-8ED3C43EFC18} = {B52914E2-6E13-3684-B87D-8ED3C43EFC18}
		{5BA64B90-C43E-3067-8334-29B7E1E25AF3} = {5BA64B90-C43E-3067-8334-29B7E1E25AF3}
		{E00532A0-0596-331B-BCBA-660BBE889E45} = {E00532A0-0596-331B-BCBA-660BBE889E45}
	EndProjectSection
EndProject
Project("{8BC9CEB8-8B4A-11D0-8D11-00A0C91BC942}") = "PhysXCharacterKinematic", "PhysXCharacterKinematic.vcxproj", "{233F6DA4-EECB-37B0-9C8E-FA82CFEE3495}"
	ProjectSection(ProjectDependencies) = postProject
		{DD627DC8-3786-32DD-A10E-A335BE364017} = {DD627DC8-3786-32DD-A10E-A335BE364017}
		{E00532A0-0596-331B-BCBA-660BBE889E45} = {E00532A0-0596-331B-BCBA-660BBE889E45}
	EndProjectSection
EndProject
Project("{8BC9CEB8-8B4A-11D0-8D11-00A0C91BC942}") = "PhysXCommon", "PhysXCommon.vcxproj", "{8B8B3DAA-6A07-3AB7-A57B-31641AFE9D2C}"
	ProjectSection(ProjectDependencies) = postProject
		{DD627DC8-3786-32DD-A10E-A335BE364017} = {DD627DC8-3786-32DD-A10E-A335BE364017}
		{E00532A0-0596-331B-BCBA-660BBE889E45} = {E00532A0-0596-331B-BCBA-660BBE889E45}
	EndProjectSection
EndProject
Project("{8BC9CEB8-8B4A-11D0-8D11-00A0C91BC942}") = "PhysXCooking", "PhysXCooking.vcxproj", "{89414508-4A83-3986-B2FA-17B868FC47BE}"
	ProjectSection(ProjectDependencies) = postProject
		{8B8B3DAA-6A07-3AB7-A57B-31641AFE9D2C} = {8B8B3DAA-6A07-3AB7-A57B-31641AFE9D2C}
		{DD627DC8-3786-32DD-A10E-A335BE364017} = {DD627DC8-3786-32DD-A10E-A335BE364017}
		{E00532A0-0596-331B-BCBA-660BBE889E45} = {E00532A0-0596-331B-BCBA-660BBE889E45}
	EndProjectSection
EndProject
Project("{8BC9CEB8-8B4A-11D0-8D11-00A0C91BC942}") = "PhysXExtensions", "PhysXExtensions.vcxproj", "{67F4D21B-D52A-3E5E-9899-7FA8CE1C5481}"
	ProjectSection(ProjectDependencies) = postProject
		{A57C15E6-AE54-3112-AEB8-A3A9253B64EB} = {A57C15E6-AE54-3112-AEB8-A3A9253B64EB}
		{46E1AFD4-87A6-3996-A7FE-CF8BA8478E0B} = {46E1AFD4-87A6-3996-A7FE-CF8BA8478E0B}
		{DD627DC8-3786-32DD-A10E-A335BE364017} = {DD627DC8-3786-32DD-A10E-A335BE364017}
		{00FDBEFC-CC0D-37A9-B5BA-AB8FE88804E6} = {00FDBEFC-CC0D-37A9-B5BA-AB8FE88804E6}
		{E00532A0-0596-331B-BCBA-660BBE889E45} = {E00532A0-0596-331B-BCBA-660BBE889E45}
	EndProjectSection
EndProject
Project("{8BC9CEB8-8B4A-11D0-8D11-00A0C91BC942}") = "PhysXFoundation", "PhysXFoundation.vcxproj", "{DD627DC8-3786-32DD-A10E-A335BE364017}"
	ProjectSection(ProjectDependencies) = postProject
		{E00532A0-0596-331B-BCBA-660BBE889E45} = {E00532A0-0596-331B-BCBA-660BBE889E45}
	EndProjectSection
EndProject
Project("{8BC9CEB8-8B4A-11D0-8D11-00A0C91BC942}") = "PhysXPvdSDK", "PhysXPvdSDK.vcxproj", "{00FDBEFC-CC0D-37A9-B5BA-AB8FE88804E6}"
	ProjectSection(ProjectDependencies) = postProject
		{DD627DC8-3786-32DD-A10E-A335BE364017} = {DD627DC8-3786-32DD-A10E-A335BE364017}
		{E00532A0-0596-331B-BCBA-660BBE889E45} = {E00532A0-0596-331B-BCBA-660BBE889E45}
	EndProjectSection
EndProject
Project("{8BC9CEB8-8B4A-11D0-8D11-00A0C91BC942}") = "PhysXTask", "PhysXTask.vcxproj", "{ECF7CF8D-DA05-302C-8035-B6566C15711F}"
	ProjectSection(ProjectDependencies) = postProject
		{E00532A0-0596-331B-BCBA-660BBE889E45} = {E00532A0-0596-331B-BCBA-660BBE889E45}
	EndProjectSection
EndProject
Project("{8BC9CEB8-8B4A-11D0-8D11-00A0C91BC942}") = "PhysXVehicle", "PhysXVehicle.vcxproj", "{CC6CAB8E-7CBB-38D9-99EE-DC9C6036F45F}"
	ProjectSection(ProjectDependencies) = postProject
		{DD627DC8-3786-32DD-A10E-A335BE364017} = {DD627DC8-3786-32DD-A10E-A335BE364017}
		{00FDBEFC-CC0D-37A9-B5BA-AB8FE88804E6} = {00FDBEFC-CC0D-37A9-B5BA-AB8FE88804E6}
		{E00532A0-0596-331B-BCBA-660BBE889E45} = {E00532A0-0596-331B-BCBA-660BBE889E45}
	EndProjectSection
EndProject
Project("{8BC9CEB8-8B4A-11D0-8D11-00A0C91BC942}") = "SceneQuery", "SceneQuery.vcxproj", "{B52914E2-6E13-3684-B87D-8ED3C43EFC18}"
	ProjectSection(ProjectDependencies) = postProject
		{E00532A0-0596-331B-BCBA-660BBE889E45} = {E00532A0-0596-331B-BCBA-660BBE889E45}
	EndProjectSection
EndProject
Project("{8BC9CEB8-8B4A-11D0-8D11-00A0C91BC942}") = "SimulationController", "SimulationController.vcxproj", "{5BA64B90-C43E-3067-8334-29B7E1E25AF3}"
	ProjectSection(ProjectDependencies) = postProject
		{E00532A0-0596-331B-BCBA-660BBE889E45} = {E00532A0-0596-331B-BCBA-660BBE889E45}
	EndProjectSection
EndProject
Project("{8BC9CEB8-8B4A-11D0-8D11-00A0C91BC942}") = "ZERO_CHECK", "..\\ZERO_CHECK.vcxproj", "{E00532A0-0596-331B-BCBA-660BBE889E45}"
	ProjectSection(ProjectDependencies) = postProject
	EndProjectSection
EndProject
Global
	GlobalSection(SolutionConfigurationPlatforms) = preSolution
		debug|x64 = debug|x64
		checked|x64 = checked|x64
		profile|x64 = profile|x64
		release|x64 = release|x64
	EndGlobalSection
	GlobalSection(ProjectConfigurationPlatforms) = postSolution
		{19572D19-0449-3B70-B1B6-C5FCBABE1D35}.debug|x64.ActiveCfg = debug|x64
		{19572D19-0449-3B70-B1B6-C5FCBABE1D35}.debug|x64.Build.0 = debug|x64
		{19572D19-0449-3B70-B1B6-C5FCBABE1D35}.checked|x64.ActiveCfg = checked|x64
		{19572D19-0449-3B70-B1B6-C5FCBABE1D35}.checked|x64.Build.0 = checked|x64
		{19572D19-0449-3B70-B1B6-C5FCBABE1D35}.profile|x64.ActiveCfg = profile|x64
		{19572D19-0449-3B70-B1B6-C5FCBABE1D35}.profile|x64.Build.0 = profile|x64
		{19572D19-0449-3B70-B1B6-C5FCBABE1D35}.release|x64.ActiveCfg = release|x64
		{19572D19-0449-3B70-B1B6-C5FCBABE1D35}.release|x64.Build.0 = release|x64
		{A57C15E6-AE54-3112-AEB8-A3A9253B64EB}.debug|x64.ActiveCfg = debug|x64
		{A57C15E6-AE54-3112-AEB8-A3A9253B64EB}.debug|x64.Build.0 = debug|x64
		{A57C15E6-AE54-3112-AEB8-A3A9253B64EB}.checked|x64.ActiveCfg = checked|x64
		{A57C15E6-AE54-3112-AEB8-A3A9253B64EB}.checked|x64.Build.0 = checked|x64
		{A57C15E6-AE54-3112-AEB8-A3A9253B64EB}.profile|x64.ActiveCfg = profile|x64
		{A57C15E6-AE54-3112-AEB8-A3A9253B64EB}.profile|x64.Build.0 = profile|x64
		{A57C15E6-AE54-3112-AEB8-A3A9253B64EB}.release|x64.ActiveCfg = release|x64
		{A57C15E6-AE54-3112-AEB8-A3A9253B64EB}.release|x64.Build.0 = release|x64
		{21D083B5-CABB-3777-B2E4-530DFE44FF79}.debug|x64.ActiveCfg = debug|x64
		{21D083B5-CABB-3777-B2E4-530DFE44FF79}.checked|x64.ActiveCfg = checked|x64
		{21D083B5-CABB-3777-B2E4-530DFE44FF79}.profile|x64.ActiveCfg = profile|x64
		{21D083B5-CABB-3777-B2E4-530DFE44FF79}.release|x64.ActiveCfg = release|x64
		{C0DD2788-E064-3D4B-AE54-8BEC641C3FDF}.debug|x64.ActiveCfg = debug|x64
		{C0DD2788-E064-3D4B-AE54-8BEC641C3FDF}.debug|x64.Build.0 = debug|x64
		{C0DD2788-E064-3D4B-AE54-8BEC641C3FDF}.checked|x64.ActiveCfg = checked|x64
		{C0DD2788-E064-3D4B-AE54-8BEC641C3FDF}.checked|x64.Build.0 = checked|x64
		{C0DD2788-E064-3D4B-AE54-8BEC641C3FDF}.profile|x64.ActiveCfg = profile|x64
		{C0DD2788-E064-3D4B-AE54-8BEC641C3FDF}.profile|x64.Build.0 = profile|x64
		{C0DD2788-E064-3D4B-AE54-8BEC641C3FDF}.release|x64.ActiveCfg = release|x64
		{C0DD2788-E064-3D4B-AE54-8BEC641C3FDF}.release|x64.Build.0 = release|x64
		{AA177961-7A62-3520-BF35-522549EB9B6C}.debug|x64.ActiveCfg = debug|x64
		{AA177961-7A62-3520-BF35-522549EB9B6C}.debug|x64.Build.0 = debug|x64
		{AA177961-7A62-3520-BF35-522549EB9B6C}.checked|x64.ActiveCfg = checked|x64
		{AA177961-7A62-3520-BF35-522549EB9B6C}.checked|x64.Build.0 = checked|x64
		{AA177961-7A62-3520-BF35-522549EB9B6C}.profile|x64.ActiveCfg = profile|x64
		{AA177961-7A62-3520-BF35-522549EB9B6C}.profile|x64.Build.0 = profile|x64
		{AA177961-7A62-3520-BF35-522549EB9B6C}.release|x64.ActiveCfg = release|x64
		{AA177961-7A62-3520-BF35-522549EB9B6C}.release|x64.Build.0 = release|x64
		{142403A4-2038-3472-A917-0EBD3FF309A8}.debug|x64.ActiveCfg = debug|x64
		{142403A4-2038-3472-A917-0EBD3FF309A8}.debug|x64.Build.0 = debug|x64
		{142403A4-2038-3472-A917-0EBD3FF309A8}.checked|x64.ActiveCfg = checked|x64
		{142403A4-2038-3472-A917-0EBD3FF309A8}.checked|x64.Build.0 = checked|x64
		{142403A4-2038-3472-A917-0EBD3FF309A8}.profile|x64.ActiveCfg = profile|x64
		{142403A4-2038-3472-A917-0EBD3FF309A8}.profile|x64.Build.0 = profile|x64
		{142403A4-2038-3472-A917-0EBD3FF309A8}.release|x64.ActiveCfg = release|x64
		{142403A4-2038-3472-A917-0EBD3FF309A8}.release|x64.Build.0 = release|x64
		{46E1AFD4-87A6-3996-A7FE-CF8BA8478E0B}.debug|x64.ActiveCfg = debug|x64
		{46E1AFD4-87A6-3996-A7FE-CF8BA8478E0B}.debug|x64.Build.0 = debug|x64
		{46E1AFD4-87A6-3996-A7FE-CF8BA8478E0B}.checked|x64.ActiveCfg = checked|x64
		{46E1AFD4-87A6-3996-A7FE-CF8BA8478E0B}.checked|x64.Build.0 = checked|x64
		{46E1AFD4-87A6-3996-A7FE-CF8BA8478E0B}.profile|x64.ActiveCfg = profile|x64
		{46E1AFD4-87A6-3996-A7FE-CF8BA8478E0B}.profile|x64.Build.0 = profile|x64
		{46E1AFD4-87A6-3996-A7FE-CF8BA8478E0B}.release|x64.ActiveCfg = release|x64
		{46E1AFD4-87A6-3996-A7FE-CF8BA8478E0B}.release|x64.Build.0 = release|x64
		{233F6DA4-EECB-37B0-9C8E-FA82CFEE3495}.debug|x64.ActiveCfg = debug|x64
		{233F6DA4-EECB-37B0-9C8E-FA82CFEE3495}.debug|x64.Build.0 = debug|x64
		{233F6DA4-EECB-37B0-9C8E-FA82CFEE3495}.checked|x64.ActiveCfg = checked|x64
		{233F6DA4-EECB-37B0-9C8E-FA82CFEE3495}.checked|x64.Build.0 = checked|x64
		{233F6DA4-EECB-37B0-9C8E-FA82CFEE3495}.profile|x64.ActiveCfg = profile|x64
		{233F6DA4-EECB-37B0-9C8E-FA82CFEE3495}.profile|x64.Build.0 = profile|x64
		{233F6DA4-EECB-37B0-9C8E-FA82CFEE3495}.release|x64.ActiveCfg = release|x64
		{233F6DA4-EECB-37B0-9C8E-FA82CFEE3495}.release|x64.Build.0 = release|x64
		{8B8B3DAA-6A07-3AB7-A57B-31641AFE9D2C}.debug|x64.ActiveCfg = debug|x64
		{8B8B3DAA-6A07-3AB7-A57B-31641AFE9D2C}.debug|x64.Build.0 = debug|x64
		{8B8B3DAA-6A07-3AB7-A57B-31641AFE9D2C}.checked|x64.ActiveCfg = checked|x64
		{8B8B3DAA-6A07-3AB7-A57B-31641AFE9D2C}.checked|x64.Build.0 = checked|x64
		{8B8B3DAA-6A07-3AB7-A57B-31641AFE9D2C}.profile|x64.ActiveCfg = profile|x64
		{8B8B3DAA-6A07-3AB7-A57B-31641AFE9D2C}.profile|x64.Build.0 = profile|x64
		{8B8B3DAA-6A07-3AB7-A57B-31641AFE9D2C}.release|x64.ActiveCfg = release|x64
		{8B8B3DAA-6A07-3AB7-A57B-31641AFE9D2C}.release|x64.Build.0 = release|x64
		{89414508-4A83-3986-B2FA-17B868FC47BE}.debug|x64.ActiveCfg = debug|x64
		{89414508-4A83-3986-B2FA-17B868FC47BE}.debug|x64.Build.0 = debug|x64
		{89414508-4A83-3986-B2FA-17B868FC47BE}.checked|x64.ActiveCfg = checked|x64
		{89414508-4A83-3986-B2FA-17B868FC47BE}.checked|x64.Build.0 = checked|x64
		{89414508-4A83-3986-B2FA-17B868FC47BE}.profile|x64.ActiveCfg = profile|x64
		{89414508-4A83-3986-B2FA-17B868FC47BE}.profile|x64.Build.0 = profile|x64
		{89414508-4A83-3986-B2FA-17B868FC47BE}.release|x64.ActiveCfg = release|x64
		{89414508-4A83-3986-B2FA-17B868FC47BE}.release|x64.Build.0 = release|x64
		{67F4D21B-D52A-3E5E-9899-7FA8CE1C5481}.debug|x64.ActiveCfg = debug|x64
		{67F4D21B-D52A-3E5E-9899-7FA8CE1C5481}.debug|x64.Build.0 = debug|x64
		{67F4D21B-D52A-3E5E-9899-7FA8CE1C5481}.checked|x64.ActiveCfg = checked|x64
		{67F4D21B-D52A-3E5E-9899-7FA8CE1C5481}.checked|x64.Build.0 = checked|x64
		{67F4D21B-D52A-3E5E-9899-7FA8CE1C5481}.profile|x64.ActiveCfg = profile|x64
		{67F4D21B-D52A-3E5E-9899-7FA8CE1C5481}.profile|x64.Build.0 = profile|x64
		{67F4D21B-D52A-3E5E-9899-7FA8CE1C5481}.release|x64.ActiveCfg = release|x64
		{67F4D21B-D52A-3E5E-9899-7FA8CE1C5481}.release|x64.Build.0 = release|x64
		{DD627DC8-3786-32DD-A10E-A335BE364017}.debug|x64.ActiveCfg = debug|x64
		{DD627DC8-3786-32DD-A10E-A335BE364017}.debug|x64.Build.0 = debug|x64
		{DD627DC8-3786-32DD-A10E-A335BE364017}.checked|x64.ActiveCfg = checked|x64
		{DD627DC8-3786-32DD-A10E-A335BE364017}.checked|x64.Build.0 = checked|x64
		{DD627DC8-3786-32DD-A10E-A335BE364017}.profile|x64.ActiveCfg = profile|x64
		{DD627DC8-3786-32DD-A10E-A335BE364017}.profile|x64.Build.0 = profile|x64
		{DD627DC8-3786-32DD-A10E-A335BE364017}.release|x64.ActiveCfg = release|x64
		{DD627DC8-3786-32DD-A10E-A335BE364017}.release|x64.Build.0 = release|x64
		{00FDBEFC-CC0D-37A9-B5BA-AB8FE88804E6}.debug|x64.ActiveCfg = debug|x64
		{00FDBEFC-CC0D-37A9-B5BA-AB8FE88804E6}.debug|x64.Build.0 = debug|x64
		{00FDBEFC-CC0D-37A9-B5BA-AB8FE88804E6}.checked|x64.ActiveCfg = checked|x64
		{00FDBEFC-CC0D-37A9-B5BA-AB8FE88804E6}.checked|x64.Build.0 = checked|x64
		{00FDBEFC-CC0D-37A9-B5BA-AB8FE88804E6}.profile|x64.ActiveCfg = profile|x64
		{00FDBEFC-CC0D-37A9-B5BA-AB8FE88804E6}.profile|x64.Build.0 = profile|x64
		{00FDBEFC-CC0D-37A9-B5BA-AB8FE88804E6}.release|x64.ActiveCfg = release|x64
		{00FDBEFC-CC0D-37A9-B5BA-AB8FE88804E6}.release|x64.Build.0 = release|x64
		{ECF7CF8D-DA05-302C-8035-B6566C15711F}.debug|x64.ActiveCfg = debug|x64
		{ECF7CF8D-DA05-302C-8035-B6566C15711F}.debug|x64.Build.0 = debug|x64
		{ECF7CF8D-DA05-302C-8035-B6566C15711F}.checked|x64.ActiveCfg = checked|x64
		{ECF7CF8D-DA05-302C-8035-B6566C15711F}.checked|x64.Build.0 = checked|x64
		{ECF7CF8D-DA05-302C-8035-B6566C15711F}.profile|x64.ActiveCfg = profile|x64
		{ECF7CF8D-DA05-302C-8035-B6566C15711F}.profile|x64.Build.0 = profile|x64
		{ECF7CF8D-DA05-302C-8035-B6566C15711F}.release|x64.ActiveCfg = release|x64
		{ECF7CF8D-DA05-302C-8035-B6566C15711F}.release|x64.Build.0 = release|x64
		{CC6CAB8E-7CBB-38D9-99EE-DC9C6036F45F}.debug|x64.ActiveCfg = debug|x64
		{CC6CAB8E-7CBB-38D9-99EE-DC9C6036F45F}.debug|x64.Build.0 = debug|x64
		{CC6CAB8E-7CBB-38D9-99EE-DC9C6036F45F}.checked|x64.ActiveCfg = checked|x64
		{CC6CAB8E-7CBB-38D9-99EE-DC9C6036F45F}.checked|x64.Build.0 = checked|x64
		{CC6CAB8E-7CBB-38D9-99EE-DC9C6036F45F}.profile|x64.ActiveCfg = profile|x64
		{CC6CAB8E-7CBB-38D9-99EE-DC9C6036F45F}.profile|x64.Build.0 = profile|x64
		{CC6CAB8E-7CBB-38D9-99EE-DC9C6036F45F}.release|x64.ActiveCfg = release|x64
		{CC6CAB8E-7CBB-38D9-99EE-DC9C6036F45F}.release|x64.Build.0 = release|x64
		{B52914E2-6E13-3684-B87D-8ED3C43EFC18}.debug|x64.ActiveCfg = debug|x64
		{B52914E2-6E13-3684-B87D-8ED3C43EFC18}.debug|x64.Build.0 = debug|x64
		{B52914E2-6E13-3684-B87D-8ED3C43EFC18}.checked|x64.ActiveCfg = checked|x64
		{B52914E2-6E13-3684-B87D-8ED3C43EFC18}.checked|x64.Build.0 = checked|x64
		{B52914E2-6E13-3684-B87D-8ED3C43EFC18}.profile|x64.ActiveCfg = profile|x64
		{B52914E2-6E13-3684-B87D-8ED3C43EFC18}.profile|x64.Build.0 = profile|x64
		{B52914E2-6E13-3684-B87D-8ED3C43EFC18}.release|x64.ActiveCfg = release|x64
		{B52914E2-6E13-3684-B87D-8ED3C43EFC18}.release|x64.Build.0 = release|x64
		{5BA64B90-C43E-3067-8334-29B7E1E25AF3}.debug|x64.ActiveCfg = debug|x64
		{5BA64B90-C43E-3067-8334-29B7E1E25AF3}.debug|x64.Build.0 = debug|x64
		{5BA64B90-C43E-3067-8334-29B7E1E25AF3}.checked|x64.ActiveCfg = checked|x64
		{5BA64B90-C43E-3067-8334-29B7E1E25AF3}.checked|x64.Build.0 = checked|x64
		{5BA64B90-C43E-3067-8334-29B7E1E25AF3}.profile|x64.ActiveCfg = profile|x64
		{5BA64B90-C43E-3067-8334-29B7E1E25AF3}.profile|x64.Build.0 = profile|x64
		{5BA64B90-C43E-3067-8334-29B7E1E25AF3}.release|x64.ActiveCfg = release|x64
		{5BA64B90-C43E-3067-8334-29B7E1E25AF3}.release|x64.Build.0 = release|x64
		{E00532A0-0596-331B-BCBA-660BBE889E45}.debug|x64.ActiveCfg = debug|x64
		{E00532A0-0596-331B-BCBA-660BBE889E45}.debug|x64.Build.0 = debug|x64
		{E00532A0-0596-331B-BCBA-660BBE889E45}.checked|x64.ActiveCfg = checked|x64
		{E00532A0-0596-331B-BCBA-660BBE889E45}.checked|x64.Build.0 = checked|x64
		{E00532A0-0596-331B-BCBA-660BBE889E45}.profile|x64.ActiveCfg = profile|x64
		{E00532A0-0596-331B-BCBA-660BBE889E45}.profile|x64.Build.0 = profile|x64
		{E00532A0-0596-331B-BCBA-660BBE889E45}.release|x64.ActiveCfg = release|x64
		{E00532A0-0596-331B-BCBA-660BBE889E45}.release|x64.Build.0 = release|x64
	EndGlobalSection
	GlobalSection(NestedProjects) = preSolution
		{19572D19-0449-3B70-B1B6-C5FCBABE1D35} = {07E56899-DA05-32DB-A51C-69DADFA293E0}
		{21D083B5-CABB-3777-B2E4-530DFE44FF79} = {07E56899-DA05-32DB-A51C-69DADFA293E0}
		{E00532A0-0596-331B-BCBA-660BBE889E45} = {07E56899-DA05-32DB-A51C-69DADFA293E0}
		{A57C15E6-AE54-3112-AEB8-A3A9253B64EB} = {527A92E4-F158-3BEE-9EE5-C3E7446BF3FD}
		{C0DD2788-E064-3D4B-AE54-8BEC641C3FDF} = {527A92E4-F158-3BEE-9EE5-C3E7446BF3FD}
		{AA177961-7A62-3520-BF35-522549EB9B6C} = {527A92E4-F158-3BEE-9EE5-C3E7446BF3FD}
		{142403A4-2038-3472-A917-0EBD3FF309A8} = {527A92E4-F158-3BEE-9EE5-C3E7446BF3FD}
		{46E1AFD4-87A6-3996-A7FE-CF8BA8478E0B} = {527A92E4-F158-3BEE-9EE5-C3E7446BF3FD}
		{233F6DA4-EECB-37B0-9C8E-FA82CFEE3495} = {527A92E4-F158-3BEE-9EE5-C3E7446BF3FD}
		{8B8B3DAA-6A07-3AB7-A57B-31641AFE9D2C} = {527A92E4-F158-3BEE-9EE5-C3E7446BF3FD}
		{89414508-4A83-3986-B2FA-17B868FC47BE} = {527A92E4-F158-3BEE-9EE5-C3E7446BF3FD}
		{67F4D21B-D52A-3E5E-9899-7FA8CE1C5481} = {527A92E4-F158-3BEE-9EE5-C3E7446BF3FD}
		{DD627DC8-3786-32DD-A10E-A335BE364017} = {527A92E4-F158-3BEE-9EE5-C3E7446BF3FD}
		{00FDBEFC-CC0D-37A9-B5BA-AB8FE88804E6} = {527A92E4-F158-3BEE-9EE5-C3E7446BF3FD}
		{ECF7CF8D-DA05-302C-8035-B6566C15711F} = {527A92E4-F158-3BEE-9EE5-C3E7446BF3FD}
		{CC6CAB8E-7CBB-38D9-99EE-DC9C6036F45F} = {527A92E4-F158-3BEE-9EE5-C3E7446BF3FD}
		{B52914E2-6E13-3684-B87D-8ED3C43EFC18} = {527A92E4-F158-3BEE-9EE5-C3E7446BF3FD}
		{5BA64B90-C43E-3067-8334-29B7E1E25AF3} = {527A92E4-F158-3BEE-9EE5-C3E7446BF3FD}
	EndGlobalSection
	GlobalSection(ExtensibilityGlobals) = postSolution
		SolutionGuid = {434F2E13-8F2C-3C3A-9269-A195DF664261}
	EndGlobalSection
	GlobalSection(ExtensibilityAddIns) = postSolution
	EndGlobalSection
EndGlobal
