
Microsoft Visual Studio Solution File, Format Version 12.00
# Visual Studio Version 17
Project("{2150E333-8FDC-42A3-9474-1A3956D46DE8}") = "CMakePredefinedTargets", "CMakePredefinedTargets", "{07E56899-DA05-32DB-A51C-69DADFA293E0}"
EndProject
Project("{2150E333-8FDC-42A3-9474-1A3956D46DE8}") = "PhysX SDK", "PhysX SDK", "{527A92E4-F158-3BEE-9EE5-C3E7446BF3FD}"
EndProject
Project("{2150E333-8FDC-42A3-9474-1A3956D46DE8}") = "PhysX Samples", "PhysX Samples", "{47321753-A6F0-3273-AE7A-217AF7850EEF}"
EndProject
Project("{2150E333-8FDC-42A3-9474-1A3956D46DE8}") = "Snippets", "Snippets", "{EDF406EA-4C64-3554-9941-8FF02CF9A443}"
EndProject
Project("{8BC9CEB8-8B4A-11D0-8D11-00A0C91BC942}") = "ALL_BUILD", "ALL_BUILD.vcxproj", "{19572D19-0449-3B70-B1B6-C5FCBABE1D35}"
	ProjectSection(ProjectDependencies) = postProject
		{A57C15E6-AE54-3112-AEB8-A3A9253B64EB} = {A57C15E6-AE54-3112-AEB8-A3A9253B64EB}
		{C0DD2788-E064-3D4B-AE54-8BEC641C3FDF} = {C0DD2788-E064-3D4B-AE54-8BEC641C3FDF}
		{AA177961-7A62-3520-BF35-522549EB9B6C} = {AA177961-7A62-3520-BF35-522549EB9B6C}
		{142403A4-2038-3472-A917-0EBD3FF309A8} = {142403A4-2038-3472-A917-0EBD3FF309A8}
		{46E1AFD4-87A6-3996-A7FE-CF8BA8478E0B} = {46E1AFD4-87A6-3996-A7FE-CF8BA8478E0B}
		{233F6DA4-EECB-37B0-9C8E-FA82CFEE3495} = {233F6DA4-EECB-37B0-9C8E-FA82CFEE3495}
		{8B8B3DAA-6A07-3AB7-A57B-31641AFE9D2C} = {8B8B3DAA-6A07-3AB7-A57B-31641AFE9D2C}
		{89414508-4A83-3986-B2FA-17B868FC47BE} = {89414508-4A83-3986-B2FA-17B868FC47BE}
		{67F4D21B-D52A-3E5E-9899-7FA8CE1C5481} = {67F4D21B-D52A-3E5E-9899-7FA8CE1C5481}
		{DD627DC8-3786-32DD-A10E-A335BE364017} = {DD627DC8-3786-32DD-A10E-A335BE364017}
		{00FDBEFC-CC0D-37A9-B5BA-AB8FE88804E6} = {00FDBEFC-CC0D-37A9-B5BA-AB8FE88804E6}
		{ECF7CF8D-DA05-302C-8035-B6566C15711F} = {ECF7CF8D-DA05-302C-8035-B6566C15711F}
		{CC6CAB8E-7CBB-38D9-99EE-DC9C6036F45F} = {CC6CAB8E-7CBB-38D9-99EE-DC9C6036F45F}
		{BCE136FD-7B14-318E-8115-FEB4C93C5723} = {BCE136FD-7B14-318E-8115-FEB4C93C5723}
		{83B01CAE-16E6-3893-8331-97DFD824AC1C} = {83B01CAE-16E6-3893-8331-97DFD824AC1C}
		{B036C542-AA74-3369-B2B2-7549CE9A0A42} = {B036C542-AA74-3369-B2B2-7549CE9A0A42}
		{6DE25C75-B789-39AA-8093-E1199E69F74D} = {6DE25C75-B789-39AA-8093-E1199E69F74D}
		{8B9B4211-C044-32D8-86CD-001EB939CCE1} = {8B9B4211-C044-32D8-86CD-001EB939CCE1}
		{1C11AEF1-1DFC-33BD-B1BB-79503B04801E} = {1C11AEF1-1DFC-33BD-B1BB-79503B04801E}
		{B52914E2-6E13-3684-B87D-8ED3C43EFC18} = {B52914E2-6E13-3684-B87D-8ED3C43EFC18}
		{5BA64B90-C43E-3067-8334-29B7E1E25AF3} = {5BA64B90-C43E-3067-8334-29B7E1E25AF3}
		{CDEAE7EF-57B7-39C6-BB74-FD04E7060FD3} = {CDEAE7EF-57B7-39C6-BB74-FD04E7060FD3}
		{C6817DA4-5CA4-3B68-8765-834B2482EEAE} = {C6817DA4-5CA4-3B68-8765-834B2482EEAE}
		{F060BC15-E8EE-372F-9FA2-2C5C420A1322} = {F060BC15-E8EE-372F-9FA2-2C5C420A1322}
		{8D678801-2112-3B2E-ABCA-C41710480297} = {8D678801-2112-3B2E-ABCA-C41710480297}
		{54D492A8-05B2-38FA-A7FE-D7C09990CC57} = {54D492A8-05B2-38FA-A7FE-D7C09990CC57}
		{19510253-4D31-3FE2-8136-BDCBBFFB4F64} = {19510253-4D31-3FE2-8136-BDCBBFFB4F64}
		{07D8040F-DE16-3B9F-A43D-3F32D079BB1E} = {07D8040F-DE16-3B9F-A43D-3F32D079BB1E}
		{C933E0BD-48D2-303B-9674-1B817D05B120} = {C933E0BD-48D2-303B-9674-1B817D05B120}
		{F4669A12-1AE9-367E-A3C4-AE21C206EA2C} = {F4669A12-1AE9-367E-A3C4-AE21C206EA2C}
		{C5CF4C1F-54C0-3C36-AE84-C1C0FB0AF457} = {C5CF4C1F-54C0-3C36-AE84-C1C0FB0AF457}
		{5684DB87-BF4A-354B-9B9D-17AC6F70C5DF} = {5684DB87-BF4A-354B-9B9D-17AC6F70C5DF}
		{808392B0-7708-3E2C-9D2B-C1324F2043C2} = {808392B0-7708-3E2C-9D2B-C1324F2043C2}
		{6FCC49E0-8AF3-3A80-88E7-B1E10C93BC3E} = {6FCC49E0-8AF3-3A80-88E7-B1E10C93BC3E}
		{011FA6DC-42DF-3B2F-908F-C4804D3D569F} = {011FA6DC-42DF-3B2F-908F-C4804D3D569F}
		{EB7D166F-30E3-3E8E-9DC2-3B6500D0060D} = {EB7D166F-30E3-3E8E-9DC2-3B6500D0060D}
		{789AD35B-D7BB-3907-AE79-20C16E47C2F5} = {789AD35B-D7BB-3907-AE79-20C16E47C2F5}
		{9C57796C-5F88-3E18-BCD3-BF5AC007984F} = {9C57796C-5F88-3E18-BCD3-BF5AC007984F}
		{BA520C19-A2A0-3645-AFD1-B93B64483C01} = {BA520C19-A2A0-3645-AFD1-B93B64483C01}
		{B04444E7-504C-3172-B391-79D0E6510FE9} = {B04444E7-504C-3172-B391-79D0E6510FE9}
		{F1F6A5CB-81AD-35E4-85DA-0340B1271D1B} = {F1F6A5CB-81AD-35E4-85DA-0340B1271D1B}
		{845A47F5-ED9F-39CA-BEC0-1F14704B3206} = {845A47F5-ED9F-39CA-BEC0-1F14704B3206}
		{6DFEB387-29D6-30FD-A2BD-E59C41035D08} = {6DFEB387-29D6-30FD-A2BD-E59C41035D08}
		{681DDAD6-D4BB-3FCD-AE5A-F64C78DDA3A0} = {681DDAD6-D4BB-3FCD-AE5A-F64C78DDA3A0}
		{D037A846-C51C-3A84-9C38-9403BEA91BA2} = {D037A846-C51C-3A84-9C38-9403BEA91BA2}
		{9DB2D819-BD13-39D5-9831-1AAB920FA94F} = {9DB2D819-BD13-39D5-9831-1AAB920FA94F}
		{223A5FC7-4B10-3CC5-AA47-911035184A19} = {223A5FC7-4B10-3CC5-AA47-911035184A19}
		{BC8AC654-5D7D-3B83-94BD-787E32DC791D} = {BC8AC654-5D7D-3B83-94BD-787E32DC791D}
		{3518BC49-B8D5-300B-ACC0-65F2F307852C} = {3518BC49-B8D5-300B-ACC0-65F2F307852C}
		{9DC9BDF8-F0F0-31EC-8BAF-1B3F2AD22AB3} = {9DC9BDF8-F0F0-31EC-8BAF-1B3F2AD22AB3}
		{9403BEB3-CA1A-32D7-B6B9-D42DD45D78D0} = {9403BEB3-CA1A-32D7-B6B9-D42DD45D78D0}
		{2BD82709-D4B5-341D-BF54-1B5D96840CB3} = {2BD82709-D4B5-341D-BF54-1B5D96840CB3}
		{CA95392E-63A3-3E47-8FCB-3280D8CEAEBC} = {CA95392E-63A3-3E47-8FCB-3280D8CEAEBC}
		{B26470F1-5716-3E56-8075-95099BAD7AFC} = {B26470F1-5716-3E56-8075-95099BAD7AFC}
		{737D8F93-4F9A-31A8-A6CD-48ABA9A01531} = {737D8F93-4F9A-31A8-A6CD-48ABA9A01531}
		{B7AF408B-3233-3C07-BA10-A4C2DA5D7425} = {B7AF408B-3233-3C07-BA10-A4C2DA5D7425}
		{3727D262-2EAB-3F6D-B6B1-7729077F21C1} = {3727D262-2EAB-3F6D-B6B1-7729077F21C1}
		{E00532A0-0596-331B-BCBA-660BBE889E45} = {E00532A0-0596-331B-BCBA-660BBE889E45}
	EndProjectSection
EndProject
Project("{8BC9CEB8-8B4A-11D0-8D11-00A0C91BC942}") = "FastXml", "sdk_source_bin\FastXml.vcxproj", "{A57C15E6-AE54-3112-AEB8-A3A9253B64EB}"
	ProjectSection(ProjectDependencies) = postProject
		{E00532A0-0596-331B-BCBA-660BBE889E45} = {E00532A0-0596-331B-BCBA-660BBE889E45}
	EndProjectSection
EndProject
Project("{8BC9CEB8-8B4A-11D0-8D11-00A0C91BC942}") = "INSTALL", "INSTALL.vcxproj", "{21D083B5-CABB-3777-B2E4-530DFE44FF79}"
	ProjectSection(ProjectDependencies) = postProject
		{19572D19-0449-3B70-B1B6-C5FCBABE1D35} = {19572D19-0449-3B70-B1B6-C5FCBABE1D35}
		{E00532A0-0596-331B-BCBA-660BBE889E45} = {E00532A0-0596-331B-BCBA-660BBE889E45}
	EndProjectSection
EndProject
Project("{8BC9CEB8-8B4A-11D0-8D11-00A0C91BC942}") = "LowLevel", "sdk_source_bin\LowLevel.vcxproj", "{C0DD2788-E064-3D4B-AE54-8BEC641C3FDF}"
	ProjectSection(ProjectDependencies) = postProject
		{E00532A0-0596-331B-BCBA-660BBE889E45} = {E00532A0-0596-331B-BCBA-660BBE889E45}
	EndProjectSection
EndProject
Project("{8BC9CEB8-8B4A-11D0-8D11-00A0C91BC942}") = "LowLevelAABB", "sdk_source_bin\LowLevelAABB.vcxproj", "{AA177961-7A62-3520-BF35-522549EB9B6C}"
	ProjectSection(ProjectDependencies) = postProject
		{E00532A0-0596-331B-BCBA-660BBE889E45} = {E00532A0-0596-331B-BCBA-660BBE889E45}
	EndProjectSection
EndProject
Project("{8BC9CEB8-8B4A-11D0-8D11-00A0C91BC942}") = "LowLevelDynamics", "sdk_source_bin\LowLevelDynamics.vcxproj", "{142403A4-2038-3472-A917-0EBD3FF309A8}"
	ProjectSection(ProjectDependencies) = postProject
		{E00532A0-0596-331B-BCBA-660BBE889E45} = {E00532A0-0596-331B-BCBA-660BBE889E45}
	EndProjectSection
EndProject
Project("{8BC9CEB8-8B4A-11D0-8D11-00A0C91BC942}") = "PhysX", "sdk_source_bin\PhysX.vcxproj", "{46E1AFD4-87A6-3996-A7FE-CF8BA8478E0B}"
	ProjectSection(ProjectDependencies) = postProject
		{C0DD2788-E064-3D4B-AE54-8BEC641C3FDF} = {C0DD2788-E064-3D4B-AE54-8BEC641C3FDF}
		{AA177961-7A62-3520-BF35-522549EB9B6C} = {AA177961-7A62-3520-BF35-522549EB9B6C}
		{142403A4-2038-3472-A917-0EBD3FF309A8} = {142403A4-2038-3472-A917-0EBD3FF309A8}
		{8B8B3DAA-6A07-3AB7-A57B-31641AFE9D2C} = {8B8B3DAA-6A07-3AB7-A57B-31641AFE9D2C}
		{DD627DC8-3786-32DD-A10E-A335BE364017} = {DD627DC8-3786-32DD-A10E-A335BE364017}
		{00FDBEFC-CC0D-37A9-B5BA-AB8FE88804E6} = {00FDBEFC-CC0D-37A9-B5BA-AB8FE88804E6}
		{ECF7CF8D-DA05-302C-8035-B6566C15711F} = {ECF7CF8D-DA05-302C-8035-B6566C15711F}
		{B52914E2-6E13-3684-B87D-8ED3C43EFC18} = {B52914E2-6E13-3684-B87D-8ED3C43EFC18}
		{5BA64B90-C43E-3067-8334-29B7E1E25AF3} = {5BA64B90-C43E-3067-8334-29B7E1E25AF3}
		{E00532A0-0596-331B-BCBA-660BBE889E45} = {E00532A0-0596-331B-BCBA-660BBE889E45}
	EndProjectSection
EndProject
Project("{8BC9CEB8-8B4A-11D0-8D11-00A0C91BC942}") = "PhysXCharacterKinematic", "sdk_source_bin\PhysXCharacterKinematic.vcxproj", "{233F6DA4-EECB-37B0-9C8E-FA82CFEE3495}"
	ProjectSection(ProjectDependencies) = postProject
		{DD627DC8-3786-32DD-A10E-A335BE364017} = {DD627DC8-3786-32DD-A10E-A335BE364017}
		{E00532A0-0596-331B-BCBA-660BBE889E45} = {E00532A0-0596-331B-BCBA-660BBE889E45}
	EndProjectSection
EndProject
Project("{8BC9CEB8-8B4A-11D0-8D11-00A0C91BC942}") = "PhysXCommon", "sdk_source_bin\PhysXCommon.vcxproj", "{8B8B3DAA-6A07-3AB7-A57B-31641AFE9D2C}"
	ProjectSection(ProjectDependencies) = postProject
		{DD627DC8-3786-32DD-A10E-A335BE364017} = {DD627DC8-3786-32DD-A10E-A335BE364017}
		{E00532A0-0596-331B-BCBA-660BBE889E45} = {E00532A0-0596-331B-BCBA-660BBE889E45}
	EndProjectSection
EndProject
Project("{8BC9CEB8-8B4A-11D0-8D11-00A0C91BC942}") = "PhysXCooking", "sdk_source_bin\PhysXCooking.vcxproj", "{89414508-4A83-3986-B2FA-17B868FC47BE}"
	ProjectSection(ProjectDependencies) = postProject
		{8B8B3DAA-6A07-3AB7-A57B-31641AFE9D2C} = {8B8B3DAA-6A07-3AB7-A57B-31641AFE9D2C}
		{DD627DC8-3786-32DD-A10E-A335BE364017} = {DD627DC8-3786-32DD-A10E-A335BE364017}
		{E00532A0-0596-331B-BCBA-660BBE889E45} = {E00532A0-0596-331B-BCBA-660BBE889E45}
	EndProjectSection
EndProject
Project("{8BC9CEB8-8B4A-11D0-8D11-00A0C91BC942}") = "PhysXExtensions", "sdk_source_bin\PhysXExtensions.vcxproj", "{67F4D21B-D52A-3E5E-9899-7FA8CE1C5481}"
	ProjectSection(ProjectDependencies) = postProject
		{A57C15E6-AE54-3112-AEB8-A3A9253B64EB} = {A57C15E6-AE54-3112-AEB8-A3A9253B64EB}
		{46E1AFD4-87A6-3996-A7FE-CF8BA8478E0B} = {46E1AFD4-87A6-3996-A7FE-CF8BA8478E0B}
		{DD627DC8-3786-32DD-A10E-A335BE364017} = {DD627DC8-3786-32DD-A10E-A335BE364017}
		{00FDBEFC-CC0D-37A9-B5BA-AB8FE88804E6} = {00FDBEFC-CC0D-37A9-B5BA-AB8FE88804E6}
		{E00532A0-0596-331B-BCBA-660BBE889E45} = {E00532A0-0596-331B-BCBA-660BBE889E45}
	EndProjectSection
EndProject
Project("{8BC9CEB8-8B4A-11D0-8D11-00A0C91BC942}") = "PhysXFoundation", "sdk_source_bin\PhysXFoundation.vcxproj", "{DD627DC8-3786-32DD-A10E-A335BE364017}"
	ProjectSection(ProjectDependencies) = postProject
		{E00532A0-0596-331B-BCBA-660BBE889E45} = {E00532A0-0596-331B-BCBA-660BBE889E45}
	EndProjectSection
EndProject
Project("{8BC9CEB8-8B4A-11D0-8D11-00A0C91BC942}") = "PhysXPvdSDK", "sdk_source_bin\PhysXPvdSDK.vcxproj", "{00FDBEFC-CC0D-37A9-B5BA-AB8FE88804E6}"
	ProjectSection(ProjectDependencies) = postProject
		{DD627DC8-3786-32DD-A10E-A335BE364017} = {DD627DC8-3786-32DD-A10E-A335BE364017}
		{E00532A0-0596-331B-BCBA-660BBE889E45} = {E00532A0-0596-331B-BCBA-660BBE889E45}
	EndProjectSection
EndProject
Project("{8BC9CEB8-8B4A-11D0-8D11-00A0C91BC942}") = "PhysXTask", "sdk_source_bin\PhysXTask.vcxproj", "{ECF7CF8D-DA05-302C-8035-B6566C15711F}"
	ProjectSection(ProjectDependencies) = postProject
		{E00532A0-0596-331B-BCBA-660BBE889E45} = {E00532A0-0596-331B-BCBA-660BBE889E45}
	EndProjectSection
EndProject
Project("{8BC9CEB8-8B4A-11D0-8D11-00A0C91BC942}") = "PhysXVehicle", "sdk_source_bin\PhysXVehicle.vcxproj", "{CC6CAB8E-7CBB-38D9-99EE-DC9C6036F45F}"
	ProjectSection(ProjectDependencies) = postProject
		{DD627DC8-3786-32DD-A10E-A335BE364017} = {DD627DC8-3786-32DD-A10E-A335BE364017}
		{00FDBEFC-CC0D-37A9-B5BA-AB8FE88804E6} = {00FDBEFC-CC0D-37A9-B5BA-AB8FE88804E6}
		{E00532A0-0596-331B-BCBA-660BBE889E45} = {E00532A0-0596-331B-BCBA-660BBE889E45}
	EndProjectSection
EndProject
Project("{8BC9CEB8-8B4A-11D0-8D11-00A0C91BC942}") = "SampleBase", "sdk_samples_bin\SampleBase.vcxproj", "{BCE136FD-7B14-318E-8115-FEB4C93C5723}"
	ProjectSection(ProjectDependencies) = postProject
		{46E1AFD4-87A6-3996-A7FE-CF8BA8478E0B} = {46E1AFD4-87A6-3996-A7FE-CF8BA8478E0B}
		{67F4D21B-D52A-3E5E-9899-7FA8CE1C5481} = {67F4D21B-D52A-3E5E-9899-7FA8CE1C5481}
		{DD627DC8-3786-32DD-A10E-A335BE364017} = {DD627DC8-3786-32DD-A10E-A335BE364017}
		{00FDBEFC-CC0D-37A9-B5BA-AB8FE88804E6} = {00FDBEFC-CC0D-37A9-B5BA-AB8FE88804E6}
		{8B9B4211-C044-32D8-86CD-001EB939CCE1} = {8B9B4211-C044-32D8-86CD-001EB939CCE1}
		{E00532A0-0596-331B-BCBA-660BBE889E45} = {E00532A0-0596-331B-BCBA-660BBE889E45}
	EndProjectSection
EndProject
Project("{8BC9CEB8-8B4A-11D0-8D11-00A0C91BC942}") = "SampleFramework", "sdk_samples_bin\SampleFramework.vcxproj", "{83B01CAE-16E6-3893-8331-97DFD824AC1C}"
	ProjectSection(ProjectDependencies) = postProject
		{46E1AFD4-87A6-3996-A7FE-CF8BA8478E0B} = {46E1AFD4-87A6-3996-A7FE-CF8BA8478E0B}
		{67F4D21B-D52A-3E5E-9899-7FA8CE1C5481} = {67F4D21B-D52A-3E5E-9899-7FA8CE1C5481}
		{DD627DC8-3786-32DD-A10E-A335BE364017} = {DD627DC8-3786-32DD-A10E-A335BE364017}
		{00FDBEFC-CC0D-37A9-B5BA-AB8FE88804E6} = {00FDBEFC-CC0D-37A9-B5BA-AB8FE88804E6}
		{8B9B4211-C044-32D8-86CD-001EB939CCE1} = {8B9B4211-C044-32D8-86CD-001EB939CCE1}
		{E00532A0-0596-331B-BCBA-660BBE889E45} = {E00532A0-0596-331B-BCBA-660BBE889E45}
	EndProjectSection
EndProject
Project("{8BC9CEB8-8B4A-11D0-8D11-00A0C91BC942}") = "SamplePlatform", "sdk_samples_bin\SamplePlatform.vcxproj", "{B036C542-AA74-3369-B2B2-7549CE9A0A42}"
	ProjectSection(ProjectDependencies) = postProject
		{46E1AFD4-87A6-3996-A7FE-CF8BA8478E0B} = {46E1AFD4-87A6-3996-A7FE-CF8BA8478E0B}
		{67F4D21B-D52A-3E5E-9899-7FA8CE1C5481} = {67F4D21B-D52A-3E5E-9899-7FA8CE1C5481}
		{DD627DC8-3786-32DD-A10E-A335BE364017} = {DD627DC8-3786-32DD-A10E-A335BE364017}
		{00FDBEFC-CC0D-37A9-B5BA-AB8FE88804E6} = {00FDBEFC-CC0D-37A9-B5BA-AB8FE88804E6}
		{8B9B4211-C044-32D8-86CD-001EB939CCE1} = {8B9B4211-C044-32D8-86CD-001EB939CCE1}
		{E00532A0-0596-331B-BCBA-660BBE889E45} = {E00532A0-0596-331B-BCBA-660BBE889E45}
	EndProjectSection
EndProject
Project("{8BC9CEB8-8B4A-11D0-8D11-00A0C91BC942}") = "SampleRenderer", "sdk_samples_bin\SampleRenderer.vcxproj", "{6DE25C75-B789-39AA-8093-E1199E69F74D}"
	ProjectSection(ProjectDependencies) = postProject
		{46E1AFD4-87A6-3996-A7FE-CF8BA8478E0B} = {46E1AFD4-87A6-3996-A7FE-CF8BA8478E0B}
		{67F4D21B-D52A-3E5E-9899-7FA8CE1C5481} = {67F4D21B-D52A-3E5E-9899-7FA8CE1C5481}
		{DD627DC8-3786-32DD-A10E-A335BE364017} = {DD627DC8-3786-32DD-A10E-A335BE364017}
		{00FDBEFC-CC0D-37A9-B5BA-AB8FE88804E6} = {00FDBEFC-CC0D-37A9-B5BA-AB8FE88804E6}
		{8B9B4211-C044-32D8-86CD-001EB939CCE1} = {8B9B4211-C044-32D8-86CD-001EB939CCE1}
		{E00532A0-0596-331B-BCBA-660BBE889E45} = {E00532A0-0596-331B-BCBA-660BBE889E45}
	EndProjectSection
EndProject
Project("{8BC9CEB8-8B4A-11D0-8D11-00A0C91BC942}") = "SampleToolkit", "sdk_samples_bin\SampleToolkit.vcxproj", "{8B9B4211-C044-32D8-86CD-001EB939CCE1}"
	ProjectSection(ProjectDependencies) = postProject
		{46E1AFD4-87A6-3996-A7FE-CF8BA8478E0B} = {46E1AFD4-87A6-3996-A7FE-CF8BA8478E0B}
		{67F4D21B-D52A-3E5E-9899-7FA8CE1C5481} = {67F4D21B-D52A-3E5E-9899-7FA8CE1C5481}
		{DD627DC8-3786-32DD-A10E-A335BE364017} = {DD627DC8-3786-32DD-A10E-A335BE364017}
		{00FDBEFC-CC0D-37A9-B5BA-AB8FE88804E6} = {00FDBEFC-CC0D-37A9-B5BA-AB8FE88804E6}
		{E00532A0-0596-331B-BCBA-660BBE889E45} = {E00532A0-0596-331B-BCBA-660BBE889E45}
	EndProjectSection
EndProject
Project("{8BC9CEB8-8B4A-11D0-8D11-00A0C91BC942}") = "Samples", "sdk_samples_bin\Samples.vcxproj", "{1C11AEF1-1DFC-33BD-B1BB-79503B04801E}"
	ProjectSection(ProjectDependencies) = postProject
		{46E1AFD4-87A6-3996-A7FE-CF8BA8478E0B} = {46E1AFD4-87A6-3996-A7FE-CF8BA8478E0B}
		{233F6DA4-EECB-37B0-9C8E-FA82CFEE3495} = {233F6DA4-EECB-37B0-9C8E-FA82CFEE3495}
		{8B8B3DAA-6A07-3AB7-A57B-31641AFE9D2C} = {8B8B3DAA-6A07-3AB7-A57B-31641AFE9D2C}
		{89414508-4A83-3986-B2FA-17B868FC47BE} = {89414508-4A83-3986-B2FA-17B868FC47BE}
		{67F4D21B-D52A-3E5E-9899-7FA8CE1C5481} = {67F4D21B-D52A-3E5E-9899-7FA8CE1C5481}
		{DD627DC8-3786-32DD-A10E-A335BE364017} = {DD627DC8-3786-32DD-A10E-A335BE364017}
		{00FDBEFC-CC0D-37A9-B5BA-AB8FE88804E6} = {00FDBEFC-CC0D-37A9-B5BA-AB8FE88804E6}
		{CC6CAB8E-7CBB-38D9-99EE-DC9C6036F45F} = {CC6CAB8E-7CBB-38D9-99EE-DC9C6036F45F}
		{BCE136FD-7B14-318E-8115-FEB4C93C5723} = {BCE136FD-7B14-318E-8115-FEB4C93C5723}
		{83B01CAE-16E6-3893-8331-97DFD824AC1C} = {83B01CAE-16E6-3893-8331-97DFD824AC1C}
		{B036C542-AA74-3369-B2B2-7549CE9A0A42} = {B036C542-AA74-3369-B2B2-7549CE9A0A42}
		{6DE25C75-B789-39AA-8093-E1199E69F74D} = {6DE25C75-B789-39AA-8093-E1199E69F74D}
		{8B9B4211-C044-32D8-86CD-001EB939CCE1} = {8B9B4211-C044-32D8-86CD-001EB939CCE1}
		{E00532A0-0596-331B-BCBA-660BBE889E45} = {E00532A0-0596-331B-BCBA-660BBE889E45}
	EndProjectSection
EndProject
Project("{8BC9CEB8-8B4A-11D0-8D11-00A0C91BC942}") = "SceneQuery", "sdk_source_bin\SceneQuery.vcxproj", "{B52914E2-6E13-3684-B87D-8ED3C43EFC18}"
	ProjectSection(ProjectDependencies) = postProject
		{E00532A0-0596-331B-BCBA-660BBE889E45} = {E00532A0-0596-331B-BCBA-660BBE889E45}
	EndProjectSection
EndProject
Project("{8BC9CEB8-8B4A-11D0-8D11-00A0C91BC942}") = "SimulationController", "sdk_source_bin\SimulationController.vcxproj", "{5BA64B90-C43E-3067-8334-29B7E1E25AF3}"
	ProjectSection(ProjectDependencies) = postProject
		{E00532A0-0596-331B-BCBA-660BBE889E45} = {E00532A0-0596-331B-BCBA-660BBE889E45}
	EndProjectSection
EndProject
Project("{8BC9CEB8-8B4A-11D0-8D11-00A0C91BC942}") = "SnippetArticulation", "sdk_snippets_bin\SnippetArticulation.vcxproj", "{CDEAE7EF-57B7-39C6-BB74-FD04E7060FD3}"
	ProjectSection(ProjectDependencies) = postProject
		{46E1AFD4-87A6-3996-A7FE-CF8BA8478E0B} = {46E1AFD4-87A6-3996-A7FE-CF8BA8478E0B}
		{233F6DA4-EECB-37B0-9C8E-FA82CFEE3495} = {233F6DA4-EECB-37B0-9C8E-FA82CFEE3495}
		{8B8B3DAA-6A07-3AB7-A57B-31641AFE9D2C} = {8B8B3DAA-6A07-3AB7-A57B-31641AFE9D2C}
		{89414508-4A83-3986-B2FA-17B868FC47BE} = {89414508-4A83-3986-B2FA-17B868FC47BE}
		{67F4D21B-D52A-3E5E-9899-7FA8CE1C5481} = {67F4D21B-D52A-3E5E-9899-7FA8CE1C5481}
		{DD627DC8-3786-32DD-A10E-A335BE364017} = {DD627DC8-3786-32DD-A10E-A335BE364017}
		{00FDBEFC-CC0D-37A9-B5BA-AB8FE88804E6} = {00FDBEFC-CC0D-37A9-B5BA-AB8FE88804E6}
		{CC6CAB8E-7CBB-38D9-99EE-DC9C6036F45F} = {CC6CAB8E-7CBB-38D9-99EE-DC9C6036F45F}
		{681DDAD6-D4BB-3FCD-AE5A-F64C78DDA3A0} = {681DDAD6-D4BB-3FCD-AE5A-F64C78DDA3A0}
		{9403BEB3-CA1A-32D7-B6B9-D42DD45D78D0} = {9403BEB3-CA1A-32D7-B6B9-D42DD45D78D0}
		{E00532A0-0596-331B-BCBA-660BBE889E45} = {E00532A0-0596-331B-BCBA-660BBE889E45}
	EndProjectSection
EndProject
Project("{8BC9CEB8-8B4A-11D0-8D11-00A0C91BC942}") = "SnippetBVHStructure", "sdk_snippets_bin\SnippetBVHStructure.vcxproj", "{C6817DA4-5CA4-3B68-8765-834B2482EEAE}"
	ProjectSection(ProjectDependencies) = postProject
		{46E1AFD4-87A6-3996-A7FE-CF8BA8478E0B} = {46E1AFD4-87A6-3996-A7FE-CF8BA8478E0B}
		{233F6DA4-EECB-37B0-9C8E-FA82CFEE3495} = {233F6DA4-EECB-37B0-9C8E-FA82CFEE3495}
		{8B8B3DAA-6A07-3AB7-A57B-31641AFE9D2C} = {8B8B3DAA-6A07-3AB7-A57B-31641AFE9D2C}
		{89414508-4A83-3986-B2FA-17B868FC47BE} = {89414508-4A83-3986-B2FA-17B868FC47BE}
		{67F4D21B-D52A-3E5E-9899-7FA8CE1C5481} = {67F4D21B-D52A-3E5E-9899-7FA8CE1C5481}
		{DD627DC8-3786-32DD-A10E-A335BE364017} = {DD627DC8-3786-32DD-A10E-A335BE364017}
		{00FDBEFC-CC0D-37A9-B5BA-AB8FE88804E6} = {00FDBEFC-CC0D-37A9-B5BA-AB8FE88804E6}
		{CC6CAB8E-7CBB-38D9-99EE-DC9C6036F45F} = {CC6CAB8E-7CBB-38D9-99EE-DC9C6036F45F}
		{681DDAD6-D4BB-3FCD-AE5A-F64C78DDA3A0} = {681DDAD6-D4BB-3FCD-AE5A-F64C78DDA3A0}
		{9403BEB3-CA1A-32D7-B6B9-D42DD45D78D0} = {9403BEB3-CA1A-32D7-B6B9-D42DD45D78D0}
		{E00532A0-0596-331B-BCBA-660BBE889E45} = {E00532A0-0596-331B-BCBA-660BBE889E45}
	EndProjectSection
EndProject
Project("{8BC9CEB8-8B4A-11D0-8D11-00A0C91BC942}") = "SnippetContactModification", "sdk_snippets_bin\SnippetContactModification.vcxproj", "{F060BC15-E8EE-372F-9FA2-2C5C420A1322}"
	ProjectSection(ProjectDependencies) = postProject
		{46E1AFD4-87A6-3996-A7FE-CF8BA8478E0B} = {46E1AFD4-87A6-3996-A7FE-CF8BA8478E0B}
		{233F6DA4-EECB-37B0-9C8E-FA82CFEE3495} = {233F6DA4-EECB-37B0-9C8E-FA82CFEE3495}
		{8B8B3DAA-6A07-3AB7-A57B-31641AFE9D2C} = {8B8B3DAA-6A07-3AB7-A57B-31641AFE9D2C}
		{89414508-4A83-3986-B2FA-17B868FC47BE} = {89414508-4A83-3986-B2FA-17B868FC47BE}
		{67F4D21B-D52A-3E5E-9899-7FA8CE1C5481} = {67F4D21B-D52A-3E5E-9899-7FA8CE1C5481}
		{DD627DC8-3786-32DD-A10E-A335BE364017} = {DD627DC8-3786-32DD-A10E-A335BE364017}
		{00FDBEFC-CC0D-37A9-B5BA-AB8FE88804E6} = {00FDBEFC-CC0D-37A9-B5BA-AB8FE88804E6}
		{CC6CAB8E-7CBB-38D9-99EE-DC9C6036F45F} = {CC6CAB8E-7CBB-38D9-99EE-DC9C6036F45F}
		{681DDAD6-D4BB-3FCD-AE5A-F64C78DDA3A0} = {681DDAD6-D4BB-3FCD-AE5A-F64C78DDA3A0}
		{9403BEB3-CA1A-32D7-B6B9-D42DD45D78D0} = {9403BEB3-CA1A-32D7-B6B9-D42DD45D78D0}
		{E00532A0-0596-331B-BCBA-660BBE889E45} = {E00532A0-0596-331B-BCBA-660BBE889E45}
	EndProjectSection
EndProject
Project("{8BC9CEB8-8B4A-11D0-8D11-00A0C91BC942}") = "SnippetContactReport", "sdk_snippets_bin\SnippetContactReport.vcxproj", "{8D678801-2112-3B2E-ABCA-C41710480297}"
	ProjectSection(ProjectDependencies) = postProject
		{46E1AFD4-87A6-3996-A7FE-CF8BA8478E0B} = {46E1AFD4-87A6-3996-A7FE-CF8BA8478E0B}
		{233F6DA4-EECB-37B0-9C8E-FA82CFEE3495} = {233F6DA4-EECB-37B0-9C8E-FA82CFEE3495}
		{8B8B3DAA-6A07-3AB7-A57B-31641AFE9D2C} = {8B8B3DAA-6A07-3AB7-A57B-31641AFE9D2C}
		{89414508-4A83-3986-B2FA-17B868FC47BE} = {89414508-4A83-3986-B2FA-17B868FC47BE}
		{67F4D21B-D52A-3E5E-9899-7FA8CE1C5481} = {67F4D21B-D52A-3E5E-9899-7FA8CE1C5481}
		{DD627DC8-3786-32DD-A10E-A335BE364017} = {DD627DC8-3786-32DD-A10E-A335BE364017}
		{00FDBEFC-CC0D-37A9-B5BA-AB8FE88804E6} = {00FDBEFC-CC0D-37A9-B5BA-AB8FE88804E6}
		{CC6CAB8E-7CBB-38D9-99EE-DC9C6036F45F} = {CC6CAB8E-7CBB-38D9-99EE-DC9C6036F45F}
		{681DDAD6-D4BB-3FCD-AE5A-F64C78DDA3A0} = {681DDAD6-D4BB-3FCD-AE5A-F64C78DDA3A0}
		{9403BEB3-CA1A-32D7-B6B9-D42DD45D78D0} = {9403BEB3-CA1A-32D7-B6B9-D42DD45D78D0}
		{E00532A0-0596-331B-BCBA-660BBE889E45} = {E00532A0-0596-331B-BCBA-660BBE889E45}
	EndProjectSection
EndProject
Project("{8BC9CEB8-8B4A-11D0-8D11-00A0C91BC942}") = "SnippetContactReportCCD", "sdk_snippets_bin\SnippetContactReportCCD.vcxproj", "{54D492A8-05B2-38FA-A7FE-D7C09990CC57}"
	ProjectSection(ProjectDependencies) = postProject
		{46E1AFD4-87A6-3996-A7FE-CF8BA8478E0B} = {46E1AFD4-87A6-3996-A7FE-CF8BA8478E0B}
		{233F6DA4-EECB-37B0-9C8E-FA82CFEE3495} = {233F6DA4-EECB-37B0-9C8E-FA82CFEE3495}
		{8B8B3DAA-6A07-3AB7-A57B-31641AFE9D2C} = {8B8B3DAA-6A07-3AB7-A57B-31641AFE9D2C}
		{89414508-4A83-3986-B2FA-17B868FC47BE} = {89414508-4A83-3986-B2FA-17B868FC47BE}
		{67F4D21B-D52A-3E5E-9899-7FA8CE1C5481} = {67F4D21B-D52A-3E5E-9899-7FA8CE1C5481}
		{DD627DC8-3786-32DD-A10E-A335BE364017} = {DD627DC8-3786-32DD-A10E-A335BE364017}
		{00FDBEFC-CC0D-37A9-B5BA-AB8FE88804E6} = {00FDBEFC-CC0D-37A9-B5BA-AB8FE88804E6}
		{CC6CAB8E-7CBB-38D9-99EE-DC9C6036F45F} = {CC6CAB8E-7CBB-38D9-99EE-DC9C6036F45F}
		{681DDAD6-D4BB-3FCD-AE5A-F64C78DDA3A0} = {681DDAD6-D4BB-3FCD-AE5A-F64C78DDA3A0}
		{9403BEB3-CA1A-32D7-B6B9-D42DD45D78D0} = {9403BEB3-CA1A-32D7-B6B9-D42DD45D78D0}
		{E00532A0-0596-331B-BCBA-660BBE889E45} = {E00532A0-0596-331B-BCBA-660BBE889E45}
	EndProjectSection
EndProject
Project("{8BC9CEB8-8B4A-11D0-8D11-00A0C91BC942}") = "SnippetConvert", "sdk_snippets_bin\SnippetConvert.vcxproj", "{19510253-4D31-3FE2-8136-BDCBBFFB4F64}"
	ProjectSection(ProjectDependencies) = postProject
		{46E1AFD4-87A6-3996-A7FE-CF8BA8478E0B} = {46E1AFD4-87A6-3996-A7FE-CF8BA8478E0B}
		{233F6DA4-EECB-37B0-9C8E-FA82CFEE3495} = {233F6DA4-EECB-37B0-9C8E-FA82CFEE3495}
		{8B8B3DAA-6A07-3AB7-A57B-31641AFE9D2C} = {8B8B3DAA-6A07-3AB7-A57B-31641AFE9D2C}
		{89414508-4A83-3986-B2FA-17B868FC47BE} = {89414508-4A83-3986-B2FA-17B868FC47BE}
		{67F4D21B-D52A-3E5E-9899-7FA8CE1C5481} = {67F4D21B-D52A-3E5E-9899-7FA8CE1C5481}
		{DD627DC8-3786-32DD-A10E-A335BE364017} = {DD627DC8-3786-32DD-A10E-A335BE364017}
		{00FDBEFC-CC0D-37A9-B5BA-AB8FE88804E6} = {00FDBEFC-CC0D-37A9-B5BA-AB8FE88804E6}
		{CC6CAB8E-7CBB-38D9-99EE-DC9C6036F45F} = {CC6CAB8E-7CBB-38D9-99EE-DC9C6036F45F}
		{681DDAD6-D4BB-3FCD-AE5A-F64C78DDA3A0} = {681DDAD6-D4BB-3FCD-AE5A-F64C78DDA3A0}
		{9403BEB3-CA1A-32D7-B6B9-D42DD45D78D0} = {9403BEB3-CA1A-32D7-B6B9-D42DD45D78D0}
		{E00532A0-0596-331B-BCBA-660BBE889E45} = {E00532A0-0596-331B-BCBA-660BBE889E45}
	EndProjectSection
EndProject
Project("{8BC9CEB8-8B4A-11D0-8D11-00A0C91BC942}") = "SnippetConvexMeshCreate", "sdk_snippets_bin\SnippetConvexMeshCreate.vcxproj", "{07D8040F-DE16-3B9F-A43D-3F32D079BB1E}"
	ProjectSection(ProjectDependencies) = postProject
		{46E1AFD4-87A6-3996-A7FE-CF8BA8478E0B} = {46E1AFD4-87A6-3996-A7FE-CF8BA8478E0B}
		{233F6DA4-EECB-37B0-9C8E-FA82CFEE3495} = {233F6DA4-EECB-37B0-9C8E-FA82CFEE3495}
		{8B8B3DAA-6A07-3AB7-A57B-31641AFE9D2C} = {8B8B3DAA-6A07-3AB7-A57B-31641AFE9D2C}
		{89414508-4A83-3986-B2FA-17B868FC47BE} = {89414508-4A83-3986-B2FA-17B868FC47BE}
		{67F4D21B-D52A-3E5E-9899-7FA8CE1C5481} = {67F4D21B-D52A-3E5E-9899-7FA8CE1C5481}
		{DD627DC8-3786-32DD-A10E-A335BE364017} = {DD627DC8-3786-32DD-A10E-A335BE364017}
		{00FDBEFC-CC0D-37A9-B5BA-AB8FE88804E6} = {00FDBEFC-CC0D-37A9-B5BA-AB8FE88804E6}
		{CC6CAB8E-7CBB-38D9-99EE-DC9C6036F45F} = {CC6CAB8E-7CBB-38D9-99EE-DC9C6036F45F}
		{681DDAD6-D4BB-3FCD-AE5A-F64C78DDA3A0} = {681DDAD6-D4BB-3FCD-AE5A-F64C78DDA3A0}
		{9403BEB3-CA1A-32D7-B6B9-D42DD45D78D0} = {9403BEB3-CA1A-32D7-B6B9-D42DD45D78D0}
		{E00532A0-0596-331B-BCBA-660BBE889E45} = {E00532A0-0596-331B-BCBA-660BBE889E45}
	EndProjectSection
EndProject
Project("{8BC9CEB8-8B4A-11D0-8D11-00A0C91BC942}") = "SnippetCustomJoint", "sdk_snippets_bin\SnippetCustomJoint.vcxproj", "{C933E0BD-48D2-303B-9674-1B817D05B120}"
	ProjectSection(ProjectDependencies) = postProject
		{46E1AFD4-87A6-3996-A7FE-CF8BA8478E0B} = {46E1AFD4-87A6-3996-A7FE-CF8BA8478E0B}
		{233F6DA4-EECB-37B0-9C8E-FA82CFEE3495} = {233F6DA4-EECB-37B0-9C8E-FA82CFEE3495}
		{8B8B3DAA-6A07-3AB7-A57B-31641AFE9D2C} = {8B8B3DAA-6A07-3AB7-A57B-31641AFE9D2C}
		{89414508-4A83-3986-B2FA-17B868FC47BE} = {89414508-4A83-3986-B2FA-17B868FC47BE}
		{67F4D21B-D52A-3E5E-9899-7FA8CE1C5481} = {67F4D21B-D52A-3E5E-9899-7FA8CE1C5481}
		{DD627DC8-3786-32DD-A10E-A335BE364017} = {DD627DC8-3786-32DD-A10E-A335BE364017}
		{00FDBEFC-CC0D-37A9-B5BA-AB8FE88804E6} = {00FDBEFC-CC0D-37A9-B5BA-AB8FE88804E6}
		{CC6CAB8E-7CBB-38D9-99EE-DC9C6036F45F} = {CC6CAB8E-7CBB-38D9-99EE-DC9C6036F45F}
		{681DDAD6-D4BB-3FCD-AE5A-F64C78DDA3A0} = {681DDAD6-D4BB-3FCD-AE5A-F64C78DDA3A0}
		{9403BEB3-CA1A-32D7-B6B9-D42DD45D78D0} = {9403BEB3-CA1A-32D7-B6B9-D42DD45D78D0}
		{E00532A0-0596-331B-BCBA-660BBE889E45} = {E00532A0-0596-331B-BCBA-660BBE889E45}
	EndProjectSection
EndProject
Project("{8BC9CEB8-8B4A-11D0-8D11-00A0C91BC942}") = "SnippetCustomProfiler", "sdk_snippets_bin\SnippetCustomProfiler.vcxproj", "{F4669A12-1AE9-367E-A3C4-AE21C206EA2C}"
	ProjectSection(ProjectDependencies) = postProject
		{46E1AFD4-87A6-3996-A7FE-CF8BA8478E0B} = {46E1AFD4-87A6-3996-A7FE-CF8BA8478E0B}
		{233F6DA4-EECB-37B0-9C8E-FA82CFEE3495} = {233F6DA4-EECB-37B0-9C8E-FA82CFEE3495}
		{8B8B3DAA-6A07-3AB7-A57B-31641AFE9D2C} = {8B8B3DAA-6A07-3AB7-A57B-31641AFE9D2C}
		{89414508-4A83-3986-B2FA-17B868FC47BE} = {89414508-4A83-3986-B2FA-17B868FC47BE}
		{67F4D21B-D52A-3E5E-9899-7FA8CE1C5481} = {67F4D21B-D52A-3E5E-9899-7FA8CE1C5481}
		{DD627DC8-3786-32DD-A10E-A335BE364017} = {DD627DC8-3786-32DD-A10E-A335BE364017}
		{00FDBEFC-CC0D-37A9-B5BA-AB8FE88804E6} = {00FDBEFC-CC0D-37A9-B5BA-AB8FE88804E6}
		{CC6CAB8E-7CBB-38D9-99EE-DC9C6036F45F} = {CC6CAB8E-7CBB-38D9-99EE-DC9C6036F45F}
		{681DDAD6-D4BB-3FCD-AE5A-F64C78DDA3A0} = {681DDAD6-D4BB-3FCD-AE5A-F64C78DDA3A0}
		{9403BEB3-CA1A-32D7-B6B9-D42DD45D78D0} = {9403BEB3-CA1A-32D7-B6B9-D42DD45D78D0}
		{E00532A0-0596-331B-BCBA-660BBE889E45} = {E00532A0-0596-331B-BCBA-660BBE889E45}
	EndProjectSection
EndProject
Project("{8BC9CEB8-8B4A-11D0-8D11-00A0C91BC942}") = "SnippetDeformableMesh", "sdk_snippets_bin\SnippetDeformableMesh.vcxproj", "{C5CF4C1F-54C0-3C36-AE84-C1C0FB0AF457}"
	ProjectSection(ProjectDependencies) = postProject
		{46E1AFD4-87A6-3996-A7FE-CF8BA8478E0B} = {46E1AFD4-87A6-3996-A7FE-CF8BA8478E0B}
		{233F6DA4-EECB-37B0-9C8E-FA82CFEE3495} = {233F6DA4-EECB-37B0-9C8E-FA82CFEE3495}
		{8B8B3DAA-6A07-3AB7-A57B-31641AFE9D2C} = {8B8B3DAA-6A07-3AB7-A57B-31641AFE9D2C}
		{89414508-4A83-3986-B2FA-17B868FC47BE} = {89414508-4A83-3986-B2FA-17B868FC47BE}
		{67F4D21B-D52A-3E5E-9899-7FA8CE1C5481} = {67F4D21B-D52A-3E5E-9899-7FA8CE1C5481}
		{DD627DC8-3786-32DD-A10E-A335BE364017} = {DD627DC8-3786-32DD-A10E-A335BE364017}
		{00FDBEFC-CC0D-37A9-B5BA-AB8FE88804E6} = {00FDBEFC-CC0D-37A9-B5BA-AB8FE88804E6}
		{CC6CAB8E-7CBB-38D9-99EE-DC9C6036F45F} = {CC6CAB8E-7CBB-38D9-99EE-DC9C6036F45F}
		{681DDAD6-D4BB-3FCD-AE5A-F64C78DDA3A0} = {681DDAD6-D4BB-3FCD-AE5A-F64C78DDA3A0}
		{9403BEB3-CA1A-32D7-B6B9-D42DD45D78D0} = {9403BEB3-CA1A-32D7-B6B9-D42DD45D78D0}
		{E00532A0-0596-331B-BCBA-660BBE889E45} = {E00532A0-0596-331B-BCBA-660BBE889E45}
	EndProjectSection
EndProject
Project("{8BC9CEB8-8B4A-11D0-8D11-00A0C91BC942}") = "SnippetDelayLoadHook", "sdk_snippets_bin\SnippetDelayLoadHook.vcxproj", "{5684DB87-BF4A-354B-9B9D-17AC6F70C5DF}"
	ProjectSection(ProjectDependencies) = postProject
		{46E1AFD4-87A6-3996-A7FE-CF8BA8478E0B} = {46E1AFD4-87A6-3996-A7FE-CF8BA8478E0B}
		{233F6DA4-EECB-37B0-9C8E-FA82CFEE3495} = {233F6DA4-EECB-37B0-9C8E-FA82CFEE3495}
		{8B8B3DAA-6A07-3AB7-A57B-31641AFE9D2C} = {8B8B3DAA-6A07-3AB7-A57B-31641AFE9D2C}
		{89414508-4A83-3986-B2FA-17B868FC47BE} = {89414508-4A83-3986-B2FA-17B868FC47BE}
		{67F4D21B-D52A-3E5E-9899-7FA8CE1C5481} = {67F4D21B-D52A-3E5E-9899-7FA8CE1C5481}
		{DD627DC8-3786-32DD-A10E-A335BE364017} = {DD627DC8-3786-32DD-A10E-A335BE364017}
		{00FDBEFC-CC0D-37A9-B5BA-AB8FE88804E6} = {00FDBEFC-CC0D-37A9-B5BA-AB8FE88804E6}
		{CC6CAB8E-7CBB-38D9-99EE-DC9C6036F45F} = {CC6CAB8E-7CBB-38D9-99EE-DC9C6036F45F}
		{681DDAD6-D4BB-3FCD-AE5A-F64C78DDA3A0} = {681DDAD6-D4BB-3FCD-AE5A-F64C78DDA3A0}
		{9403BEB3-CA1A-32D7-B6B9-D42DD45D78D0} = {9403BEB3-CA1A-32D7-B6B9-D42DD45D78D0}
		{E00532A0-0596-331B-BCBA-660BBE889E45} = {E00532A0-0596-331B-BCBA-660BBE889E45}
	EndProjectSection
EndProject
Project("{8BC9CEB8-8B4A-11D0-8D11-00A0C91BC942}") = "SnippetHelloGRB", "sdk_snippets_bin\SnippetHelloGRB.vcxproj", "{808392B0-7708-3E2C-9D2B-C1324F2043C2}"
	ProjectSection(ProjectDependencies) = postProject
		{46E1AFD4-87A6-3996-A7FE-CF8BA8478E0B} = {46E1AFD4-87A6-3996-A7FE-CF8BA8478E0B}
		{233F6DA4-EECB-37B0-9C8E-FA82CFEE3495} = {233F6DA4-EECB-37B0-9C8E-FA82CFEE3495}
		{8B8B3DAA-6A07-3AB7-A57B-31641AFE9D2C} = {8B8B3DAA-6A07-3AB7-A57B-31641AFE9D2C}
		{89414508-4A83-3986-B2FA-17B868FC47BE} = {89414508-4A83-3986-B2FA-17B868FC47BE}
		{67F4D21B-D52A-3E5E-9899-7FA8CE1C5481} = {67F4D21B-D52A-3E5E-9899-7FA8CE1C5481}
		{DD627DC8-3786-32DD-A10E-A335BE364017} = {DD627DC8-3786-32DD-A10E-A335BE364017}
		{00FDBEFC-CC0D-37A9-B5BA-AB8FE88804E6} = {00FDBEFC-CC0D-37A9-B5BA-AB8FE88804E6}
		{CC6CAB8E-7CBB-38D9-99EE-DC9C6036F45F} = {CC6CAB8E-7CBB-38D9-99EE-DC9C6036F45F}
		{681DDAD6-D4BB-3FCD-AE5A-F64C78DDA3A0} = {681DDAD6-D4BB-3FCD-AE5A-F64C78DDA3A0}
		{9403BEB3-CA1A-32D7-B6B9-D42DD45D78D0} = {9403BEB3-CA1A-32D7-B6B9-D42DD45D78D0}
		{E00532A0-0596-331B-BCBA-660BBE889E45} = {E00532A0-0596-331B-BCBA-660BBE889E45}
	EndProjectSection
EndProject
Project("{8BC9CEB8-8B4A-11D0-8D11-00A0C91BC942}") = "SnippetHelloWorld", "sdk_snippets_bin\SnippetHelloWorld.vcxproj", "{6FCC49E0-8AF3-3A80-88E7-B1E10C93BC3E}"
	ProjectSection(ProjectDependencies) = postProject
		{46E1AFD4-87A6-3996-A7FE-CF8BA8478E0B} = {46E1AFD4-87A6-3996-A7FE-CF8BA8478E0B}
		{233F6DA4-EECB-37B0-9C8E-FA82CFEE3495} = {233F6DA4-EECB-37B0-9C8E-FA82CFEE3495}
		{8B8B3DAA-6A07-3AB7-A57B-31641AFE9D2C} = {8B8B3DAA-6A07-3AB7-A57B-31641AFE9D2C}
		{89414508-4A83-3986-B2FA-17B868FC47BE} = {89414508-4A83-3986-B2FA-17B868FC47BE}
		{67F4D21B-D52A-3E5E-9899-7FA8CE1C5481} = {67F4D21B-D52A-3E5E-9899-7FA8CE1C5481}
		{DD627DC8-3786-32DD-A10E-A335BE364017} = {DD627DC8-3786-32DD-A10E-A335BE364017}
		{00FDBEFC-CC0D-37A9-B5BA-AB8FE88804E6} = {00FDBEFC-CC0D-37A9-B5BA-AB8FE88804E6}
		{CC6CAB8E-7CBB-38D9-99EE-DC9C6036F45F} = {CC6CAB8E-7CBB-38D9-99EE-DC9C6036F45F}
		{681DDAD6-D4BB-3FCD-AE5A-F64C78DDA3A0} = {681DDAD6-D4BB-3FCD-AE5A-F64C78DDA3A0}
		{9403BEB3-CA1A-32D7-B6B9-D42DD45D78D0} = {9403BEB3-CA1A-32D7-B6B9-D42DD45D78D0}
		{E00532A0-0596-331B-BCBA-660BBE889E45} = {E00532A0-0596-331B-BCBA-660BBE889E45}
	EndProjectSection
EndProject
Project("{8BC9CEB8-8B4A-11D0-8D11-00A0C91BC942}") = "SnippetImmediateArticulation", "sdk_snippets_bin\SnippetImmediateArticulation.vcxproj", "{011FA6DC-42DF-3B2F-908F-C4804D3D569F}"
	ProjectSection(ProjectDependencies) = postProject
		{46E1AFD4-87A6-3996-A7FE-CF8BA8478E0B} = {46E1AFD4-87A6-3996-A7FE-CF8BA8478E0B}
		{233F6DA4-EECB-37B0-9C8E-FA82CFEE3495} = {233F6DA4-EECB-37B0-9C8E-FA82CFEE3495}
		{8B8B3DAA-6A07-3AB7-A57B-31641AFE9D2C} = {8B8B3DAA-6A07-3AB7-A57B-31641AFE9D2C}
		{89414508-4A83-3986-B2FA-17B868FC47BE} = {89414508-4A83-3986-B2FA-17B868FC47BE}
		{67F4D21B-D52A-3E5E-9899-7FA8CE1C5481} = {67F4D21B-D52A-3E5E-9899-7FA8CE1C5481}
		{DD627DC8-3786-32DD-A10E-A335BE364017} = {DD627DC8-3786-32DD-A10E-A335BE364017}
		{00FDBEFC-CC0D-37A9-B5BA-AB8FE88804E6} = {00FDBEFC-CC0D-37A9-B5BA-AB8FE88804E6}
		{CC6CAB8E-7CBB-38D9-99EE-DC9C6036F45F} = {CC6CAB8E-7CBB-38D9-99EE-DC9C6036F45F}
		{681DDAD6-D4BB-3FCD-AE5A-F64C78DDA3A0} = {681DDAD6-D4BB-3FCD-AE5A-F64C78DDA3A0}
		{9403BEB3-CA1A-32D7-B6B9-D42DD45D78D0} = {9403BEB3-CA1A-32D7-B6B9-D42DD45D78D0}
		{E00532A0-0596-331B-BCBA-660BBE889E45} = {E00532A0-0596-331B-BCBA-660BBE889E45}
	EndProjectSection
EndProject
Project("{8BC9CEB8-8B4A-11D0-8D11-00A0C91BC942}") = "SnippetImmediateMode", "sdk_snippets_bin\SnippetImmediateMode.vcxproj", "{EB7D166F-30E3-3E8E-9DC2-3B6500D0060D}"
	ProjectSection(ProjectDependencies) = postProject
		{46E1AFD4-87A6-3996-A7FE-CF8BA8478E0B} = {46E1AFD4-87A6-3996-A7FE-CF8BA8478E0B}
		{233F6DA4-EECB-37B0-9C8E-FA82CFEE3495} = {233F6DA4-EECB-37B0-9C8E-FA82CFEE3495}
		{8B8B3DAA-6A07-3AB7-A57B-31641AFE9D2C} = {8B8B3DAA-6A07-3AB7-A57B-31641AFE9D2C}
		{89414508-4A83-3986-B2FA-17B868FC47BE} = {89414508-4A83-3986-B2FA-17B868FC47BE}
		{67F4D21B-D52A-3E5E-9899-7FA8CE1C5481} = {67F4D21B-D52A-3E5E-9899-7FA8CE1C5481}
		{DD627DC8-3786-32DD-A10E-A335BE364017} = {DD627DC8-3786-32DD-A10E-A335BE364017}
		{00FDBEFC-CC0D-37A9-B5BA-AB8FE88804E6} = {00FDBEFC-CC0D-37A9-B5BA-AB8FE88804E6}
		{CC6CAB8E-7CBB-38D9-99EE-DC9C6036F45F} = {CC6CAB8E-7CBB-38D9-99EE-DC9C6036F45F}
		{681DDAD6-D4BB-3FCD-AE5A-F64C78DDA3A0} = {681DDAD6-D4BB-3FCD-AE5A-F64C78DDA3A0}
		{9403BEB3-CA1A-32D7-B6B9-D42DD45D78D0} = {9403BEB3-CA1A-32D7-B6B9-D42DD45D78D0}
		{E00532A0-0596-331B-BCBA-660BBE889E45} = {E00532A0-0596-331B-BCBA-660BBE889E45}
	EndProjectSection
EndProject
Project("{8BC9CEB8-8B4A-11D0-8D11-00A0C91BC942}") = "SnippetJoint", "sdk_snippets_bin\SnippetJoint.vcxproj", "{789AD35B-D7BB-3907-AE79-20C16E47C2F5}"
	ProjectSection(ProjectDependencies) = postProject
		{46E1AFD4-87A6-3996-A7FE-CF8BA8478E0B} = {46E1AFD4-87A6-3996-A7FE-CF8BA8478E0B}
		{233F6DA4-EECB-37B0-9C8E-FA82CFEE3495} = {233F6DA4-EECB-37B0-9C8E-FA82CFEE3495}
		{8B8B3DAA-6A07-3AB7-A57B-31641AFE9D2C} = {8B8B3DAA-6A07-3AB7-A57B-31641AFE9D2C}
		{89414508-4A83-3986-B2FA-17B868FC47BE} = {89414508-4A83-3986-B2FA-17B868FC47BE}
		{67F4D21B-D52A-3E5E-9899-7FA8CE1C5481} = {67F4D21B-D52A-3E5E-9899-7FA8CE1C5481}
		{DD627DC8-3786-32DD-A10E-A335BE364017} = {DD627DC8-3786-32DD-A10E-A335BE364017}
		{00FDBEFC-CC0D-37A9-B5BA-AB8FE88804E6} = {00FDBEFC-CC0D-37A9-B5BA-AB8FE88804E6}
		{CC6CAB8E-7CBB-38D9-99EE-DC9C6036F45F} = {CC6CAB8E-7CBB-38D9-99EE-DC9C6036F45F}
		{681DDAD6-D4BB-3FCD-AE5A-F64C78DDA3A0} = {681DDAD6-D4BB-3FCD-AE5A-F64C78DDA3A0}
		{9403BEB3-CA1A-32D7-B6B9-D42DD45D78D0} = {9403BEB3-CA1A-32D7-B6B9-D42DD45D78D0}
		{E00532A0-0596-331B-BCBA-660BBE889E45} = {E00532A0-0596-331B-BCBA-660BBE889E45}
	EndProjectSection
EndProject
Project("{8BC9CEB8-8B4A-11D0-8D11-00A0C91BC942}") = "SnippetLoadCollection", "sdk_snippets_bin\SnippetLoadCollection.vcxproj", "{9C57796C-5F88-3E18-BCD3-BF5AC007984F}"
	ProjectSection(ProjectDependencies) = postProject
		{46E1AFD4-87A6-3996-A7FE-CF8BA8478E0B} = {46E1AFD4-87A6-3996-A7FE-CF8BA8478E0B}
		{233F6DA4-EECB-37B0-9C8E-FA82CFEE3495} = {233F6DA4-EECB-37B0-9C8E-FA82CFEE3495}
		{8B8B3DAA-6A07-3AB7-A57B-31641AFE9D2C} = {8B8B3DAA-6A07-3AB7-A57B-31641AFE9D2C}
		{89414508-4A83-3986-B2FA-17B868FC47BE} = {89414508-4A83-3986-B2FA-17B868FC47BE}
		{67F4D21B-D52A-3E5E-9899-7FA8CE1C5481} = {67F4D21B-D52A-3E5E-9899-7FA8CE1C5481}
		{DD627DC8-3786-32DD-A10E-A335BE364017} = {DD627DC8-3786-32DD-A10E-A335BE364017}
		{00FDBEFC-CC0D-37A9-B5BA-AB8FE88804E6} = {00FDBEFC-CC0D-37A9-B5BA-AB8FE88804E6}
		{CC6CAB8E-7CBB-38D9-99EE-DC9C6036F45F} = {CC6CAB8E-7CBB-38D9-99EE-DC9C6036F45F}
		{681DDAD6-D4BB-3FCD-AE5A-F64C78DDA3A0} = {681DDAD6-D4BB-3FCD-AE5A-F64C78DDA3A0}
		{9403BEB3-CA1A-32D7-B6B9-D42DD45D78D0} = {9403BEB3-CA1A-32D7-B6B9-D42DD45D78D0}
		{E00532A0-0596-331B-BCBA-660BBE889E45} = {E00532A0-0596-331B-BCBA-660BBE889E45}
	EndProjectSection
EndProject
Project("{8BC9CEB8-8B4A-11D0-8D11-00A0C91BC942}") = "SnippetMBP", "sdk_snippets_bin\SnippetMBP.vcxproj", "{BA520C19-A2A0-3645-AFD1-B93B64483C01}"
	ProjectSection(ProjectDependencies) = postProject
		{46E1AFD4-87A6-3996-A7FE-CF8BA8478E0B} = {46E1AFD4-87A6-3996-A7FE-CF8BA8478E0B}
		{233F6DA4-EECB-37B0-9C8E-FA82CFEE3495} = {233F6DA4-EECB-37B0-9C8E-FA82CFEE3495}
		{8B8B3DAA-6A07-3AB7-A57B-31641AFE9D2C} = {8B8B3DAA-6A07-3AB7-A57B-31641AFE9D2C}
		{89414508-4A83-3986-B2FA-17B868FC47BE} = {89414508-4A83-3986-B2FA-17B868FC47BE}
		{67F4D21B-D52A-3E5E-9899-7FA8CE1C5481} = {67F4D21B-D52A-3E5E-9899-7FA8CE1C5481}
		{DD627DC8-3786-32DD-A10E-A335BE364017} = {DD627DC8-3786-32DD-A10E-A335BE364017}
		{00FDBEFC-CC0D-37A9-B5BA-AB8FE88804E6} = {00FDBEFC-CC0D-37A9-B5BA-AB8FE88804E6}
		{CC6CAB8E-7CBB-38D9-99EE-DC9C6036F45F} = {CC6CAB8E-7CBB-38D9-99EE-DC9C6036F45F}
		{681DDAD6-D4BB-3FCD-AE5A-F64C78DDA3A0} = {681DDAD6-D4BB-3FCD-AE5A-F64C78DDA3A0}
		{9403BEB3-CA1A-32D7-B6B9-D42DD45D78D0} = {9403BEB3-CA1A-32D7-B6B9-D42DD45D78D0}
		{E00532A0-0596-331B-BCBA-660BBE889E45} = {E00532A0-0596-331B-BCBA-660BBE889E45}
	EndProjectSection
EndProject
Project("{8BC9CEB8-8B4A-11D0-8D11-00A0C91BC942}") = "SnippetMultiThreading", "sdk_snippets_bin\SnippetMultiThreading.vcxproj", "{B04444E7-504C-3172-B391-79D0E6510FE9}"
	ProjectSection(ProjectDependencies) = postProject
		{46E1AFD4-87A6-3996-A7FE-CF8BA8478E0B} = {46E1AFD4-87A6-3996-A7FE-CF8BA8478E0B}
		{233F6DA4-EECB-37B0-9C8E-FA82CFEE3495} = {233F6DA4-EECB-37B0-9C8E-FA82CFEE3495}
		{8B8B3DAA-6A07-3AB7-A57B-31641AFE9D2C} = {8B8B3DAA-6A07-3AB7-A57B-31641AFE9D2C}
		{89414508-4A83-3986-B2FA-17B868FC47BE} = {89414508-4A83-3986-B2FA-17B868FC47BE}
		{67F4D21B-D52A-3E5E-9899-7FA8CE1C5481} = {67F4D21B-D52A-3E5E-9899-7FA8CE1C5481}
		{DD627DC8-3786-32DD-A10E-A335BE364017} = {DD627DC8-3786-32DD-A10E-A335BE364017}
		{00FDBEFC-CC0D-37A9-B5BA-AB8FE88804E6} = {00FDBEFC-CC0D-37A9-B5BA-AB8FE88804E6}
		{CC6CAB8E-7CBB-38D9-99EE-DC9C6036F45F} = {CC6CAB8E-7CBB-38D9-99EE-DC9C6036F45F}
		{681DDAD6-D4BB-3FCD-AE5A-F64C78DDA3A0} = {681DDAD6-D4BB-3FCD-AE5A-F64C78DDA3A0}
		{9403BEB3-CA1A-32D7-B6B9-D42DD45D78D0} = {9403BEB3-CA1A-32D7-B6B9-D42DD45D78D0}
		{E00532A0-0596-331B-BCBA-660BBE889E45} = {E00532A0-0596-331B-BCBA-660BBE889E45}
	EndProjectSection
EndProject
Project("{8BC9CEB8-8B4A-11D0-8D11-00A0C91BC942}") = "SnippetNestedScene", "sdk_snippets_bin\SnippetNestedScene.vcxproj", "{F1F6A5CB-81AD-35E4-85DA-0340B1271D1B}"
	ProjectSection(ProjectDependencies) = postProject
		{46E1AFD4-87A6-3996-A7FE-CF8BA8478E0B} = {46E1AFD4-87A6-3996-A7FE-CF8BA8478E0B}
		{233F6DA4-EECB-37B0-9C8E-FA82CFEE3495} = {233F6DA4-EECB-37B0-9C8E-FA82CFEE3495}
		{8B8B3DAA-6A07-3AB7-A57B-31641AFE9D2C} = {8B8B3DAA-6A07-3AB7-A57B-31641AFE9D2C}
		{89414508-4A83-3986-B2FA-17B868FC47BE} = {89414508-4A83-3986-B2FA-17B868FC47BE}
		{67F4D21B-D52A-3E5E-9899-7FA8CE1C5481} = {67F4D21B-D52A-3E5E-9899-7FA8CE1C5481}
		{DD627DC8-3786-32DD-A10E-A335BE364017} = {DD627DC8-3786-32DD-A10E-A335BE364017}
		{00FDBEFC-CC0D-37A9-B5BA-AB8FE88804E6} = {00FDBEFC-CC0D-37A9-B5BA-AB8FE88804E6}
		{ECF7CF8D-DA05-302C-8035-B6566C15711F} = {ECF7CF8D-DA05-302C-8035-B6566C15711F}
		{CC6CAB8E-7CBB-38D9-99EE-DC9C6036F45F} = {CC6CAB8E-7CBB-38D9-99EE-DC9C6036F45F}
		{681DDAD6-D4BB-3FCD-AE5A-F64C78DDA3A0} = {681DDAD6-D4BB-3FCD-AE5A-F64C78DDA3A0}
		{9403BEB3-CA1A-32D7-B6B9-D42DD45D78D0} = {9403BEB3-CA1A-32D7-B6B9-D42DD45D78D0}
		{E00532A0-0596-331B-BCBA-660BBE889E45} = {E00532A0-0596-331B-BCBA-660BBE889E45}
	EndProjectSection
EndProject
Project("{8BC9CEB8-8B4A-11D0-8D11-00A0C91BC942}") = "SnippetPrunerSerialization", "sdk_snippets_bin\SnippetPrunerSerialization.vcxproj", "{845A47F5-ED9F-39CA-BEC0-1F14704B3206}"
	ProjectSection(ProjectDependencies) = postProject
		{46E1AFD4-87A6-3996-A7FE-CF8BA8478E0B} = {46E1AFD4-87A6-3996-A7FE-CF8BA8478E0B}
		{233F6DA4-EECB-37B0-9C8E-FA82CFEE3495} = {233F6DA4-EECB-37B0-9C8E-FA82CFEE3495}
		{8B8B3DAA-6A07-3AB7-A57B-31641AFE9D2C} = {8B8B3DAA-6A07-3AB7-A57B-31641AFE9D2C}
		{89414508-4A83-3986-B2FA-17B868FC47BE} = {89414508-4A83-3986-B2FA-17B868FC47BE}
		{67F4D21B-D52A-3E5E-9899-7FA8CE1C5481} = {67F4D21B-D52A-3E5E-9899-7FA8CE1C5481}
		{DD627DC8-3786-32DD-A10E-A335BE364017} = {DD627DC8-3786-32DD-A10E-A335BE364017}
		{00FDBEFC-CC0D-37A9-B5BA-AB8FE88804E6} = {00FDBEFC-CC0D-37A9-B5BA-AB8FE88804E6}
		{CC6CAB8E-7CBB-38D9-99EE-DC9C6036F45F} = {CC6CAB8E-7CBB-38D9-99EE-DC9C6036F45F}
		{681DDAD6-D4BB-3FCD-AE5A-F64C78DDA3A0} = {681DDAD6-D4BB-3FCD-AE5A-F64C78DDA3A0}
		{9403BEB3-CA1A-32D7-B6B9-D42DD45D78D0} = {9403BEB3-CA1A-32D7-B6B9-D42DD45D78D0}
		{E00532A0-0596-331B-BCBA-660BBE889E45} = {E00532A0-0596-331B-BCBA-660BBE889E45}
	EndProjectSection
EndProject
Project("{8BC9CEB8-8B4A-11D0-8D11-00A0C91BC942}") = "SnippetRaycastCCD", "sdk_snippets_bin\SnippetRaycastCCD.vcxproj", "{6DFEB387-29D6-30FD-A2BD-E59C41035D08}"
	ProjectSection(ProjectDependencies) = postProject
		{46E1AFD4-87A6-3996-A7FE-CF8BA8478E0B} = {46E1AFD4-87A6-3996-A7FE-CF8BA8478E0B}
		{233F6DA4-EECB-37B0-9C8E-FA82CFEE3495} = {233F6DA4-EECB-37B0-9C8E-FA82CFEE3495}
		{8B8B3DAA-6A07-3AB7-A57B-31641AFE9D2C} = {8B8B3DAA-6A07-3AB7-A57B-31641AFE9D2C}
		{89414508-4A83-3986-B2FA-17B868FC47BE} = {89414508-4A83-3986-B2FA-17B868FC47BE}
		{67F4D21B-D52A-3E5E-9899-7FA8CE1C5481} = {67F4D21B-D52A-3E5E-9899-7FA8CE1C5481}
		{DD627DC8-3786-32DD-A10E-A335BE364017} = {DD627DC8-3786-32DD-A10E-A335BE364017}
		{00FDBEFC-CC0D-37A9-B5BA-AB8FE88804E6} = {00FDBEFC-CC0D-37A9-B5BA-AB8FE88804E6}
		{CC6CAB8E-7CBB-38D9-99EE-DC9C6036F45F} = {CC6CAB8E-7CBB-38D9-99EE-DC9C6036F45F}
		{681DDAD6-D4BB-3FCD-AE5A-F64C78DDA3A0} = {681DDAD6-D4BB-3FCD-AE5A-F64C78DDA3A0}
		{9403BEB3-CA1A-32D7-B6B9-D42DD45D78D0} = {9403BEB3-CA1A-32D7-B6B9-D42DD45D78D0}
		{E00532A0-0596-331B-BCBA-660BBE889E45} = {E00532A0-0596-331B-BCBA-660BBE889E45}
	EndProjectSection
EndProject
Project("{8BC9CEB8-8B4A-11D0-8D11-00A0C91BC942}") = "SnippetRender", "sdk_snippets_bin\SnippetRender.vcxproj", "{681DDAD6-D4BB-3FCD-AE5A-F64C78DDA3A0}"
	ProjectSection(ProjectDependencies) = postProject
		{DD627DC8-3786-32DD-A10E-A335BE364017} = {DD627DC8-3786-32DD-A10E-A335BE364017}
		{E00532A0-0596-331B-BCBA-660BBE889E45} = {E00532A0-0596-331B-BCBA-660BBE889E45}
	EndProjectSection
EndProject
Project("{8BC9CEB8-8B4A-11D0-8D11-00A0C91BC942}") = "SnippetSerialization", "sdk_snippets_bin\SnippetSerialization.vcxproj", "{D037A846-C51C-3A84-9C38-9403BEA91BA2}"
	ProjectSection(ProjectDependencies) = postProject
		{46E1AFD4-87A6-3996-A7FE-CF8BA8478E0B} = {46E1AFD4-87A6-3996-A7FE-CF8BA8478E0B}
		{233F6DA4-EECB-37B0-9C8E-FA82CFEE3495} = {233F6DA4-EECB-37B0-9C8E-FA82CFEE3495}
		{8B8B3DAA-6A07-3AB7-A57B-31641AFE9D2C} = {8B8B3DAA-6A07-3AB7-A57B-31641AFE9D2C}
		{89414508-4A83-3986-B2FA-17B868FC47BE} = {89414508-4A83-3986-B2FA-17B868FC47BE}
		{67F4D21B-D52A-3E5E-9899-7FA8CE1C5481} = {67F4D21B-D52A-3E5E-9899-7FA8CE1C5481}
		{DD627DC8-3786-32DD-A10E-A335BE364017} = {DD627DC8-3786-32DD-A10E-A335BE364017}
		{00FDBEFC-CC0D-37A9-B5BA-AB8FE88804E6} = {00FDBEFC-CC0D-37A9-B5BA-AB8FE88804E6}
		{CC6CAB8E-7CBB-38D9-99EE-DC9C6036F45F} = {CC6CAB8E-7CBB-38D9-99EE-DC9C6036F45F}
		{681DDAD6-D4BB-3FCD-AE5A-F64C78DDA3A0} = {681DDAD6-D4BB-3FCD-AE5A-F64C78DDA3A0}
		{9403BEB3-CA1A-32D7-B6B9-D42DD45D78D0} = {9403BEB3-CA1A-32D7-B6B9-D42DD45D78D0}
		{E00532A0-0596-331B-BCBA-660BBE889E45} = {E00532A0-0596-331B-BCBA-660BBE889E45}
	EndProjectSection
EndProject
Project("{8BC9CEB8-8B4A-11D0-8D11-00A0C91BC942}") = "SnippetSplitFetchResults", "sdk_snippets_bin\SnippetSplitFetchResults.vcxproj", "{9DB2D819-BD13-39D5-9831-1AAB920FA94F}"
	ProjectSection(ProjectDependencies) = postProject
		{46E1AFD4-87A6-3996-A7FE-CF8BA8478E0B} = {46E1AFD4-87A6-3996-A7FE-CF8BA8478E0B}
		{233F6DA4-EECB-37B0-9C8E-FA82CFEE3495} = {233F6DA4-EECB-37B0-9C8E-FA82CFEE3495}
		{8B8B3DAA-6A07-3AB7-A57B-31641AFE9D2C} = {8B8B3DAA-6A07-3AB7-A57B-31641AFE9D2C}
		{89414508-4A83-3986-B2FA-17B868FC47BE} = {89414508-4A83-3986-B2FA-17B868FC47BE}
		{67F4D21B-D52A-3E5E-9899-7FA8CE1C5481} = {67F4D21B-D52A-3E5E-9899-7FA8CE1C5481}
		{DD627DC8-3786-32DD-A10E-A335BE364017} = {DD627DC8-3786-32DD-A10E-A335BE364017}
		{00FDBEFC-CC0D-37A9-B5BA-AB8FE88804E6} = {00FDBEFC-CC0D-37A9-B5BA-AB8FE88804E6}
		{CC6CAB8E-7CBB-38D9-99EE-DC9C6036F45F} = {CC6CAB8E-7CBB-38D9-99EE-DC9C6036F45F}
		{681DDAD6-D4BB-3FCD-AE5A-F64C78DDA3A0} = {681DDAD6-D4BB-3FCD-AE5A-F64C78DDA3A0}
		{9403BEB3-CA1A-32D7-B6B9-D42DD45D78D0} = {9403BEB3-CA1A-32D7-B6B9-D42DD45D78D0}
		{E00532A0-0596-331B-BCBA-660BBE889E45} = {E00532A0-0596-331B-BCBA-660BBE889E45}
	EndProjectSection
EndProject
Project("{8BC9CEB8-8B4A-11D0-8D11-00A0C91BC942}") = "SnippetSplitSim", "sdk_snippets_bin\SnippetSplitSim.vcxproj", "{223A5FC7-4B10-3CC5-AA47-911035184A19}"
	ProjectSection(ProjectDependencies) = postProject
		{46E1AFD4-87A6-3996-A7FE-CF8BA8478E0B} = {46E1AFD4-87A6-3996-A7FE-CF8BA8478E0B}
		{233F6DA4-EECB-37B0-9C8E-FA82CFEE3495} = {233F6DA4-EECB-37B0-9C8E-FA82CFEE3495}
		{8B8B3DAA-6A07-3AB7-A57B-31641AFE9D2C} = {8B8B3DAA-6A07-3AB7-A57B-31641AFE9D2C}
		{89414508-4A83-3986-B2FA-17B868FC47BE} = {89414508-4A83-3986-B2FA-17B868FC47BE}
		{67F4D21B-D52A-3E5E-9899-7FA8CE1C5481} = {67F4D21B-D52A-3E5E-9899-7FA8CE1C5481}
		{DD627DC8-3786-32DD-A10E-A335BE364017} = {DD627DC8-3786-32DD-A10E-A335BE364017}
		{00FDBEFC-CC0D-37A9-B5BA-AB8FE88804E6} = {00FDBEFC-CC0D-37A9-B5BA-AB8FE88804E6}
		{CC6CAB8E-7CBB-38D9-99EE-DC9C6036F45F} = {CC6CAB8E-7CBB-38D9-99EE-DC9C6036F45F}
		{681DDAD6-D4BB-3FCD-AE5A-F64C78DDA3A0} = {681DDAD6-D4BB-3FCD-AE5A-F64C78DDA3A0}
		{9403BEB3-CA1A-32D7-B6B9-D42DD45D78D0} = {9403BEB3-CA1A-32D7-B6B9-D42DD45D78D0}
		{E00532A0-0596-331B-BCBA-660BBE889E45} = {E00532A0-0596-331B-BCBA-660BBE889E45}
	EndProjectSection
EndProject
Project("{8BC9CEB8-8B4A-11D0-8D11-00A0C91BC942}") = "SnippetStepper", "sdk_snippets_bin\SnippetStepper.vcxproj", "{BC8AC654-5D7D-3B83-94BD-787E32DC791D}"
	ProjectSection(ProjectDependencies) = postProject
		{46E1AFD4-87A6-3996-A7FE-CF8BA8478E0B} = {46E1AFD4-87A6-3996-A7FE-CF8BA8478E0B}
		{233F6DA4-EECB-37B0-9C8E-FA82CFEE3495} = {233F6DA4-EECB-37B0-9C8E-FA82CFEE3495}
		{8B8B3DAA-6A07-3AB7-A57B-31641AFE9D2C} = {8B8B3DAA-6A07-3AB7-A57B-31641AFE9D2C}
		{89414508-4A83-3986-B2FA-17B868FC47BE} = {89414508-4A83-3986-B2FA-17B868FC47BE}
		{67F4D21B-D52A-3E5E-9899-7FA8CE1C5481} = {67F4D21B-D52A-3E5E-9899-7FA8CE1C5481}
		{DD627DC8-3786-32DD-A10E-A335BE364017} = {DD627DC8-3786-32DD-A10E-A335BE364017}
		{00FDBEFC-CC0D-37A9-B5BA-AB8FE88804E6} = {00FDBEFC-CC0D-37A9-B5BA-AB8FE88804E6}
		{CC6CAB8E-7CBB-38D9-99EE-DC9C6036F45F} = {CC6CAB8E-7CBB-38D9-99EE-DC9C6036F45F}
		{681DDAD6-D4BB-3FCD-AE5A-F64C78DDA3A0} = {681DDAD6-D4BB-3FCD-AE5A-F64C78DDA3A0}
		{9403BEB3-CA1A-32D7-B6B9-D42DD45D78D0} = {9403BEB3-CA1A-32D7-B6B9-D42DD45D78D0}
		{E00532A0-0596-331B-BCBA-660BBE889E45} = {E00532A0-0596-331B-BCBA-660BBE889E45}
	EndProjectSection
EndProject
Project("{8BC9CEB8-8B4A-11D0-8D11-00A0C91BC942}") = "SnippetToleranceScale", "sdk_snippets_bin\SnippetToleranceScale.vcxproj", "{3518BC49-B8D5-300B-ACC0-65F2F307852C}"
	ProjectSection(ProjectDependencies) = postProject
		{46E1AFD4-87A6-3996-A7FE-CF8BA8478E0B} = {46E1AFD4-87A6-3996-A7FE-CF8BA8478E0B}
		{233F6DA4-EECB-37B0-9C8E-FA82CFEE3495} = {233F6DA4-EECB-37B0-9C8E-FA82CFEE3495}
		{8B8B3DAA-6A07-3AB7-A57B-31641AFE9D2C} = {8B8B3DAA-6A07-3AB7-A57B-31641AFE9D2C}
		{89414508-4A83-3986-B2FA-17B868FC47BE} = {89414508-4A83-3986-B2FA-17B868FC47BE}
		{67F4D21B-D52A-3E5E-9899-7FA8CE1C5481} = {67F4D21B-D52A-3E5E-9899-7FA8CE1C5481}
		{DD627DC8-3786-32DD-A10E-A335BE364017} = {DD627DC8-3786-32DD-A10E-A335BE364017}
		{00FDBEFC-CC0D-37A9-B5BA-AB8FE88804E6} = {00FDBEFC-CC0D-37A9-B5BA-AB8FE88804E6}
		{CC6CAB8E-7CBB-38D9-99EE-DC9C6036F45F} = {CC6CAB8E-7CBB-38D9-99EE-DC9C6036F45F}
		{681DDAD6-D4BB-3FCD-AE5A-F64C78DDA3A0} = {681DDAD6-D4BB-3FCD-AE5A-F64C78DDA3A0}
		{9403BEB3-CA1A-32D7-B6B9-D42DD45D78D0} = {9403BEB3-CA1A-32D7-B6B9-D42DD45D78D0}
		{E00532A0-0596-331B-BCBA-660BBE889E45} = {E00532A0-0596-331B-BCBA-660BBE889E45}
	EndProjectSection
EndProject
Project("{8BC9CEB8-8B4A-11D0-8D11-00A0C91BC942}") = "SnippetTriangleMeshCreate", "sdk_snippets_bin\SnippetTriangleMeshCreate.vcxproj", "{9DC9BDF8-F0F0-31EC-8BAF-1B3F2AD22AB3}"
	ProjectSection(ProjectDependencies) = postProject
		{46E1AFD4-87A6-3996-A7FE-CF8BA8478E0B} = {46E1AFD4-87A6-3996-A7FE-CF8BA8478E0B}
		{233F6DA4-EECB-37B0-9C8E-FA82CFEE3495} = {233F6DA4-EECB-37B0-9C8E-FA82CFEE3495}
		{8B8B3DAA-6A07-3AB7-A57B-31641AFE9D2C} = {8B8B3DAA-6A07-3AB7-A57B-31641AFE9D2C}
		{89414508-4A83-3986-B2FA-17B868FC47BE} = {89414508-4A83-3986-B2FA-17B868FC47BE}
		{67F4D21B-D52A-3E5E-9899-7FA8CE1C5481} = {67F4D21B-D52A-3E5E-9899-7FA8CE1C5481}
		{DD627DC8-3786-32DD-A10E-A335BE364017} = {DD627DC8-3786-32DD-A10E-A335BE364017}
		{00FDBEFC-CC0D-37A9-B5BA-AB8FE88804E6} = {00FDBEFC-CC0D-37A9-B5BA-AB8FE88804E6}
		{CC6CAB8E-7CBB-38D9-99EE-DC9C6036F45F} = {CC6CAB8E-7CBB-38D9-99EE-DC9C6036F45F}
		{681DDAD6-D4BB-3FCD-AE5A-F64C78DDA3A0} = {681DDAD6-D4BB-3FCD-AE5A-F64C78DDA3A0}
		{9403BEB3-CA1A-32D7-B6B9-D42DD45D78D0} = {9403BEB3-CA1A-32D7-B6B9-D42DD45D78D0}
		{E00532A0-0596-331B-BCBA-660BBE889E45} = {E00532A0-0596-331B-BCBA-660BBE889E45}
	EndProjectSection
EndProject
Project("{8BC9CEB8-8B4A-11D0-8D11-00A0C91BC942}") = "SnippetUtils", "sdk_snippets_bin\SnippetUtils.vcxproj", "{9403BEB3-CA1A-32D7-B6B9-D42DD45D78D0}"
	ProjectSection(ProjectDependencies) = postProject
		{DD627DC8-3786-32DD-A10E-A335BE364017} = {DD627DC8-3786-32DD-A10E-A335BE364017}
		{E00532A0-0596-331B-BCBA-660BBE889E45} = {E00532A0-0596-331B-BCBA-660BBE889E45}
	EndProjectSection
EndProject
Project("{8BC9CEB8-8B4A-11D0-8D11-00A0C91BC942}") = "SnippetVehicle4W", "sdk_snippets_bin\SnippetVehicle4W.vcxproj", "{2BD82709-D4B5-341D-BF54-1B5D96840CB3}"
	ProjectSection(ProjectDependencies) = postProject
		{46E1AFD4-87A6-3996-A7FE-CF8BA8478E0B} = {46E1AFD4-87A6-3996-A7FE-CF8BA8478E0B}
		{233F6DA4-EECB-37B0-9C8E-FA82CFEE3495} = {233F6DA4-EECB-37B0-9C8E-FA82CFEE3495}
		{8B8B3DAA-6A07-3AB7-A57B-31641AFE9D2C} = {8B8B3DAA-6A07-3AB7-A57B-31641AFE9D2C}
		{89414508-4A83-3986-B2FA-17B868FC47BE} = {89414508-4A83-3986-B2FA-17B868FC47BE}
		{67F4D21B-D52A-3E5E-9899-7FA8CE1C5481} = {67F4D21B-D52A-3E5E-9899-7FA8CE1C5481}
		{DD627DC8-3786-32DD-A10E-A335BE364017} = {DD627DC8-3786-32DD-A10E-A335BE364017}
		{00FDBEFC-CC0D-37A9-B5BA-AB8FE88804E6} = {00FDBEFC-CC0D-37A9-B5BA-AB8FE88804E6}
		{ECF7CF8D-DA05-302C-8035-B6566C15711F} = {ECF7CF8D-DA05-302C-8035-B6566C15711F}
		{CC6CAB8E-7CBB-38D9-99EE-DC9C6036F45F} = {CC6CAB8E-7CBB-38D9-99EE-DC9C6036F45F}
		{681DDAD6-D4BB-3FCD-AE5A-F64C78DDA3A0} = {681DDAD6-D4BB-3FCD-AE5A-F64C78DDA3A0}
		{9403BEB3-CA1A-32D7-B6B9-D42DD45D78D0} = {9403BEB3-CA1A-32D7-B6B9-D42DD45D78D0}
		{E00532A0-0596-331B-BCBA-660BBE889E45} = {E00532A0-0596-331B-BCBA-660BBE889E45}
	EndProjectSection
EndProject
Project("{8BC9CEB8-8B4A-11D0-8D11-00A0C91BC942}") = "SnippetVehicleContactMod", "sdk_snippets_bin\SnippetVehicleContactMod.vcxproj", "{CA95392E-63A3-3E47-8FCB-3280D8CEAEBC}"
	ProjectSection(ProjectDependencies) = postProject
		{46E1AFD4-87A6-3996-A7FE-CF8BA8478E0B} = {46E1AFD4-87A6-3996-A7FE-CF8BA8478E0B}
		{233F6DA4-EECB-37B0-9C8E-FA82CFEE3495} = {233F6DA4-EECB-37B0-9C8E-FA82CFEE3495}
		{8B8B3DAA-6A07-3AB7-A57B-31641AFE9D2C} = {8B8B3DAA-6A07-3AB7-A57B-31641AFE9D2C}
		{89414508-4A83-3986-B2FA-17B868FC47BE} = {89414508-4A83-3986-B2FA-17B868FC47BE}
		{67F4D21B-D52A-3E5E-9899-7FA8CE1C5481} = {67F4D21B-D52A-3E5E-9899-7FA8CE1C5481}
		{DD627DC8-3786-32DD-A10E-A335BE364017} = {DD627DC8-3786-32DD-A10E-A335BE364017}
		{00FDBEFC-CC0D-37A9-B5BA-AB8FE88804E6} = {00FDBEFC-CC0D-37A9-B5BA-AB8FE88804E6}
		{ECF7CF8D-DA05-302C-8035-B6566C15711F} = {ECF7CF8D-DA05-302C-8035-B6566C15711F}
		{CC6CAB8E-7CBB-38D9-99EE-DC9C6036F45F} = {CC6CAB8E-7CBB-38D9-99EE-DC9C6036F45F}
		{681DDAD6-D4BB-3FCD-AE5A-F64C78DDA3A0} = {681DDAD6-D4BB-3FCD-AE5A-F64C78DDA3A0}
		{9403BEB3-CA1A-32D7-B6B9-D42DD45D78D0} = {9403BEB3-CA1A-32D7-B6B9-D42DD45D78D0}
		{E00532A0-0596-331B-BCBA-660BBE889E45} = {E00532A0-0596-331B-BCBA-660BBE889E45}
	EndProjectSection
EndProject
Project("{8BC9CEB8-8B4A-11D0-8D11-00A0C91BC942}") = "SnippetVehicleMultiThreading", "sdk_snippets_bin\SnippetVehicleMultiThreading.vcxproj", "{B26470F1-5716-3E56-8075-95099BAD7AFC}"
	ProjectSection(ProjectDependencies) = postProject
		{46E1AFD4-87A6-3996-A7FE-CF8BA8478E0B} = {46E1AFD4-87A6-3996-A7FE-CF8BA8478E0B}
		{233F6DA4-EECB-37B0-9C8E-FA82CFEE3495} = {233F6DA4-EECB-37B0-9C8E-FA82CFEE3495}
		{8B8B3DAA-6A07-3AB7-A57B-31641AFE9D2C} = {8B8B3DAA-6A07-3AB7-A57B-31641AFE9D2C}
		{89414508-4A83-3986-B2FA-17B868FC47BE} = {89414508-4A83-3986-B2FA-17B868FC47BE}
		{67F4D21B-D52A-3E5E-9899-7FA8CE1C5481} = {67F4D21B-D52A-3E5E-9899-7FA8CE1C5481}
		{DD627DC8-3786-32DD-A10E-A335BE364017} = {DD627DC8-3786-32DD-A10E-A335BE364017}
		{00FDBEFC-CC0D-37A9-B5BA-AB8FE88804E6} = {00FDBEFC-CC0D-37A9-B5BA-AB8FE88804E6}
		{ECF7CF8D-DA05-302C-8035-B6566C15711F} = {ECF7CF8D-DA05-302C-8035-B6566C15711F}
		{CC6CAB8E-7CBB-38D9-99EE-DC9C6036F45F} = {CC6CAB8E-7CBB-38D9-99EE-DC9C6036F45F}
		{681DDAD6-D4BB-3FCD-AE5A-F64C78DDA3A0} = {681DDAD6-D4BB-3FCD-AE5A-F64C78DDA3A0}
		{9403BEB3-CA1A-32D7-B6B9-D42DD45D78D0} = {9403BEB3-CA1A-32D7-B6B9-D42DD45D78D0}
		{E00532A0-0596-331B-BCBA-660BBE889E45} = {E00532A0-0596-331B-BCBA-660BBE889E45}
	EndProjectSection
EndProject
Project("{8BC9CEB8-8B4A-11D0-8D11-00A0C91BC942}") = "SnippetVehicleNoDrive", "sdk_snippets_bin\SnippetVehicleNoDrive.vcxproj", "{737D8F93-4F9A-31A8-A6CD-48ABA9A01531}"
	ProjectSection(ProjectDependencies) = postProject
		{46E1AFD4-87A6-3996-A7FE-CF8BA8478E0B} = {46E1AFD4-87A6-3996-A7FE-CF8BA8478E0B}
		{233F6DA4-EECB-37B0-9C8E-FA82CFEE3495} = {233F6DA4-EECB-37B0-9C8E-FA82CFEE3495}
		{8B8B3DAA-6A07-3AB7-A57B-31641AFE9D2C} = {8B8B3DAA-6A07-3AB7-A57B-31641AFE9D2C}
		{89414508-4A83-3986-B2FA-17B868FC47BE} = {89414508-4A83-3986-B2FA-17B868FC47BE}
		{67F4D21B-D52A-3E5E-9899-7FA8CE1C5481} = {67F4D21B-D52A-3E5E-9899-7FA8CE1C5481}
		{DD627DC8-3786-32DD-A10E-A335BE364017} = {DD627DC8-3786-32DD-A10E-A335BE364017}
		{00FDBEFC-CC0D-37A9-B5BA-AB8FE88804E6} = {00FDBEFC-CC0D-37A9-B5BA-AB8FE88804E6}
		{ECF7CF8D-DA05-302C-8035-B6566C15711F} = {ECF7CF8D-DA05-302C-8035-B6566C15711F}
		{CC6CAB8E-7CBB-38D9-99EE-DC9C6036F45F} = {CC6CAB8E-7CBB-38D9-99EE-DC9C6036F45F}
		{681DDAD6-D4BB-3FCD-AE5A-F64C78DDA3A0} = {681DDAD6-D4BB-3FCD-AE5A-F64C78DDA3A0}
		{9403BEB3-CA1A-32D7-B6B9-D42DD45D78D0} = {9403BEB3-CA1A-32D7-B6B9-D42DD45D78D0}
		{E00532A0-0596-331B-BCBA-660BBE889E45} = {E00532A0-0596-331B-BCBA-660BBE889E45}
	EndProjectSection
EndProject
Project("{8BC9CEB8-8B4A-11D0-8D11-00A0C91BC942}") = "SnippetVehicleScale", "sdk_snippets_bin\SnippetVehicleScale.vcxproj", "{B7AF408B-3233-3C07-BA10-A4C2DA5D7425}"
	ProjectSection(ProjectDependencies) = postProject
		{46E1AFD4-87A6-3996-A7FE-CF8BA8478E0B} = {46E1AFD4-87A6-3996-A7FE-CF8BA8478E0B}
		{233F6DA4-EECB-37B0-9C8E-FA82CFEE3495} = {233F6DA4-EECB-37B0-9C8E-FA82CFEE3495}
		{8B8B3DAA-6A07-3AB7-A57B-31641AFE9D2C} = {8B8B3DAA-6A07-3AB7-A57B-31641AFE9D2C}
		{89414508-4A83-3986-B2FA-17B868FC47BE} = {89414508-4A83-3986-B2FA-17B868FC47BE}
		{67F4D21B-D52A-3E5E-9899-7FA8CE1C5481} = {67F4D21B-D52A-3E5E-9899-7FA8CE1C5481}
		{DD627DC8-3786-32DD-A10E-A335BE364017} = {DD627DC8-3786-32DD-A10E-A335BE364017}
		{00FDBEFC-CC0D-37A9-B5BA-AB8FE88804E6} = {00FDBEFC-CC0D-37A9-B5BA-AB8FE88804E6}
		{ECF7CF8D-DA05-302C-8035-B6566C15711F} = {ECF7CF8D-DA05-302C-8035-B6566C15711F}
		{CC6CAB8E-7CBB-38D9-99EE-DC9C6036F45F} = {CC6CAB8E-7CBB-38D9-99EE-DC9C6036F45F}
		{681DDAD6-D4BB-3FCD-AE5A-F64C78DDA3A0} = {681DDAD6-D4BB-3FCD-AE5A-F64C78DDA3A0}
		{9403BEB3-CA1A-32D7-B6B9-D42DD45D78D0} = {9403BEB3-CA1A-32D7-B6B9-D42DD45D78D0}
		{E00532A0-0596-331B-BCBA-660BBE889E45} = {E00532A0-0596-331B-BCBA-660BBE889E45}
	EndProjectSection
EndProject
Project("{8BC9CEB8-8B4A-11D0-8D11-00A0C91BC942}") = "SnippetVehicleTank", "sdk_snippets_bin\SnippetVehicleTank.vcxproj", "{3727D262-2EAB-3F6D-B6B1-7729077F21C1}"
	ProjectSection(ProjectDependencies) = postProject
		{46E1AFD4-87A6-3996-A7FE-CF8BA8478E0B} = {46E1AFD4-87A6-3996-A7FE-CF8BA8478E0B}
		{233F6DA4-EECB-37B0-9C8E-FA82CFEE3495} = {233F6DA4-EECB-37B0-9C8E-FA82CFEE3495}
		{8B8B3DAA-6A07-3AB7-A57B-31641AFE9D2C} = {8B8B3DAA-6A07-3AB7-A57B-31641AFE9D2C}
		{89414508-4A83-3986-B2FA-17B868FC47BE} = {89414508-4A83-3986-B2FA-17B868FC47BE}
		{67F4D21B-D52A-3E5E-9899-7FA8CE1C5481} = {67F4D21B-D52A-3E5E-9899-7FA8CE1C5481}
		{DD627DC8-3786-32DD-A10E-A335BE364017} = {DD627DC8-3786-32DD-A10E-A335BE364017}
		{00FDBEFC-CC0D-37A9-B5BA-AB8FE88804E6} = {00FDBEFC-CC0D-37A9-B5BA-AB8FE88804E6}
		{ECF7CF8D-DA05-302C-8035-B6566C15711F} = {ECF7CF8D-DA05-302C-8035-B6566C15711F}
		{CC6CAB8E-7CBB-38D9-99EE-DC9C6036F45F} = {CC6CAB8E-7CBB-38D9-99EE-DC9C6036F45F}
		{681DDAD6-D4BB-3FCD-AE5A-F64C78DDA3A0} = {681DDAD6-D4BB-3FCD-AE5A-F64C78DDA3A0}
		{9403BEB3-CA1A-32D7-B6B9-D42DD45D78D0} = {9403BEB3-CA1A-32D7-B6B9-D42DD45D78D0}
		{E00532A0-0596-331B-BCBA-660BBE889E45} = {E00532A0-0596-331B-BCBA-660BBE889E45}
	EndProjectSection
EndProject
Project("{8BC9CEB8-8B4A-11D0-8D11-00A0C91BC942}") = "ZERO_CHECK", "ZERO_CHECK.vcxproj", "{E00532A0-0596-331B-BCBA-660BBE889E45}"
	ProjectSection(ProjectDependencies) = postProject
	EndProjectSection
EndProject
Global
	GlobalSection(SolutionConfigurationPlatforms) = preSolution
		debug|x64 = debug|x64
		checked|x64 = checked|x64
		profile|x64 = profile|x64
		release|x64 = release|x64
	EndGlobalSection
	GlobalSection(ProjectConfigurationPlatforms) = postSolution
		{19572D19-0449-3B70-B1B6-C5FCBABE1D35}.debug|x64.ActiveCfg = debug|x64
		{19572D19-0449-3B70-B1B6-C5FCBABE1D35}.debug|x64.Build.0 = debug|x64
		{19572D19-0449-3B70-B1B6-C5FCBABE1D35}.checked|x64.ActiveCfg = checked|x64
		{19572D19-0449-3B70-B1B6-C5FCBABE1D35}.checked|x64.Build.0 = checked|x64
		{19572D19-0449-3B70-B1B6-C5FCBABE1D35}.profile|x64.ActiveCfg = profile|x64
		{19572D19-0449-3B70-B1B6-C5FCBABE1D35}.profile|x64.Build.0 = profile|x64
		{19572D19-0449-3B70-B1B6-C5FCBABE1D35}.release|x64.ActiveCfg = release|x64
		{19572D19-0449-3B70-B1B6-C5FCBABE1D35}.release|x64.Build.0 = release|x64
		{A57C15E6-AE54-3112-AEB8-A3A9253B64EB}.debug|x64.ActiveCfg = debug|x64
		{A57C15E6-AE54-3112-AEB8-A3A9253B64EB}.debug|x64.Build.0 = debug|x64
		{A57C15E6-AE54-3112-AEB8-A3A9253B64EB}.checked|x64.ActiveCfg = checked|x64
		{A57C15E6-AE54-3112-AEB8-A3A9253B64EB}.checked|x64.Build.0 = checked|x64
		{A57C15E6-AE54-3112-AEB8-A3A9253B64EB}.profile|x64.ActiveCfg = profile|x64
		{A57C15E6-AE54-3112-AEB8-A3A9253B64EB}.profile|x64.Build.0 = profile|x64
		{A57C15E6-AE54-3112-AEB8-A3A9253B64EB}.release|x64.ActiveCfg = release|x64
		{A57C15E6-AE54-3112-AEB8-A3A9253B64EB}.release|x64.Build.0 = release|x64
		{21D083B5-CABB-3777-B2E4-530DFE44FF79}.debug|x64.ActiveCfg = debug|x64
		{21D083B5-CABB-3777-B2E4-530DFE44FF79}.checked|x64.ActiveCfg = checked|x64
		{21D083B5-CABB-3777-B2E4-530DFE44FF79}.profile|x64.ActiveCfg = profile|x64
		{21D083B5-CABB-3777-B2E4-530DFE44FF79}.release|x64.ActiveCfg = release|x64
		{C0DD2788-E064-3D4B-AE54-8BEC641C3FDF}.debug|x64.ActiveCfg = debug|x64
		{C0DD2788-E064-3D4B-AE54-8BEC641C3FDF}.debug|x64.Build.0 = debug|x64
		{C0DD2788-E064-3D4B-AE54-8BEC641C3FDF}.checked|x64.ActiveCfg = checked|x64
		{C0DD2788-E064-3D4B-AE54-8BEC641C3FDF}.checked|x64.Build.0 = checked|x64
		{C0DD2788-E064-3D4B-AE54-8BEC641C3FDF}.profile|x64.ActiveCfg = profile|x64
		{C0DD2788-E064-3D4B-AE54-8BEC641C3FDF}.profile|x64.Build.0 = profile|x64
		{C0DD2788-E064-3D4B-AE54-8BEC641C3FDF}.release|x64.ActiveCfg = release|x64
		{C0DD2788-E064-3D4B-AE54-8BEC641C3FDF}.release|x64.Build.0 = release|x64
		{AA177961-7A62-3520-BF35-522549EB9B6C}.debug|x64.ActiveCfg = debug|x64
		{AA177961-7A62-3520-BF35-522549EB9B6C}.debug|x64.Build.0 = debug|x64
		{AA177961-7A62-3520-BF35-522549EB9B6C}.checked|x64.ActiveCfg = checked|x64
		{AA177961-7A62-3520-BF35-522549EB9B6C}.checked|x64.Build.0 = checked|x64
		{AA177961-7A62-3520-BF35-522549EB9B6C}.profile|x64.ActiveCfg = profile|x64
		{AA177961-7A62-3520-BF35-522549EB9B6C}.profile|x64.Build.0 = profile|x64
		{AA177961-7A62-3520-BF35-522549EB9B6C}.release|x64.ActiveCfg = release|x64
		{AA177961-7A62-3520-BF35-522549EB9B6C}.release|x64.Build.0 = release|x64
		{142403A4-2038-3472-A917-0EBD3FF309A8}.debug|x64.ActiveCfg = debug|x64
		{142403A4-2038-3472-A917-0EBD3FF309A8}.debug|x64.Build.0 = debug|x64
		{142403A4-2038-3472-A917-0EBD3FF309A8}.checked|x64.ActiveCfg = checked|x64
		{142403A4-2038-3472-A917-0EBD3FF309A8}.checked|x64.Build.0 = checked|x64
		{142403A4-2038-3472-A917-0EBD3FF309A8}.profile|x64.ActiveCfg = profile|x64
		{142403A4-2038-3472-A917-0EBD3FF309A8}.profile|x64.Build.0 = profile|x64
		{142403A4-2038-3472-A917-0EBD3FF309A8}.release|x64.ActiveCfg = release|x64
		{142403A4-2038-3472-A917-0EBD3FF309A8}.release|x64.Build.0 = release|x64
		{46E1AFD4-87A6-3996-A7FE-CF8BA8478E0B}.debug|x64.ActiveCfg = debug|x64
		{46E1AFD4-87A6-3996-A7FE-CF8BA8478E0B}.debug|x64.Build.0 = debug|x64
		{46E1AFD4-87A6-3996-A7FE-CF8BA8478E0B}.checked|x64.ActiveCfg = checked|x64
		{46E1AFD4-87A6-3996-A7FE-CF8BA8478E0B}.checked|x64.Build.0 = checked|x64
		{46E1AFD4-87A6-3996-A7FE-CF8BA8478E0B}.profile|x64.ActiveCfg = profile|x64
		{46E1AFD4-87A6-3996-A7FE-CF8BA8478E0B}.profile|x64.Build.0 = profile|x64
		{46E1AFD4-87A6-3996-A7FE-CF8BA8478E0B}.release|x64.ActiveCfg = release|x64
		{46E1AFD4-87A6-3996-A7FE-CF8BA8478E0B}.release|x64.Build.0 = release|x64
		{233F6DA4-EECB-37B0-9C8E-FA82CFEE3495}.debug|x64.ActiveCfg = debug|x64
		{233F6DA4-EECB-37B0-9C8E-FA82CFEE3495}.debug|x64.Build.0 = debug|x64
		{233F6DA4-EECB-37B0-9C8E-FA82CFEE3495}.checked|x64.ActiveCfg = checked|x64
		{233F6DA4-EECB-37B0-9C8E-FA82CFEE3495}.checked|x64.Build.0 = checked|x64
		{233F6DA4-EECB-37B0-9C8E-FA82CFEE3495}.profile|x64.ActiveCfg = profile|x64
		{233F6DA4-EECB-37B0-9C8E-FA82CFEE3495}.profile|x64.Build.0 = profile|x64
		{233F6DA4-EECB-37B0-9C8E-FA82CFEE3495}.release|x64.ActiveCfg = release|x64
		{233F6DA4-EECB-37B0-9C8E-FA82CFEE3495}.release|x64.Build.0 = release|x64
		{8B8B3DAA-6A07-3AB7-A57B-31641AFE9D2C}.debug|x64.ActiveCfg = debug|x64
		{8B8B3DAA-6A07-3AB7-A57B-31641AFE9D2C}.debug|x64.Build.0 = debug|x64
		{8B8B3DAA-6A07-3AB7-A57B-31641AFE9D2C}.checked|x64.ActiveCfg = checked|x64
		{8B8B3DAA-6A07-3AB7-A57B-31641AFE9D2C}.checked|x64.Build.0 = checked|x64
		{8B8B3DAA-6A07-3AB7-A57B-31641AFE9D2C}.profile|x64.ActiveCfg = profile|x64
		{8B8B3DAA-6A07-3AB7-A57B-31641AFE9D2C}.profile|x64.Build.0 = profile|x64
		{8B8B3DAA-6A07-3AB7-A57B-31641AFE9D2C}.release|x64.ActiveCfg = release|x64
		{8B8B3DAA-6A07-3AB7-A57B-31641AFE9D2C}.release|x64.Build.0 = release|x64
		{89414508-4A83-3986-B2FA-17B868FC47BE}.debug|x64.ActiveCfg = debug|x64
		{89414508-4A83-3986-B2FA-17B868FC47BE}.debug|x64.Build.0 = debug|x64
		{89414508-4A83-3986-B2FA-17B868FC47BE}.checked|x64.ActiveCfg = checked|x64
		{89414508-4A83-3986-B2FA-17B868FC47BE}.checked|x64.Build.0 = checked|x64
		{89414508-4A83-3986-B2FA-17B868FC47BE}.profile|x64.ActiveCfg = profile|x64
		{89414508-4A83-3986-B2FA-17B868FC47BE}.profile|x64.Build.0 = profile|x64
		{89414508-4A83-3986-B2FA-17B868FC47BE}.release|x64.ActiveCfg = release|x64
		{89414508-4A83-3986-B2FA-17B868FC47BE}.release|x64.Build.0 = release|x64
		{67F4D21B-D52A-3E5E-9899-7FA8CE1C5481}.debug|x64.ActiveCfg = debug|x64
		{67F4D21B-D52A-3E5E-9899-7FA8CE1C5481}.debug|x64.Build.0 = debug|x64
		{67F4D21B-D52A-3E5E-9899-7FA8CE1C5481}.checked|x64.ActiveCfg = checked|x64
		{67F4D21B-D52A-3E5E-9899-7FA8CE1C5481}.checked|x64.Build.0 = checked|x64
		{67F4D21B-D52A-3E5E-9899-7FA8CE1C5481}.profile|x64.ActiveCfg = profile|x64
		{67F4D21B-D52A-3E5E-9899-7FA8CE1C5481}.profile|x64.Build.0 = profile|x64
		{67F4D21B-D52A-3E5E-9899-7FA8CE1C5481}.release|x64.ActiveCfg = release|x64
		{67F4D21B-D52A-3E5E-9899-7FA8CE1C5481}.release|x64.Build.0 = release|x64
		{DD627DC8-3786-32DD-A10E-A335BE364017}.debug|x64.ActiveCfg = debug|x64
		{DD627DC8-3786-32DD-A10E-A335BE364017}.debug|x64.Build.0 = debug|x64
		{DD627DC8-3786-32DD-A10E-A335BE364017}.checked|x64.ActiveCfg = checked|x64
		{DD627DC8-3786-32DD-A10E-A335BE364017}.checked|x64.Build.0 = checked|x64
		{DD627DC8-3786-32DD-A10E-A335BE364017}.profile|x64.ActiveCfg = profile|x64
		{DD627DC8-3786-32DD-A10E-A335BE364017}.profile|x64.Build.0 = profile|x64
		{DD627DC8-3786-32DD-A10E-A335BE364017}.release|x64.ActiveCfg = release|x64
		{DD627DC8-3786-32DD-A10E-A335BE364017}.release|x64.Build.0 = release|x64
		{00FDBEFC-CC0D-37A9-B5BA-AB8FE88804E6}.debug|x64.ActiveCfg = debug|x64
		{00FDBEFC-CC0D-37A9-B5BA-AB8FE88804E6}.debug|x64.Build.0 = debug|x64
		{00FDBEFC-CC0D-37A9-B5BA-AB8FE88804E6}.checked|x64.ActiveCfg = checked|x64
		{00FDBEFC-CC0D-37A9-B5BA-AB8FE88804E6}.checked|x64.Build.0 = checked|x64
		{00FDBEFC-CC0D-37A9-B5BA-AB8FE88804E6}.profile|x64.ActiveCfg = profile|x64
		{00FDBEFC-CC0D-37A9-B5BA-AB8FE88804E6}.profile|x64.Build.0 = profile|x64
		{00FDBEFC-CC0D-37A9-B5BA-AB8FE88804E6}.release|x64.ActiveCfg = release|x64
		{00FDBEFC-CC0D-37A9-B5BA-AB8FE88804E6}.release|x64.Build.0 = release|x64
		{ECF7CF8D-DA05-302C-8035-B6566C15711F}.debug|x64.ActiveCfg = debug|x64
		{ECF7CF8D-DA05-302C-8035-B6566C15711F}.debug|x64.Build.0 = debug|x64
		{ECF7CF8D-DA05-302C-8035-B6566C15711F}.checked|x64.ActiveCfg = checked|x64
		{ECF7CF8D-DA05-302C-8035-B6566C15711F}.checked|x64.Build.0 = checked|x64
		{ECF7CF8D-DA05-302C-8035-B6566C15711F}.profile|x64.ActiveCfg = profile|x64
		{ECF7CF8D-DA05-302C-8035-B6566C15711F}.profile|x64.Build.0 = profile|x64
		{ECF7CF8D-DA05-302C-8035-B6566C15711F}.release|x64.ActiveCfg = release|x64
		{ECF7CF8D-DA05-302C-8035-B6566C15711F}.release|x64.Build.0 = release|x64
		{CC6CAB8E-7CBB-38D9-99EE-DC9C6036F45F}.debug|x64.ActiveCfg = debug|x64
		{CC6CAB8E-7CBB-38D9-99EE-DC9C6036F45F}.debug|x64.Build.0 = debug|x64
		{CC6CAB8E-7CBB-38D9-99EE-DC9C6036F45F}.checked|x64.ActiveCfg = checked|x64
		{CC6CAB8E-7CBB-38D9-99EE-DC9C6036F45F}.checked|x64.Build.0 = checked|x64
		{CC6CAB8E-7CBB-38D9-99EE-DC9C6036F45F}.profile|x64.ActiveCfg = profile|x64
		{CC6CAB8E-7CBB-38D9-99EE-DC9C6036F45F}.profile|x64.Build.0 = profile|x64
		{CC6CAB8E-7CBB-38D9-99EE-DC9C6036F45F}.release|x64.ActiveCfg = release|x64
		{CC6CAB8E-7CBB-38D9-99EE-DC9C6036F45F}.release|x64.Build.0 = release|x64
		{BCE136FD-7B14-318E-8115-FEB4C93C5723}.debug|x64.ActiveCfg = debug|x64
		{BCE136FD-7B14-318E-8115-FEB4C93C5723}.debug|x64.Build.0 = debug|x64
		{BCE136FD-7B14-318E-8115-FEB4C93C5723}.checked|x64.ActiveCfg = checked|x64
		{BCE136FD-7B14-318E-8115-FEB4C93C5723}.checked|x64.Build.0 = checked|x64
		{BCE136FD-7B14-318E-8115-FEB4C93C5723}.profile|x64.ActiveCfg = profile|x64
		{BCE136FD-7B14-318E-8115-FEB4C93C5723}.profile|x64.Build.0 = profile|x64
		{BCE136FD-7B14-318E-8115-FEB4C93C5723}.release|x64.ActiveCfg = release|x64
		{BCE136FD-7B14-318E-8115-FEB4C93C5723}.release|x64.Build.0 = release|x64
		{83B01CAE-16E6-3893-8331-97DFD824AC1C}.debug|x64.ActiveCfg = debug|x64
		{83B01CAE-16E6-3893-8331-97DFD824AC1C}.debug|x64.Build.0 = debug|x64
		{83B01CAE-16E6-3893-8331-97DFD824AC1C}.checked|x64.ActiveCfg = checked|x64
		{83B01CAE-16E6-3893-8331-97DFD824AC1C}.checked|x64.Build.0 = checked|x64
		{83B01CAE-16E6-3893-8331-97DFD824AC1C}.profile|x64.ActiveCfg = profile|x64
		{83B01CAE-16E6-3893-8331-97DFD824AC1C}.profile|x64.Build.0 = profile|x64
		{83B01CAE-16E6-3893-8331-97DFD824AC1C}.release|x64.ActiveCfg = release|x64
		{83B01CAE-16E6-3893-8331-97DFD824AC1C}.release|x64.Build.0 = release|x64
		{B036C542-AA74-3369-B2B2-7549CE9A0A42}.debug|x64.ActiveCfg = debug|x64
		{B036C542-AA74-3369-B2B2-7549CE9A0A42}.debug|x64.Build.0 = debug|x64
		{B036C542-AA74-3369-B2B2-7549CE9A0A42}.checked|x64.ActiveCfg = checked|x64
		{B036C542-AA74-3369-B2B2-7549CE9A0A42}.checked|x64.Build.0 = checked|x64
		{B036C542-AA74-3369-B2B2-7549CE9A0A42}.profile|x64.ActiveCfg = profile|x64
		{B036C542-AA74-3369-B2B2-7549CE9A0A42}.profile|x64.Build.0 = profile|x64
		{B036C542-AA74-3369-B2B2-7549CE9A0A42}.release|x64.ActiveCfg = release|x64
		{B036C542-AA74-3369-B2B2-7549CE9A0A42}.release|x64.Build.0 = release|x64
		{6DE25C75-B789-39AA-8093-E1199E69F74D}.debug|x64.ActiveCfg = debug|x64
		{6DE25C75-B789-39AA-8093-E1199E69F74D}.debug|x64.Build.0 = debug|x64
		{6DE25C75-B789-39AA-8093-E1199E69F74D}.checked|x64.ActiveCfg = checked|x64
		{6DE25C75-B789-39AA-8093-E1199E69F74D}.checked|x64.Build.0 = checked|x64
		{6DE25C75-B789-39AA-8093-E1199E69F74D}.profile|x64.ActiveCfg = profile|x64
		{6DE25C75-B789-39AA-8093-E1199E69F74D}.profile|x64.Build.0 = profile|x64
		{6DE25C75-B789-39AA-8093-E1199E69F74D}.release|x64.ActiveCfg = release|x64
		{6DE25C75-B789-39AA-8093-E1199E69F74D}.release|x64.Build.0 = release|x64
		{8B9B4211-C044-32D8-86CD-001EB939CCE1}.debug|x64.ActiveCfg = debug|x64
		{8B9B4211-C044-32D8-86CD-001EB939CCE1}.debug|x64.Build.0 = debug|x64
		{8B9B4211-C044-32D8-86CD-001EB939CCE1}.checked|x64.ActiveCfg = checked|x64
		{8B9B4211-C044-32D8-86CD-001EB939CCE1}.checked|x64.Build.0 = checked|x64
		{8B9B4211-C044-32D8-86CD-001EB939CCE1}.profile|x64.ActiveCfg = profile|x64
		{8B9B4211-C044-32D8-86CD-001EB939CCE1}.profile|x64.Build.0 = profile|x64
		{8B9B4211-C044-32D8-86CD-001EB939CCE1}.release|x64.ActiveCfg = release|x64
		{8B9B4211-C044-32D8-86CD-001EB939CCE1}.release|x64.Build.0 = release|x64
		{1C11AEF1-1DFC-33BD-B1BB-79503B04801E}.debug|x64.ActiveCfg = debug|x64
		{1C11AEF1-1DFC-33BD-B1BB-79503B04801E}.debug|x64.Build.0 = debug|x64
		{1C11AEF1-1DFC-33BD-B1BB-79503B04801E}.checked|x64.ActiveCfg = checked|x64
		{1C11AEF1-1DFC-33BD-B1BB-79503B04801E}.checked|x64.Build.0 = checked|x64
		{1C11AEF1-1DFC-33BD-B1BB-79503B04801E}.profile|x64.ActiveCfg = profile|x64
		{1C11AEF1-1DFC-33BD-B1BB-79503B04801E}.profile|x64.Build.0 = profile|x64
		{1C11AEF1-1DFC-33BD-B1BB-79503B04801E}.release|x64.ActiveCfg = release|x64
		{1C11AEF1-1DFC-33BD-B1BB-79503B04801E}.release|x64.Build.0 = release|x64
		{B52914E2-6E13-3684-B87D-8ED3C43EFC18}.debug|x64.ActiveCfg = debug|x64
		{B52914E2-6E13-3684-B87D-8ED3C43EFC18}.debug|x64.Build.0 = debug|x64
		{B52914E2-6E13-3684-B87D-8ED3C43EFC18}.checked|x64.ActiveCfg = checked|x64
		{B52914E2-6E13-3684-B87D-8ED3C43EFC18}.checked|x64.Build.0 = checked|x64
		{B52914E2-6E13-3684-B87D-8ED3C43EFC18}.profile|x64.ActiveCfg = profile|x64
		{B52914E2-6E13-3684-B87D-8ED3C43EFC18}.profile|x64.Build.0 = profile|x64
		{B52914E2-6E13-3684-B87D-8ED3C43EFC18}.release|x64.ActiveCfg = release|x64
		{B52914E2-6E13-3684-B87D-8ED3C43EFC18}.release|x64.Build.0 = release|x64
		{5BA64B90-C43E-3067-8334-29B7E1E25AF3}.debug|x64.ActiveCfg = debug|x64
		{5BA64B90-C43E-3067-8334-29B7E1E25AF3}.debug|x64.Build.0 = debug|x64
		{5BA64B90-C43E-3067-8334-29B7E1E25AF3}.checked|x64.ActiveCfg = checked|x64
		{5BA64B90-C43E-3067-8334-29B7E1E25AF3}.checked|x64.Build.0 = checked|x64
		{5BA64B90-C43E-3067-8334-29B7E1E25AF3}.profile|x64.ActiveCfg = profile|x64
		{5BA64B90-C43E-3067-8334-29B7E1E25AF3}.profile|x64.Build.0 = profile|x64
		{5BA64B90-C43E-3067-8334-29B7E1E25AF3}.release|x64.ActiveCfg = release|x64
		{5BA64B90-C43E-3067-8334-29B7E1E25AF3}.release|x64.Build.0 = release|x64
		{CDEAE7EF-57B7-39C6-BB74-FD04E7060FD3}.debug|x64.ActiveCfg = debug|x64
		{CDEAE7EF-57B7-39C6-BB74-FD04E7060FD3}.debug|x64.Build.0 = debug|x64
		{CDEAE7EF-57B7-39C6-BB74-FD04E7060FD3}.checked|x64.ActiveCfg = checked|x64
		{CDEAE7EF-57B7-39C6-BB74-FD04E7060FD3}.checked|x64.Build.0 = checked|x64
		{CDEAE7EF-57B7-39C6-BB74-FD04E7060FD3}.profile|x64.ActiveCfg = profile|x64
		{CDEAE7EF-57B7-39C6-BB74-FD04E7060FD3}.profile|x64.Build.0 = profile|x64
		{CDEAE7EF-57B7-39C6-BB74-FD04E7060FD3}.release|x64.ActiveCfg = release|x64
		{CDEAE7EF-57B7-39C6-BB74-FD04E7060FD3}.release|x64.Build.0 = release|x64
		{C6817DA4-5CA4-3B68-8765-834B2482EEAE}.debug|x64.ActiveCfg = debug|x64
		{C6817DA4-5CA4-3B68-8765-834B2482EEAE}.debug|x64.Build.0 = debug|x64
		{C6817DA4-5CA4-3B68-8765-834B2482EEAE}.checked|x64.ActiveCfg = checked|x64
		{C6817DA4-5CA4-3B68-8765-834B2482EEAE}.checked|x64.Build.0 = checked|x64
		{C6817DA4-5CA4-3B68-8765-834B2482EEAE}.profile|x64.ActiveCfg = profile|x64
		{C6817DA4-5CA4-3B68-8765-834B2482EEAE}.profile|x64.Build.0 = profile|x64
		{C6817DA4-5CA4-3B68-8765-834B2482EEAE}.release|x64.ActiveCfg = release|x64
		{C6817DA4-5CA4-3B68-8765-834B2482EEAE}.release|x64.Build.0 = release|x64
		{F060BC15-E8EE-372F-9FA2-2C5C420A1322}.debug|x64.ActiveCfg = debug|x64
		{F060BC15-E8EE-372F-9FA2-2C5C420A1322}.debug|x64.Build.0 = debug|x64
		{F060BC15-E8EE-372F-9FA2-2C5C420A1322}.checked|x64.ActiveCfg = checked|x64
		{F060BC15-E8EE-372F-9FA2-2C5C420A1322}.checked|x64.Build.0 = checked|x64
		{F060BC15-E8EE-372F-9FA2-2C5C420A1322}.profile|x64.ActiveCfg = profile|x64
		{F060BC15-E8EE-372F-9FA2-2C5C420A1322}.profile|x64.Build.0 = profile|x64
		{F060BC15-E8EE-372F-9FA2-2C5C420A1322}.release|x64.ActiveCfg = release|x64
		{F060BC15-E8EE-372F-9FA2-2C5C420A1322}.release|x64.Build.0 = release|x64
		{8D678801-2112-3B2E-ABCA-C41710480297}.debug|x64.ActiveCfg = debug|x64
		{8D678801-2112-3B2E-ABCA-C41710480297}.debug|x64.Build.0 = debug|x64
		{8D678801-2112-3B2E-ABCA-C41710480297}.checked|x64.ActiveCfg = checked|x64
		{8D678801-2112-3B2E-ABCA-C41710480297}.checked|x64.Build.0 = checked|x64
		{8D678801-2112-3B2E-ABCA-C41710480297}.profile|x64.ActiveCfg = profile|x64
		{8D678801-2112-3B2E-ABCA-C41710480297}.profile|x64.Build.0 = profile|x64
		{8D678801-2112-3B2E-ABCA-C41710480297}.release|x64.ActiveCfg = release|x64
		{8D678801-2112-3B2E-ABCA-C41710480297}.release|x64.Build.0 = release|x64
		{54D492A8-05B2-38FA-A7FE-D7C09990CC57}.debug|x64.ActiveCfg = debug|x64
		{54D492A8-05B2-38FA-A7FE-D7C09990CC57}.debug|x64.Build.0 = debug|x64
		{54D492A8-05B2-38FA-A7FE-D7C09990CC57}.checked|x64.ActiveCfg = checked|x64
		{54D492A8-05B2-38FA-A7FE-D7C09990CC57}.checked|x64.Build.0 = checked|x64
		{54D492A8-05B2-38FA-A7FE-D7C09990CC57}.profile|x64.ActiveCfg = profile|x64
		{54D492A8-05B2-38FA-A7FE-D7C09990CC57}.profile|x64.Build.0 = profile|x64
		{54D492A8-05B2-38FA-A7FE-D7C09990CC57}.release|x64.ActiveCfg = release|x64
		{54D492A8-05B2-38FA-A7FE-D7C09990CC57}.release|x64.Build.0 = release|x64
		{19510253-4D31-3FE2-8136-BDCBBFFB4F64}.debug|x64.ActiveCfg = debug|x64
		{19510253-4D31-3FE2-8136-BDCBBFFB4F64}.debug|x64.Build.0 = debug|x64
		{19510253-4D31-3FE2-8136-BDCBBFFB4F64}.checked|x64.ActiveCfg = checked|x64
		{19510253-4D31-3FE2-8136-BDCBBFFB4F64}.checked|x64.Build.0 = checked|x64
		{19510253-4D31-3FE2-8136-BDCBBFFB4F64}.profile|x64.ActiveCfg = profile|x64
		{19510253-4D31-3FE2-8136-BDCBBFFB4F64}.profile|x64.Build.0 = profile|x64
		{19510253-4D31-3FE2-8136-BDCBBFFB4F64}.release|x64.ActiveCfg = release|x64
		{19510253-4D31-3FE2-8136-BDCBBFFB4F64}.release|x64.Build.0 = release|x64
		{07D8040F-DE16-3B9F-A43D-3F32D079BB1E}.debug|x64.ActiveCfg = debug|x64
		{07D8040F-DE16-3B9F-A43D-3F32D079BB1E}.debug|x64.Build.0 = debug|x64
		{07D8040F-DE16-3B9F-A43D-3F32D079BB1E}.checked|x64.ActiveCfg = checked|x64
		{07D8040F-DE16-3B9F-A43D-3F32D079BB1E}.checked|x64.Build.0 = checked|x64
		{07D8040F-DE16-3B9F-A43D-3F32D079BB1E}.profile|x64.ActiveCfg = profile|x64
		{07D8040F-DE16-3B9F-A43D-3F32D079BB1E}.profile|x64.Build.0 = profile|x64
		{07D8040F-DE16-3B9F-A43D-3F32D079BB1E}.release|x64.ActiveCfg = release|x64
		{07D8040F-DE16-3B9F-A43D-3F32D079BB1E}.release|x64.Build.0 = release|x64
		{C933E0BD-48D2-303B-9674-1B817D05B120}.debug|x64.ActiveCfg = debug|x64
		{C933E0BD-48D2-303B-9674-1B817D05B120}.debug|x64.Build.0 = debug|x64
		{C933E0BD-48D2-303B-9674-1B817D05B120}.checked|x64.ActiveCfg = checked|x64
		{C933E0BD-48D2-303B-9674-1B817D05B120}.checked|x64.Build.0 = checked|x64
		{C933E0BD-48D2-303B-9674-1B817D05B120}.profile|x64.ActiveCfg = profile|x64
		{C933E0BD-48D2-303B-9674-1B817D05B120}.profile|x64.Build.0 = profile|x64
		{C933E0BD-48D2-303B-9674-1B817D05B120}.release|x64.ActiveCfg = release|x64
		{C933E0BD-48D2-303B-9674-1B817D05B120}.release|x64.Build.0 = release|x64
		{F4669A12-1AE9-367E-A3C4-AE21C206EA2C}.debug|x64.ActiveCfg = debug|x64
		{F4669A12-1AE9-367E-A3C4-AE21C206EA2C}.debug|x64.Build.0 = debug|x64
		{F4669A12-1AE9-367E-A3C4-AE21C206EA2C}.checked|x64.ActiveCfg = checked|x64
		{F4669A12-1AE9-367E-A3C4-AE21C206EA2C}.checked|x64.Build.0 = checked|x64
		{F4669A12-1AE9-367E-A3C4-AE21C206EA2C}.profile|x64.ActiveCfg = profile|x64
		{F4669A12-1AE9-367E-A3C4-AE21C206EA2C}.profile|x64.Build.0 = profile|x64
		{F4669A12-1AE9-367E-A3C4-AE21C206EA2C}.release|x64.ActiveCfg = release|x64
		{F4669A12-1AE9-367E-A3C4-AE21C206EA2C}.release|x64.Build.0 = release|x64
		{C5CF4C1F-54C0-3C36-AE84-C1C0FB0AF457}.debug|x64.ActiveCfg = debug|x64
		{C5CF4C1F-54C0-3C36-AE84-C1C0FB0AF457}.debug|x64.Build.0 = debug|x64
		{C5CF4C1F-54C0-3C36-AE84-C1C0FB0AF457}.checked|x64.ActiveCfg = checked|x64
		{C5CF4C1F-54C0-3C36-AE84-C1C0FB0AF457}.checked|x64.Build.0 = checked|x64
		{C5CF4C1F-54C0-3C36-AE84-C1C0FB0AF457}.profile|x64.ActiveCfg = profile|x64
		{C5CF4C1F-54C0-3C36-AE84-C1C0FB0AF457}.profile|x64.Build.0 = profile|x64
		{C5CF4C1F-54C0-3C36-AE84-C1C0FB0AF457}.release|x64.ActiveCfg = release|x64
		{C5CF4C1F-54C0-3C36-AE84-C1C0FB0AF457}.release|x64.Build.0 = release|x64
		{5684DB87-BF4A-354B-9B9D-17AC6F70C5DF}.debug|x64.ActiveCfg = debug|x64
		{5684DB87-BF4A-354B-9B9D-17AC6F70C5DF}.debug|x64.Build.0 = debug|x64
		{5684DB87-BF4A-354B-9B9D-17AC6F70C5DF}.checked|x64.ActiveCfg = checked|x64
		{5684DB87-BF4A-354B-9B9D-17AC6F70C5DF}.checked|x64.Build.0 = checked|x64
		{5684DB87-BF4A-354B-9B9D-17AC6F70C5DF}.profile|x64.ActiveCfg = profile|x64
		{5684DB87-BF4A-354B-9B9D-17AC6F70C5DF}.profile|x64.Build.0 = profile|x64
		{5684DB87-BF4A-354B-9B9D-17AC6F70C5DF}.release|x64.ActiveCfg = release|x64
		{5684DB87-BF4A-354B-9B9D-17AC6F70C5DF}.release|x64.Build.0 = release|x64
		{808392B0-7708-3E2C-9D2B-C1324F2043C2}.debug|x64.ActiveCfg = debug|x64
		{808392B0-7708-3E2C-9D2B-C1324F2043C2}.debug|x64.Build.0 = debug|x64
		{808392B0-7708-3E2C-9D2B-C1324F2043C2}.checked|x64.ActiveCfg = checked|x64
		{808392B0-7708-3E2C-9D2B-C1324F2043C2}.checked|x64.Build.0 = checked|x64
		{808392B0-7708-3E2C-9D2B-C1324F2043C2}.profile|x64.ActiveCfg = profile|x64
		{808392B0-7708-3E2C-9D2B-C1324F2043C2}.profile|x64.Build.0 = profile|x64
		{808392B0-7708-3E2C-9D2B-C1324F2043C2}.release|x64.ActiveCfg = release|x64
		{808392B0-7708-3E2C-9D2B-C1324F2043C2}.release|x64.Build.0 = release|x64
		{6FCC49E0-8AF3-3A80-88E7-B1E10C93BC3E}.debug|x64.ActiveCfg = debug|x64
		{6FCC49E0-8AF3-3A80-88E7-B1E10C93BC3E}.debug|x64.Build.0 = debug|x64
		{6FCC49E0-8AF3-3A80-88E7-B1E10C93BC3E}.checked|x64.ActiveCfg = checked|x64
		{6FCC49E0-8AF3-3A80-88E7-B1E10C93BC3E}.checked|x64.Build.0 = checked|x64
		{6FCC49E0-8AF3-3A80-88E7-B1E10C93BC3E}.profile|x64.ActiveCfg = profile|x64
		{6FCC49E0-8AF3-3A80-88E7-B1E10C93BC3E}.profile|x64.Build.0 = profile|x64
		{6FCC49E0-8AF3-3A80-88E7-B1E10C93BC3E}.release|x64.ActiveCfg = release|x64
		{6FCC49E0-8AF3-3A80-88E7-B1E10C93BC3E}.release|x64.Build.0 = release|x64
		{011FA6DC-42DF-3B2F-908F-C4804D3D569F}.debug|x64.ActiveCfg = debug|x64
		{011FA6DC-42DF-3B2F-908F-C4804D3D569F}.debug|x64.Build.0 = debug|x64
		{011FA6DC-42DF-3B2F-908F-C4804D3D569F}.checked|x64.ActiveCfg = checked|x64
		{011FA6DC-42DF-3B2F-908F-C4804D3D569F}.checked|x64.Build.0 = checked|x64
		{011FA6DC-42DF-3B2F-908F-C4804D3D569F}.profile|x64.ActiveCfg = profile|x64
		{011FA6DC-42DF-3B2F-908F-C4804D3D569F}.profile|x64.Build.0 = profile|x64
		{011FA6DC-42DF-3B2F-908F-C4804D3D569F}.release|x64.ActiveCfg = release|x64
		{011FA6DC-42DF-3B2F-908F-C4804D3D569F}.release|x64.Build.0 = release|x64
		{EB7D166F-30E3-3E8E-9DC2-3B6500D0060D}.debug|x64.ActiveCfg = debug|x64
		{EB7D166F-30E3-3E8E-9DC2-3B6500D0060D}.debug|x64.Build.0 = debug|x64
		{EB7D166F-30E3-3E8E-9DC2-3B6500D0060D}.checked|x64.ActiveCfg = checked|x64
		{EB7D166F-30E3-3E8E-9DC2-3B6500D0060D}.checked|x64.Build.0 = checked|x64
		{EB7D166F-30E3-3E8E-9DC2-3B6500D0060D}.profile|x64.ActiveCfg = profile|x64
		{EB7D166F-30E3-3E8E-9DC2-3B6500D0060D}.profile|x64.Build.0 = profile|x64
		{EB7D166F-30E3-3E8E-9DC2-3B6500D0060D}.release|x64.ActiveCfg = release|x64
		{EB7D166F-30E3-3E8E-9DC2-3B6500D0060D}.release|x64.Build.0 = release|x64
		{789AD35B-D7BB-3907-AE79-20C16E47C2F5}.debug|x64.ActiveCfg = debug|x64
		{789AD35B-D7BB-3907-AE79-20C16E47C2F5}.debug|x64.Build.0 = debug|x64
		{789AD35B-D7BB-3907-AE79-20C16E47C2F5}.checked|x64.ActiveCfg = checked|x64
		{789AD35B-D7BB-3907-AE79-20C16E47C2F5}.checked|x64.Build.0 = checked|x64
		{789AD35B-D7BB-3907-AE79-20C16E47C2F5}.profile|x64.ActiveCfg = profile|x64
		{789AD35B-D7BB-3907-AE79-20C16E47C2F5}.profile|x64.Build.0 = profile|x64
		{789AD35B-D7BB-3907-AE79-20C16E47C2F5}.release|x64.ActiveCfg = release|x64
		{789AD35B-D7BB-3907-AE79-20C16E47C2F5}.release|x64.Build.0 = release|x64
		{9C57796C-5F88-3E18-BCD3-BF5AC007984F}.debug|x64.ActiveCfg = debug|x64
		{9C57796C-5F88-3E18-BCD3-BF5AC007984F}.debug|x64.Build.0 = debug|x64
		{9C57796C-5F88-3E18-BCD3-BF5AC007984F}.checked|x64.ActiveCfg = checked|x64
		{9C57796C-5F88-3E18-BCD3-BF5AC007984F}.checked|x64.Build.0 = checked|x64
		{9C57796C-5F88-3E18-BCD3-BF5AC007984F}.profile|x64.ActiveCfg = profile|x64
		{9C57796C-5F88-3E18-BCD3-BF5AC007984F}.profile|x64.Build.0 = profile|x64
		{9C57796C-5F88-3E18-BCD3-BF5AC007984F}.release|x64.ActiveCfg = release|x64
		{9C57796C-5F88-3E18-BCD3-BF5AC007984F}.release|x64.Build.0 = release|x64
		{BA520C19-A2A0-3645-AFD1-B93B64483C01}.debug|x64.ActiveCfg = debug|x64
		{BA520C19-A2A0-3645-AFD1-B93B64483C01}.debug|x64.Build.0 = debug|x64
		{BA520C19-A2A0-3645-AFD1-B93B64483C01}.checked|x64.ActiveCfg = checked|x64
		{BA520C19-A2A0-3645-AFD1-B93B64483C01}.checked|x64.Build.0 = checked|x64
		{BA520C19-A2A0-3645-AFD1-B93B64483C01}.profile|x64.ActiveCfg = profile|x64
		{BA520C19-A2A0-3645-AFD1-B93B64483C01}.profile|x64.Build.0 = profile|x64
		{BA520C19-A2A0-3645-AFD1-B93B64483C01}.release|x64.ActiveCfg = release|x64
		{BA520C19-A2A0-3645-AFD1-B93B64483C01}.release|x64.Build.0 = release|x64
		{B04444E7-504C-3172-B391-79D0E6510FE9}.debug|x64.ActiveCfg = debug|x64
		{B04444E7-504C-3172-B391-79D0E6510FE9}.debug|x64.Build.0 = debug|x64
		{B04444E7-504C-3172-B391-79D0E6510FE9}.checked|x64.ActiveCfg = checked|x64
		{B04444E7-504C-3172-B391-79D0E6510FE9}.checked|x64.Build.0 = checked|x64
		{B04444E7-504C-3172-B391-79D0E6510FE9}.profile|x64.ActiveCfg = profile|x64
		{B04444E7-504C-3172-B391-79D0E6510FE9}.profile|x64.Build.0 = profile|x64
		{B04444E7-504C-3172-B391-79D0E6510FE9}.release|x64.ActiveCfg = release|x64
		{B04444E7-504C-3172-B391-79D0E6510FE9}.release|x64.Build.0 = release|x64
		{F1F6A5CB-81AD-35E4-85DA-0340B1271D1B}.debug|x64.ActiveCfg = debug|x64
		{F1F6A5CB-81AD-35E4-85DA-0340B1271D1B}.debug|x64.Build.0 = debug|x64
		{F1F6A5CB-81AD-35E4-85DA-0340B1271D1B}.checked|x64.ActiveCfg = checked|x64
		{F1F6A5CB-81AD-35E4-85DA-0340B1271D1B}.checked|x64.Build.0 = checked|x64
		{F1F6A5CB-81AD-35E4-85DA-0340B1271D1B}.profile|x64.ActiveCfg = profile|x64
		{F1F6A5CB-81AD-35E4-85DA-0340B1271D1B}.profile|x64.Build.0 = profile|x64
		{F1F6A5CB-81AD-35E4-85DA-0340B1271D1B}.release|x64.ActiveCfg = release|x64
		{F1F6A5CB-81AD-35E4-85DA-0340B1271D1B}.release|x64.Build.0 = release|x64
		{845A47F5-ED9F-39CA-BEC0-1F14704B3206}.debug|x64.ActiveCfg = debug|x64
		{845A47F5-ED9F-39CA-BEC0-1F14704B3206}.debug|x64.Build.0 = debug|x64
		{845A47F5-ED9F-39CA-BEC0-1F14704B3206}.checked|x64.ActiveCfg = checked|x64
		{845A47F5-ED9F-39CA-BEC0-1F14704B3206}.checked|x64.Build.0 = checked|x64
		{845A47F5-ED9F-39CA-BEC0-1F14704B3206}.profile|x64.ActiveCfg = profile|x64
		{845A47F5-ED9F-39CA-BEC0-1F14704B3206}.profile|x64.Build.0 = profile|x64
		{845A47F5-ED9F-39CA-BEC0-1F14704B3206}.release|x64.ActiveCfg = release|x64
		{845A47F5-ED9F-39CA-BEC0-1F14704B3206}.release|x64.Build.0 = release|x64
		{6DFEB387-29D6-30FD-A2BD-E59C41035D08}.debug|x64.ActiveCfg = debug|x64
		{6DFEB387-29D6-30FD-A2BD-E59C41035D08}.debug|x64.Build.0 = debug|x64
		{6DFEB387-29D6-30FD-A2BD-E59C41035D08}.checked|x64.ActiveCfg = checked|x64
		{6DFEB387-29D6-30FD-A2BD-E59C41035D08}.checked|x64.Build.0 = checked|x64
		{6DFEB387-29D6-30FD-A2BD-E59C41035D08}.profile|x64.ActiveCfg = profile|x64
		{6DFEB387-29D6-30FD-A2BD-E59C41035D08}.profile|x64.Build.0 = profile|x64
		{6DFEB387-29D6-30FD-A2BD-E59C41035D08}.release|x64.ActiveCfg = release|x64
		{6DFEB387-29D6-30FD-A2BD-E59C41035D08}.release|x64.Build.0 = release|x64
		{681DDAD6-D4BB-3FCD-AE5A-F64C78DDA3A0}.debug|x64.ActiveCfg = debug|x64
		{681DDAD6-D4BB-3FCD-AE5A-F64C78DDA3A0}.debug|x64.Build.0 = debug|x64
		{681DDAD6-D4BB-3FCD-AE5A-F64C78DDA3A0}.checked|x64.ActiveCfg = checked|x64
		{681DDAD6-D4BB-3FCD-AE5A-F64C78DDA3A0}.checked|x64.Build.0 = checked|x64
		{681DDAD6-D4BB-3FCD-AE5A-F64C78DDA3A0}.profile|x64.ActiveCfg = profile|x64
		{681DDAD6-D4BB-3FCD-AE5A-F64C78DDA3A0}.profile|x64.Build.0 = profile|x64
		{681DDAD6-D4BB-3FCD-AE5A-F64C78DDA3A0}.release|x64.ActiveCfg = release|x64
		{681DDAD6-D4BB-3FCD-AE5A-F64C78DDA3A0}.release|x64.Build.0 = release|x64
		{D037A846-C51C-3A84-9C38-9403BEA91BA2}.debug|x64.ActiveCfg = debug|x64
		{D037A846-C51C-3A84-9C38-9403BEA91BA2}.debug|x64.Build.0 = debug|x64
		{D037A846-C51C-3A84-9C38-9403BEA91BA2}.checked|x64.ActiveCfg = checked|x64
		{D037A846-C51C-3A84-9C38-9403BEA91BA2}.checked|x64.Build.0 = checked|x64
		{D037A846-C51C-3A84-9C38-9403BEA91BA2}.profile|x64.ActiveCfg = profile|x64
		{D037A846-C51C-3A84-9C38-9403BEA91BA2}.profile|x64.Build.0 = profile|x64
		{D037A846-C51C-3A84-9C38-9403BEA91BA2}.release|x64.ActiveCfg = release|x64
		{D037A846-C51C-3A84-9C38-9403BEA91BA2}.release|x64.Build.0 = release|x64
		{9DB2D819-BD13-39D5-9831-1AAB920FA94F}.debug|x64.ActiveCfg = debug|x64
		{9DB2D819-BD13-39D5-9831-1AAB920FA94F}.debug|x64.Build.0 = debug|x64
		{9DB2D819-BD13-39D5-9831-1AAB920FA94F}.checked|x64.ActiveCfg = checked|x64
		{9DB2D819-BD13-39D5-9831-1AAB920FA94F}.checked|x64.Build.0 = checked|x64
		{9DB2D819-BD13-39D5-9831-1AAB920FA94F}.profile|x64.ActiveCfg = profile|x64
		{9DB2D819-BD13-39D5-9831-1AAB920FA94F}.profile|x64.Build.0 = profile|x64
		{9DB2D819-BD13-39D5-9831-1AAB920FA94F}.release|x64.ActiveCfg = release|x64
		{9DB2D819-BD13-39D5-9831-1AAB920FA94F}.release|x64.Build.0 = release|x64
		{223A5FC7-4B10-3CC5-AA47-911035184A19}.debug|x64.ActiveCfg = debug|x64
		{223A5FC7-4B10-3CC5-AA47-911035184A19}.debug|x64.Build.0 = debug|x64
		{223A5FC7-4B10-3CC5-AA47-911035184A19}.checked|x64.ActiveCfg = checked|x64
		{223A5FC7-4B10-3CC5-AA47-911035184A19}.checked|x64.Build.0 = checked|x64
		{223A5FC7-4B10-3CC5-AA47-911035184A19}.profile|x64.ActiveCfg = profile|x64
		{223A5FC7-4B10-3CC5-AA47-911035184A19}.profile|x64.Build.0 = profile|x64
		{223A5FC7-4B10-3CC5-AA47-911035184A19}.release|x64.ActiveCfg = release|x64
		{223A5FC7-4B10-3CC5-AA47-911035184A19}.release|x64.Build.0 = release|x64
		{BC8AC654-5D7D-3B83-94BD-787E32DC791D}.debug|x64.ActiveCfg = debug|x64
		{BC8AC654-5D7D-3B83-94BD-787E32DC791D}.debug|x64.Build.0 = debug|x64
		{BC8AC654-5D7D-3B83-94BD-787E32DC791D}.checked|x64.ActiveCfg = checked|x64
		{BC8AC654-5D7D-3B83-94BD-787E32DC791D}.checked|x64.Build.0 = checked|x64
		{BC8AC654-5D7D-3B83-94BD-787E32DC791D}.profile|x64.ActiveCfg = profile|x64
		{BC8AC654-5D7D-3B83-94BD-787E32DC791D}.profile|x64.Build.0 = profile|x64
		{BC8AC654-5D7D-3B83-94BD-787E32DC791D}.release|x64.ActiveCfg = release|x64
		{BC8AC654-5D7D-3B83-94BD-787E32DC791D}.release|x64.Build.0 = release|x64
		{3518BC49-B8D5-300B-ACC0-65F2F307852C}.debug|x64.ActiveCfg = debug|x64
		{3518BC49-B8D5-300B-ACC0-65F2F307852C}.debug|x64.Build.0 = debug|x64
		{3518BC49-B8D5-300B-ACC0-65F2F307852C}.checked|x64.ActiveCfg = checked|x64
		{3518BC49-B8D5-300B-ACC0-65F2F307852C}.checked|x64.Build.0 = checked|x64
		{3518BC49-B8D5-300B-ACC0-65F2F307852C}.profile|x64.ActiveCfg = profile|x64
		{3518BC49-B8D5-300B-ACC0-65F2F307852C}.profile|x64.Build.0 = profile|x64
		{3518BC49-B8D5-300B-ACC0-65F2F307852C}.release|x64.ActiveCfg = release|x64
		{3518BC49-B8D5-300B-ACC0-65F2F307852C}.release|x64.Build.0 = release|x64
		{9DC9BDF8-F0F0-31EC-8BAF-1B3F2AD22AB3}.debug|x64.ActiveCfg = debug|x64
		{9DC9BDF8-F0F0-31EC-8BAF-1B3F2AD22AB3}.debug|x64.Build.0 = debug|x64
		{9DC9BDF8-F0F0-31EC-8BAF-1B3F2AD22AB3}.checked|x64.ActiveCfg = checked|x64
		{9DC9BDF8-F0F0-31EC-8BAF-1B3F2AD22AB3}.checked|x64.Build.0 = checked|x64
		{9DC9BDF8-F0F0-31EC-8BAF-1B3F2AD22AB3}.profile|x64.ActiveCfg = profile|x64
		{9DC9BDF8-F0F0-31EC-8BAF-1B3F2AD22AB3}.profile|x64.Build.0 = profile|x64
		{9DC9BDF8-F0F0-31EC-8BAF-1B3F2AD22AB3}.release|x64.ActiveCfg = release|x64
		{9DC9BDF8-F0F0-31EC-8BAF-1B3F2AD22AB3}.release|x64.Build.0 = release|x64
		{9403BEB3-CA1A-32D7-B6B9-D42DD45D78D0}.debug|x64.ActiveCfg = debug|x64
		{9403BEB3-CA1A-32D7-B6B9-D42DD45D78D0}.debug|x64.Build.0 = debug|x64
		{9403BEB3-CA1A-32D7-B6B9-D42DD45D78D0}.checked|x64.ActiveCfg = checked|x64
		{9403BEB3-CA1A-32D7-B6B9-D42DD45D78D0}.checked|x64.Build.0 = checked|x64
		{9403BEB3-CA1A-32D7-B6B9-D42DD45D78D0}.profile|x64.ActiveCfg = profile|x64
		{9403BEB3-CA1A-32D7-B6B9-D42DD45D78D0}.profile|x64.Build.0 = profile|x64
		{9403BEB3-CA1A-32D7-B6B9-D42DD45D78D0}.release|x64.ActiveCfg = release|x64
		{9403BEB3-CA1A-32D7-B6B9-D42DD45D78D0}.release|x64.Build.0 = release|x64
		{2BD82709-D4B5-341D-BF54-1B5D96840CB3}.debug|x64.ActiveCfg = debug|x64
		{2BD82709-D4B5-341D-BF54-1B5D96840CB3}.debug|x64.Build.0 = debug|x64
		{2BD82709-D4B5-341D-BF54-1B5D96840CB3}.checked|x64.ActiveCfg = checked|x64
		{2BD82709-D4B5-341D-BF54-1B5D96840CB3}.checked|x64.Build.0 = checked|x64
		{2BD82709-D4B5-341D-BF54-1B5D96840CB3}.profile|x64.ActiveCfg = profile|x64
		{2BD82709-D4B5-341D-BF54-1B5D96840CB3}.profile|x64.Build.0 = profile|x64
		{2BD82709-D4B5-341D-BF54-1B5D96840CB3}.release|x64.ActiveCfg = release|x64
		{2BD82709-D4B5-341D-BF54-1B5D96840CB3}.release|x64.Build.0 = release|x64
		{CA95392E-63A3-3E47-8FCB-3280D8CEAEBC}.debug|x64.ActiveCfg = debug|x64
		{CA95392E-63A3-3E47-8FCB-3280D8CEAEBC}.debug|x64.Build.0 = debug|x64
		{CA95392E-63A3-3E47-8FCB-3280D8CEAEBC}.checked|x64.ActiveCfg = checked|x64
		{CA95392E-63A3-3E47-8FCB-3280D8CEAEBC}.checked|x64.Build.0 = checked|x64
		{CA95392E-63A3-3E47-8FCB-3280D8CEAEBC}.profile|x64.ActiveCfg = profile|x64
		{CA95392E-63A3-3E47-8FCB-3280D8CEAEBC}.profile|x64.Build.0 = profile|x64
		{CA95392E-63A3-3E47-8FCB-3280D8CEAEBC}.release|x64.ActiveCfg = release|x64
		{CA95392E-63A3-3E47-8FCB-3280D8CEAEBC}.release|x64.Build.0 = release|x64
		{B26470F1-5716-3E56-8075-95099BAD7AFC}.debug|x64.ActiveCfg = debug|x64
		{B26470F1-5716-3E56-8075-95099BAD7AFC}.debug|x64.Build.0 = debug|x64
		{B26470F1-5716-3E56-8075-95099BAD7AFC}.checked|x64.ActiveCfg = checked|x64
		{B26470F1-5716-3E56-8075-95099BAD7AFC}.checked|x64.Build.0 = checked|x64
		{B26470F1-5716-3E56-8075-95099BAD7AFC}.profile|x64.ActiveCfg = profile|x64
		{B26470F1-5716-3E56-8075-95099BAD7AFC}.profile|x64.Build.0 = profile|x64
		{B26470F1-5716-3E56-8075-95099BAD7AFC}.release|x64.ActiveCfg = release|x64
		{B26470F1-5716-3E56-8075-95099BAD7AFC}.release|x64.Build.0 = release|x64
		{737D8F93-4F9A-31A8-A6CD-48ABA9A01531}.debug|x64.ActiveCfg = debug|x64
		{737D8F93-4F9A-31A8-A6CD-48ABA9A01531}.debug|x64.Build.0 = debug|x64
		{737D8F93-4F9A-31A8-A6CD-48ABA9A01531}.checked|x64.ActiveCfg = checked|x64
		{737D8F93-4F9A-31A8-A6CD-48ABA9A01531}.checked|x64.Build.0 = checked|x64
		{737D8F93-4F9A-31A8-A6CD-48ABA9A01531}.profile|x64.ActiveCfg = profile|x64
		{737D8F93-4F9A-31A8-A6CD-48ABA9A01531}.profile|x64.Build.0 = profile|x64
		{737D8F93-4F9A-31A8-A6CD-48ABA9A01531}.release|x64.ActiveCfg = release|x64
		{737D8F93-4F9A-31A8-A6CD-48ABA9A01531}.release|x64.Build.0 = release|x64
		{B7AF408B-3233-3C07-BA10-A4C2DA5D7425}.debug|x64.ActiveCfg = debug|x64
		{B7AF408B-3233-3C07-BA10-A4C2DA5D7425}.debug|x64.Build.0 = debug|x64
		{B7AF408B-3233-3C07-BA10-A4C2DA5D7425}.checked|x64.ActiveCfg = checked|x64
		{B7AF408B-3233-3C07-BA10-A4C2DA5D7425}.checked|x64.Build.0 = checked|x64
		{B7AF408B-3233-3C07-BA10-A4C2DA5D7425}.profile|x64.ActiveCfg = profile|x64
		{B7AF408B-3233-3C07-BA10-A4C2DA5D7425}.profile|x64.Build.0 = profile|x64
		{B7AF408B-3233-3C07-BA10-A4C2DA5D7425}.release|x64.ActiveCfg = release|x64
		{B7AF408B-3233-3C07-BA10-A4C2DA5D7425}.release|x64.Build.0 = release|x64
		{3727D262-2EAB-3F6D-B6B1-7729077F21C1}.debug|x64.ActiveCfg = debug|x64
		{3727D262-2EAB-3F6D-B6B1-7729077F21C1}.debug|x64.Build.0 = debug|x64
		{3727D262-2EAB-3F6D-B6B1-7729077F21C1}.checked|x64.ActiveCfg = checked|x64
		{3727D262-2EAB-3F6D-B6B1-7729077F21C1}.checked|x64.Build.0 = checked|x64
		{3727D262-2EAB-3F6D-B6B1-7729077F21C1}.profile|x64.ActiveCfg = profile|x64
		{3727D262-2EAB-3F6D-B6B1-7729077F21C1}.profile|x64.Build.0 = profile|x64
		{3727D262-2EAB-3F6D-B6B1-7729077F21C1}.release|x64.ActiveCfg = release|x64
		{3727D262-2EAB-3F6D-B6B1-7729077F21C1}.release|x64.Build.0 = release|x64
		{E00532A0-0596-331B-BCBA-660BBE889E45}.debug|x64.ActiveCfg = debug|x64
		{E00532A0-0596-331B-BCBA-660BBE889E45}.debug|x64.Build.0 = debug|x64
		{E00532A0-0596-331B-BCBA-660BBE889E45}.checked|x64.ActiveCfg = checked|x64
		{E00532A0-0596-331B-BCBA-660BBE889E45}.checked|x64.Build.0 = checked|x64
		{E00532A0-0596-331B-BCBA-660BBE889E45}.profile|x64.ActiveCfg = profile|x64
		{E00532A0-0596-331B-BCBA-660BBE889E45}.profile|x64.Build.0 = profile|x64
		{E00532A0-0596-331B-BCBA-660BBE889E45}.release|x64.ActiveCfg = release|x64
		{E00532A0-0596-331B-BCBA-660BBE889E45}.release|x64.Build.0 = release|x64
	EndGlobalSection
	GlobalSection(NestedProjects) = preSolution
		{19572D19-0449-3B70-B1B6-C5FCBABE1D35} = {07E56899-DA05-32DB-A51C-69DADFA293E0}
		{21D083B5-CABB-3777-B2E4-530DFE44FF79} = {07E56899-DA05-32DB-A51C-69DADFA293E0}
		{E00532A0-0596-331B-BCBA-660BBE889E45} = {07E56899-DA05-32DB-A51C-69DADFA293E0}
		{A57C15E6-AE54-3112-AEB8-A3A9253B64EB} = {527A92E4-F158-3BEE-9EE5-C3E7446BF3FD}
		{C0DD2788-E064-3D4B-AE54-8BEC641C3FDF} = {527A92E4-F158-3BEE-9EE5-C3E7446BF3FD}
		{AA177961-7A62-3520-BF35-522549EB9B6C} = {527A92E4-F158-3BEE-9EE5-C3E7446BF3FD}
		{142403A4-2038-3472-A917-0EBD3FF309A8} = {527A92E4-F158-3BEE-9EE5-C3E7446BF3FD}
		{46E1AFD4-87A6-3996-A7FE-CF8BA8478E0B} = {527A92E4-F158-3BEE-9EE5-C3E7446BF3FD}
		{233F6DA4-EECB-37B0-9C8E-FA82CFEE3495} = {527A92E4-F158-3BEE-9EE5-C3E7446BF3FD}
		{8B8B3DAA-6A07-3AB7-A57B-31641AFE9D2C} = {527A92E4-F158-3BEE-9EE5-C3E7446BF3FD}
		{89414508-4A83-3986-B2FA-17B868FC47BE} = {527A92E4-F158-3BEE-9EE5-C3E7446BF3FD}
		{67F4D21B-D52A-3E5E-9899-7FA8CE1C5481} = {527A92E4-F158-3BEE-9EE5-C3E7446BF3FD}
		{DD627DC8-3786-32DD-A10E-A335BE364017} = {527A92E4-F158-3BEE-9EE5-C3E7446BF3FD}
		{00FDBEFC-CC0D-37A9-B5BA-AB8FE88804E6} = {527A92E4-F158-3BEE-9EE5-C3E7446BF3FD}
		{ECF7CF8D-DA05-302C-8035-B6566C15711F} = {527A92E4-F158-3BEE-9EE5-C3E7446BF3FD}
		{CC6CAB8E-7CBB-38D9-99EE-DC9C6036F45F} = {527A92E4-F158-3BEE-9EE5-C3E7446BF3FD}
		{B52914E2-6E13-3684-B87D-8ED3C43EFC18} = {527A92E4-F158-3BEE-9EE5-C3E7446BF3FD}
		{5BA64B90-C43E-3067-8334-29B7E1E25AF3} = {527A92E4-F158-3BEE-9EE5-C3E7446BF3FD}
		{BCE136FD-7B14-318E-8115-FEB4C93C5723} = {47321753-A6F0-3273-AE7A-217AF7850EEF}
		{83B01CAE-16E6-3893-8331-97DFD824AC1C} = {47321753-A6F0-3273-AE7A-217AF7850EEF}
		{B036C542-AA74-3369-B2B2-7549CE9A0A42} = {47321753-A6F0-3273-AE7A-217AF7850EEF}
		{6DE25C75-B789-39AA-8093-E1199E69F74D} = {47321753-A6F0-3273-AE7A-217AF7850EEF}
		{8B9B4211-C044-32D8-86CD-001EB939CCE1} = {47321753-A6F0-3273-AE7A-217AF7850EEF}
		{1C11AEF1-1DFC-33BD-B1BB-79503B04801E} = {47321753-A6F0-3273-AE7A-217AF7850EEF}
		{CDEAE7EF-57B7-39C6-BB74-FD04E7060FD3} = {EDF406EA-4C64-3554-9941-8FF02CF9A443}
		{C6817DA4-5CA4-3B68-8765-834B2482EEAE} = {EDF406EA-4C64-3554-9941-8FF02CF9A443}
		{F060BC15-E8EE-372F-9FA2-2C5C420A1322} = {EDF406EA-4C64-3554-9941-8FF02CF9A443}
		{8D678801-2112-3B2E-ABCA-C41710480297} = {EDF406EA-4C64-3554-9941-8FF02CF9A443}
		{54D492A8-05B2-38FA-A7FE-D7C09990CC57} = {EDF406EA-4C64-3554-9941-8FF02CF9A443}
		{19510253-4D31-3FE2-8136-BDCBBFFB4F64} = {EDF406EA-4C64-3554-9941-8FF02CF9A443}
		{07D8040F-DE16-3B9F-A43D-3F32D079BB1E} = {EDF406EA-4C64-3554-9941-8FF02CF9A443}
		{C933E0BD-48D2-303B-9674-1B817D05B120} = {EDF406EA-4C64-3554-9941-8FF02CF9A443}
		{F4669A12-1AE9-367E-A3C4-AE21C206EA2C} = {EDF406EA-4C64-3554-9941-8FF02CF9A443}
		{C5CF4C1F-54C0-3C36-AE84-C1C0FB0AF457} = {EDF406EA-4C64-3554-9941-8FF02CF9A443}
		{5684DB87-BF4A-354B-9B9D-17AC6F70C5DF} = {EDF406EA-4C64-3554-9941-8FF02CF9A443}
		{808392B0-7708-3E2C-9D2B-C1324F2043C2} = {EDF406EA-4C64-3554-9941-8FF02CF9A443}
		{6FCC49E0-8AF3-3A80-88E7-B1E10C93BC3E} = {EDF406EA-4C64-3554-9941-8FF02CF9A443}
		{011FA6DC-42DF-3B2F-908F-C4804D3D569F} = {EDF406EA-4C64-3554-9941-8FF02CF9A443}
		{EB7D166F-30E3-3E8E-9DC2-3B6500D0060D} = {EDF406EA-4C64-3554-9941-8FF02CF9A443}
		{789AD35B-D7BB-3907-AE79-20C16E47C2F5} = {EDF406EA-4C64-3554-9941-8FF02CF9A443}
		{9C57796C-5F88-3E18-BCD3-BF5AC007984F} = {EDF406EA-4C64-3554-9941-8FF02CF9A443}
		{BA520C19-A2A0-3645-AFD1-B93B64483C01} = {EDF406EA-4C64-3554-9941-8FF02CF9A443}
		{B04444E7-504C-3172-B391-79D0E6510FE9} = {EDF406EA-4C64-3554-9941-8FF02CF9A443}
		{F1F6A5CB-81AD-35E4-85DA-0340B1271D1B} = {EDF406EA-4C64-3554-9941-8FF02CF9A443}
		{845A47F5-ED9F-39CA-BEC0-1F14704B3206} = {EDF406EA-4C64-3554-9941-8FF02CF9A443}
		{6DFEB387-29D6-30FD-A2BD-E59C41035D08} = {EDF406EA-4C64-3554-9941-8FF02CF9A443}
		{681DDAD6-D4BB-3FCD-AE5A-F64C78DDA3A0} = {EDF406EA-4C64-3554-9941-8FF02CF9A443}
		{D037A846-C51C-3A84-9C38-9403BEA91BA2} = {EDF406EA-4C64-3554-9941-8FF02CF9A443}
		{9DB2D819-BD13-39D5-9831-1AAB920FA94F} = {EDF406EA-4C64-3554-9941-8FF02CF9A443}
		{223A5FC7-4B10-3CC5-AA47-911035184A19} = {EDF406EA-4C64-3554-9941-8FF02CF9A443}
		{BC8AC654-5D7D-3B83-94BD-787E32DC791D} = {EDF406EA-4C64-3554-9941-8FF02CF9A443}
		{3518BC49-B8D5-300B-ACC0-65F2F307852C} = {EDF406EA-4C64-3554-9941-8FF02CF9A443}
		{9DC9BDF8-F0F0-31EC-8BAF-1B3F2AD22AB3} = {EDF406EA-4C64-3554-9941-8FF02CF9A443}
		{9403BEB3-CA1A-32D7-B6B9-D42DD45D78D0} = {EDF406EA-4C64-3554-9941-8FF02CF9A443}
		{2BD82709-D4B5-341D-BF54-1B5D96840CB3} = {EDF406EA-4C64-3554-9941-8FF02CF9A443}
		{CA95392E-63A3-3E47-8FCB-3280D8CEAEBC} = {EDF406EA-4C64-3554-9941-8FF02CF9A443}
		{B26470F1-5716-3E56-8075-95099BAD7AFC} = {EDF406EA-4C64-3554-9941-8FF02CF9A443}
		{737D8F93-4F9A-31A8-A6CD-48ABA9A01531} = {EDF406EA-4C64-3554-9941-8FF02CF9A443}
		{B7AF408B-3233-3C07-BA10-A4C2DA5D7425} = {EDF406EA-4C64-3554-9941-8FF02CF9A443}
		{3727D262-2EAB-3F6D-B6B1-7729077F21C1} = {EDF406EA-4C64-3554-9941-8FF02CF9A443}
	EndGlobalSection
	GlobalSection(ExtensibilityGlobals) = postSolution
		SolutionGuid = {676EE768-C14C-315D-AE6D-D6A723165596}
	EndGlobalSection
	GlobalSection(ExtensibilityAddIns) = postSolution
	EndGlobalSection
EndGlobal
